// !$*UTF8*$!
{
	archiveVersion = 1;
	classes = {
	};
	objectVersion = 46;
	objects = {

/* Begin PBXBuildFile section */
		73BC600E8C599F6D11BBD183 /* HTLCategoryDto.m in Sources */ = {isa = PBXBuildFile; fileRef = 73BC660F9035AF2D12D68B11 /* HTLCategoryDto.m */; };
		73BC60236E896700700C3BC2 /* HTLSettingsViewController.m in Sources */ = {isa = PBXBuildFile; fileRef = 73BC6C17B16DCFE4EB8D8E9B /* HTLSettingsViewController.m */; };
		73BC608CFC87E07E53395310 /* HTLCreateReportModelController.m in Sources */ = {isa = PBXBuildFile; fileRef = 73BC6425411DDD1F0A1445C9 /* HTLCreateReportModelController.m */; };
		73BC60E4095C74AD7CDC81DB /* DTFolderMonitor.m in Sources */ = {isa = PBXBuildFile; fileRef = 73BC6C4782FCAEADF81D13DD /* DTFolderMonitor.m */; };
		73BC60FF350DA6FB5058B617 /* settings@2x.png in Resources */ = {isa = PBXBuildFile; fileRef = 73BC630CA89C8EA0DA7989F9 /* settings@2x.png */; };
		73BC610CA9365423EC183AE7 /* HTETodayModelController.m in Sources */ = {isa = PBXBuildFile; fileRef = 73BC6C705D0378287850972F /* HTETodayModelController.m */; };
		73BC611D0DB73478A87E6CAE /* DTFolderMonitor.m in Sources */ = {isa = PBXBuildFile; fileRef = 73BC6C4782FCAEADF81D13DD /* DTFolderMonitor.m */; };
		73BC61BD69EB03905CCE8123 /* HTLReportExtendedCell.m in Sources */ = {isa = PBXBuildFile; fileRef = 73BC6740217DF8F9176D9ED6 /* HTLReportExtendedCell.m */; };
		73BC62568DE7117F7D84C604 /* HTLActionDto.m in Sources */ = {isa = PBXBuildFile; fileRef = 73BC648635BCE062AF18E634 /* HTLActionDto.m */; };
		73BC62DBB0557CEF66331263 /* HTLReportDto+Helpers.m in Sources */ = {isa = PBXBuildFile; fileRef = 73BC6F771B4A63AA8FABCDF5 /* HTLReportDto+Helpers.m */; };
		73BC63022AB41A7CE146CCB3 /* Main.storyboard in Resources */ = {isa = PBXBuildFile; fileRef = 73BC620DB204BDC3A7627D79 /* Main.storyboard */; };
		73BC6317F1599C93F53C4D85 /* HTLBackgroundView.m in Sources */ = {isa = PBXBuildFile; fileRef = 73BC6D967324C199FDFA09FC /* HTLBackgroundView.m */; };
		73BC6363D79F5329D21C0063 /* DateSectionHeader.xib in Resources */ = {isa = PBXBuildFile; fileRef = 73BC68F69DE8332449FB842E /* DateSectionHeader.xib */; };
		73BC6395EE67ED552AC6108B /* Main.strings in Resources */ = {isa = PBXBuildFile; fileRef = 73BC6E9C0BA0C35959FD22A8 /* Main.strings */; };
		73BC63A745D1B957781BC3C0 /* NSDate+HTLComponents.m in Sources */ = {isa = PBXBuildFile; fileRef = 73BC6F6EE1E455D98426F705 /* NSDate+HTLComponents.m */; };
		73BC63E583DA471B2D26C36E /* HTLReportDto.m in Sources */ = {isa = PBXBuildFile; fileRef = 73BC6A41E76EE6DBA2B7B791 /* HTLReportDto.m */; };
		73BC640FFB16D604D0C20ED9 /* Localizable.strings in Resources */ = {isa = PBXBuildFile; fileRef = 73BC6A1A390AD51F5BC5D746 /* Localizable.strings */; };
		73BC64110F95C9A23E0CA83F /* LaunchScreen.strings in Resources */ = {isa = PBXBuildFile; fileRef = 73BC605DD4953A52F582A296 /* LaunchScreen.strings */; };
		73BC6436C539FA93E8CB0BFF /* HTLCompletion.m in Sources */ = {isa = PBXBuildFile; fileRef = 73BC612AAFD0BFC06B406EC4 /* HTLCompletion.m */; };
		73BC6455DC8F4C1A22455C36 /* DTFolderMonitor.m in Sources */ = {isa = PBXBuildFile; fileRef = 73BC6C4782FCAEADF81D13DD /* DTFolderMonitor.m */; };
		73BC645A34E659AF3FBE8EC7 /* HTLWordCell.m in Sources */ = {isa = PBXBuildFile; fileRef = 73BC6EB611E782AE9094D02F /* HTLWordCell.m */; };
		73BC64778F497D4CB516A097 /* Images.xcassets in Resources */ = {isa = PBXBuildFile; fileRef = 73BC627581AD6E6F6CB7EFDD /* Images.xcassets */; };
		73BC651928FC2C006FFD9AD2 /* HTLReportExtendedDto+Helpers.m in Sources */ = {isa = PBXBuildFile; fileRef = 73BC6204171F3BFE6B043867 /* HTLReportExtendedDto+Helpers.m */; };
		73BC65EBF2E0EFBE18CE5FAA /* HTLReportExtendedDto.m in Sources */ = {isa = PBXBuildFile; fileRef = 73BC666118C4F574F66F741D /* HTLReportExtendedDto.m */; };
		73BC663B16F6B52EE9662BF9 /* HTLReportDto.m in Sources */ = {isa = PBXBuildFile; fileRef = 73BC6A41E76EE6DBA2B7B791 /* HTLReportDto.m */; };
		73BC663F4406329510726033 /* HTLSqliteStorageProvider.m in Sources */ = {isa = PBXBuildFile; fileRef = 73BC686334D59793FEFA2E86 /* HTLSqliteStorageProvider.m */; };
		73BC66B33FC30A2150CFFE70 /* HTLCategoryCell.m in Sources */ = {isa = PBXBuildFile; fileRef = 73BC6B4A528332B37063630F /* HTLCategoryCell.m */; };
		73BC66E062885277EA135AC0 /* NotificationCenter.framework in Frameworks */ = {isa = PBXBuildFile; fileRef = 73BC6FB0EFED7B84F71E676E /* NotificationCenter.framework */; };
		73BC66FBEB3FEDA6D59A4EEB /* HTLSqliteStorageProvider.m in Sources */ = {isa = PBXBuildFile; fileRef = 73BC686334D59793FEFA2E86 /* HTLSqliteStorageProvider.m */; };
		73BC6704067D5345E83FDC09 /* HTLCSVStringExportProvider.m in Sources */ = {isa = PBXBuildFile; fileRef = 73BC6D433B6382A3AB81F685 /* HTLCSVStringExportProvider.m */; };
		73BC672EEAEB84BB7349E9E8 /* main.m in Sources */ = {isa = PBXBuildFile; fileRef = 73BC647ECF4F709F21DDA8A7 /* main.m */; };
		73BC6767D4B2E99B023FA3B9 /* HTLAddButton.m in Sources */ = {isa = PBXBuildFile; fileRef = 73BC6DF7A1C3E3B2287D4A9D /* HTLAddButton.m */; };
		73BC679BF2C1A1A36939932B /* NSDate+HTLComponents.m in Sources */ = {isa = PBXBuildFile; fileRef = 73BC6F6EE1E455D98426F705 /* NSDate+HTLComponents.m */; };
		73BC67A4E0C0CA36BB035D6C /* HTLDateSectionDto.m in Sources */ = {isa = PBXBuildFile; fileRef = 73BC66709A1F2D03B601899D /* HTLDateSectionDto.m */; };
		73BC68033AF8061D639DCFC0 /* HTETodayViewController.m in Sources */ = {isa = PBXBuildFile; fileRef = 73BC6B8E25A8D300C95D3491 /* HTETodayViewController.m */; };
		73BC6830F8EC45272193B38C /* HTLReportListViewController.m in Sources */ = {isa = PBXBuildFile; fileRef = 73BC613ADF5FC2ADA0DC228C /* HTLReportListViewController.m */; };
		73BC684E460841E33AD4D707 /* HTLCSVStringExportProvider.m in Sources */ = {isa = PBXBuildFile; fileRef = 73BC6D433B6382A3AB81F685 /* HTLCSVStringExportProvider.m */; };
		73BC685D68F5E546D092A9B8 /* HTLDateSectionHeader.m in Sources */ = {isa = PBXBuildFile; fileRef = 73BC6F55FA054488E84461F8 /* HTLDateSectionHeader.m */; };
		73BC688E05940C6C7A19AEFE /* HTLCategoryDto.m in Sources */ = {isa = PBXBuildFile; fileRef = 73BC660F9035AF2D12D68B11 /* HTLCategoryDto.m */; };
		73BC68D75AF9520DFA1BB170 /* HTLReportDto+Helpers.m in Sources */ = {isa = PBXBuildFile; fileRef = 73BC6F771B4A63AA8FABCDF5 /* HTLReportDto+Helpers.m */; };
		73BC6919D98B939D1BBDAF28 /* HTLReportDto+Helpers.m in Sources */ = {isa = PBXBuildFile; fileRef = 73BC6F771B4A63AA8FABCDF5 /* HTLReportDto+Helpers.m */; };
		73BC6A05148AF26290542AC6 /* HTLReportDto.m in Sources */ = {isa = PBXBuildFile; fileRef = 73BC6A41E76EE6DBA2B7B791 /* HTLReportDto.m */; };
		73BC6A05F89D3165F4D8B7BA /* add.png in Resources */ = {isa = PBXBuildFile; fileRef = 73BC67F403027285317256C7 /* add.png */; };
		73BC6A2B52E6295CE27B3C2B /* HTLReportExtendedDto.m in Sources */ = {isa = PBXBuildFile; fileRef = 73BC666118C4F574F66F741D /* HTLReportExtendedDto.m */; };
		73BC6A4EFA4C85431EFA8CE4 /* HTLAppDelegate.m in Sources */ = {isa = PBXBuildFile; fileRef = 73BC694BAA6A9D2648C517D6 /* HTLAppDelegate.m */; };
		73BC6AEDC24B3643325E6F75 /* HTLCategoryDto.m in Sources */ = {isa = PBXBuildFile; fileRef = 73BC660F9035AF2D12D68B11 /* HTLCategoryDto.m */; };
		73BC6B1241A935A5E92F176D /* HTLStatisticsViewController.m in Sources */ = {isa = PBXBuildFile; fileRef = 73BC67AE1A8D26F4C45A5595 /* HTLStatisticsViewController.m */; };
		73BC6B1E338548FE30A4AFAD /* HTLActionDto.m in Sources */ = {isa = PBXBuildFile; fileRef = 73BC648635BCE062AF18E634 /* HTLActionDto.m */; };
		73BC6B9AD1668565075E5DF0 /* Pods_TodayExtension.framework in Frameworks */ = {isa = PBXBuildFile; fileRef = 73BC622E9691559B4565139E /* Pods_TodayExtension.framework */; settings = {ATTRIBUTES = (Weak, ); }; };
		73BC6BBDB05B2D670300F209 /* HTLReportExtendedDto.m in Sources */ = {isa = PBXBuildFile; fileRef = 73BC666118C4F574F66F741D /* HTLReportExtendedDto.m */; };
		73BC6BCFC083BDB023D12F96 /* HTLDateSectionDto.m in Sources */ = {isa = PBXBuildFile; fileRef = 73BC66709A1F2D03B601899D /* HTLDateSectionDto.m */; };
		73BC6BDA88B49F3A01470B76 /* HTLCompletionCollectionViewCell.m in Sources */ = {isa = PBXBuildFile; fileRef = 73BC699EDAA8359E310393BD /* HTLCompletionCollectionViewCell.m */; };
		73BC6BF4CEB14B9FDFD57BAE /* HTLCompletion.m in Sources */ = {isa = PBXBuildFile; fileRef = 73BC612AAFD0BFC06B406EC4 /* HTLCompletion.m */; };
		73BC6C31367AB81A42B0C753 /* HTLReportExtendedDto+Helpers.m in Sources */ = {isa = PBXBuildFile; fileRef = 73BC6204171F3BFE6B043867 /* HTLReportExtendedDto+Helpers.m */; };
		73BC6C3879C2267F06376B2E /* HTLDateSectionDto.m in Sources */ = {isa = PBXBuildFile; fileRef = 73BC66709A1F2D03B601899D /* HTLDateSectionDto.m */; };
		73BC6C3939C8BDC1402436BC /* HTLCompletionTableViewCell.m in Sources */ = {isa = PBXBuildFile; fileRef = 73BC67D8F46D19ABB63B34F3 /* HTLCompletionTableViewCell.m */; };
		73BC6C6045A93032F36ED35A /* HTLContentManager.m in Sources */ = {isa = PBXBuildFile; fileRef = 73BC6F1E0AC02A596C78B942 /* HTLContentManager.m */; };
		73BC6C89241096961A16279B /* HTLCreateReportModelController.m in Sources */ = {isa = PBXBuildFile; fileRef = 73BC6425411DDD1F0A1445C9 /* HTLCreateReportModelController.m */; };
		73BC6CA531879E57486C7EC8 /* settings.png in Resources */ = {isa = PBXBuildFile; fileRef = 73BC6D57C51BD2927E699D64 /* settings.png */; };
		73BC6CCA26FA978C27D3B60B /* clock_transparent.png in Resources */ = {isa = PBXBuildFile; fileRef = 73BC6F4050011123703660B3 /* clock_transparent.png */; };
		73BC6CD8DE646EEA1291E698 /* HTLNavigationBar.m in Sources */ = {isa = PBXBuildFile; fileRef = 73BC631059F7C5989E7EEF6D /* HTLNavigationBar.m */; };
		73BC6D0BCBFFC6D7B897C999 /* HTLContentManager.m in Sources */ = {isa = PBXBuildFile; fileRef = 73BC6F1E0AC02A596C78B942 /* HTLContentManager.m */; };
		73BC6DB0FAD0E35F98349C2A /* settings@3x.png in Resources */ = {isa = PBXBuildFile; fileRef = 73BC6C887F8E4ADF49D6C820 /* settings@3x.png */; };
		73BC6DF20D5739F30E21A963 /* LaunchScreen.xib in Resources */ = {isa = PBXBuildFile; fileRef = 73BC6E9C8FD5CB23EB0EE25C /* LaunchScreen.xib */; };
		73BC6E37E01E454ABCF88F75 /* HTLActionDto.m in Sources */ = {isa = PBXBuildFile; fileRef = 73BC648635BCE062AF18E634 /* HTLActionDto.m */; };
		73BC6E5835E32AB771D40421 /* HTLReportExtendedDto+Helpers.m in Sources */ = {isa = PBXBuildFile; fileRef = 73BC6204171F3BFE6B043867 /* HTLReportExtendedDto+Helpers.m */; };
		73BC6EB6EE606785D69E11BF /* MainInterface.storyboard in Resources */ = {isa = PBXBuildFile; fileRef = 73BC6641825542B858B9CDD1 /* MainInterface.storyboard */; };
		73BC6F0D931166EADD7E2E4F /* Pods_HyperTimeLogger.framework in Frameworks */ = {isa = PBXBuildFile; fileRef = 73BC64D990F65D9E25A88C68 /* Pods_HyperTimeLogger.framework */; settings = {ATTRIBUTES = (Weak, ); }; };
		73BC6F18A75E4DEDD5D7AF2F /* HTLSettingsModelController.m in Sources */ = {isa = PBXBuildFile; fileRef = 73BC667BC2DFBA40FAFB8423 /* HTLSettingsModelController.m */; };
		73BC6F252D0DD2B6A39BE51B /* HTLCircleButton.m in Sources */ = {isa = PBXBuildFile; fileRef = 73BC605E6F8FE5715BE58C4C /* HTLCircleButton.m */; };
		73BC6F3003DA9E160C89D992 /* HTLCircleButton.m in Sources */ = {isa = PBXBuildFile; fileRef = 73BC605E6F8FE5715BE58C4C /* HTLCircleButton.m */; };
		73BC6FB1E8A9463DAF813705 /* HTLCreateReportViewController.m in Sources */ = {isa = PBXBuildFile; fileRef = 73BC6207CB7ECAFF65774744 /* HTLCreateReportViewController.m */; };
		73BC6FC0392EB3D38A69D585 /* HTLReportListModelController.m in Sources */ = {isa = PBXBuildFile; fileRef = 73BC62EFB13A3C66D5210D3A /* HTLReportListModelController.m */; };
		C5B133961B27625900437B10 /* main.m in Sources */ = {isa = PBXBuildFile; fileRef = C5B133951B27625900437B10 /* main.m */; };
		C5B133991B27625900437B10 /* DMMAppDelegate.m in Sources */ = {isa = PBXBuildFile; fileRef = C5B133981B27625900437B10 /* DMMAppDelegate.m */; };
		C5B1339C1B27625900437B10 /* DMMViewController.m in Sources */ = {isa = PBXBuildFile; fileRef = C5B1339B1B27625900437B10 /* DMMViewController.m */; };
		C5B1339F1B27625900437B10 /* Main.storyboard in Resources */ = {isa = PBXBuildFile; fileRef = C5B1339D1B27625900437B10 /* Main.storyboard */; };
		C5B133A11B27625900437B10 /* Images.xcassets in Resources */ = {isa = PBXBuildFile; fileRef = C5B133A01B27625900437B10 /* Images.xcassets */; };
		C5B133A41B27625900437B10 /* LaunchScreen.xib in Resources */ = {isa = PBXBuildFile; fileRef = C5B133A21B27625900437B10 /* LaunchScreen.xib */; };
		C5BA1B801B26F890006D80BC /* TodayExtension.appex in Embed App Extensions */ = {isa = PBXBuildFile; fileRef = C5BA1B731B26F890006D80BC /* TodayExtension.appex */; settings = {ATTRIBUTES = (RemoveHeadersOnCopy, ); }; };
		C5DEC4BB1B29CF250009CF46 /* HTLCompletionCollectionViewCell.m in Sources */ = {isa = PBXBuildFile; fileRef = 73BC699EDAA8359E310393BD /* HTLCompletionCollectionViewCell.m */; };
		C5FFE3F21B1857CE007D317D /* HyperTimeLoggerTests.m in Sources */ = {isa = PBXBuildFile; fileRef = C5FFE3F11B1857CE007D317D /* HyperTimeLoggerTests.m */; };
/* End PBXBuildFile section */

/* Begin PBXContainerItemProxy section */
		C5BA1B7E1B26F890006D80BC /* PBXContainerItemProxy */ = {
			isa = PBXContainerItemProxy;
			containerPortal = C5FFE3CA1B1857CD007D317D /* Project object */;
			proxyType = 1;
			remoteGlobalIDString = C5BA1B721B26F890006D80BC;
			remoteInfo = TodayExtension;
		};
		C5FFE3EC1B1857CE007D317D /* PBXContainerItemProxy */ = {
			isa = PBXContainerItemProxy;
			containerPortal = C5FFE3CA1B1857CD007D317D /* Project object */;
			proxyType = 1;
			remoteGlobalIDString = C5FFE3D11B1857CD007D317D;
			remoteInfo = HyperTimeLogger;
		};
/* End PBXContainerItemProxy section */

/* Begin PBXCopyFilesBuildPhase section */
		C5BA1B841B26F890006D80BC /* Embed App Extensions */ = {
			isa = PBXCopyFilesBuildPhase;
			buildActionMask = 2147483647;
			dstPath = "";
			dstSubfolderSpec = 13;
			files = (
				C5BA1B801B26F890006D80BC /* TodayExtension.appex in Embed App Extensions */,
			);
			name = "Embed App Extensions";
			runOnlyForDeploymentPostprocessing = 0;
		};
/* End PBXCopyFilesBuildPhase section */

/* Begin PBXFileReference section */
		5D95DDDBEB7C458B73BB7321 /* Pods-TodayExtension.release.xcconfig */ = {isa = PBXFileReference; includeInIndex = 1; lastKnownFileType = text.xcconfig; name = "Pods-TodayExtension.release.xcconfig"; path = "../Pods/Target Support Files/Pods-TodayExtension/Pods-TodayExtension.release.xcconfig"; sourceTree = "<group>"; };
		5F5BA0F90CC2D946CDD3327B /* Pods-HyperTimeLogger.debug.xcconfig */ = {isa = PBXFileReference; includeInIndex = 1; lastKnownFileType = text.xcconfig; name = "Pods-HyperTimeLogger.debug.xcconfig"; path = "../Pods/Target Support Files/Pods-HyperTimeLogger/Pods-HyperTimeLogger.debug.xcconfig"; sourceTree = "<group>"; };
		617AE9E650925A0499F5E44C /* Pods-TodayExtension.debug.xcconfig */ = {isa = PBXFileReference; includeInIndex = 1; lastKnownFileType = text.xcconfig; name = "Pods-TodayExtension.debug.xcconfig"; path = "../Pods/Target Support Files/Pods-TodayExtension/Pods-TodayExtension.debug.xcconfig"; sourceTree = "<group>"; };
		73BC6001D8D787718DF06016 /* HTLReportExtendedCell.h */ = {isa = PBXFileReference; fileEncoding = 4; lastKnownFileType = sourcecode.c.h; path = HTLReportExtendedCell.h; sourceTree = "<group>"; };
		73BC600E1EC704E17069A168 /* HTLCSVStringExportProvider.h */ = {isa = PBXFileReference; fileEncoding = 4; lastKnownFileType = sourcecode.c.h; path = HTLCSVStringExportProvider.h; sourceTree = "<group>"; };
		73BC605E6F8FE5715BE58C4C /* HTLCircleButton.m */ = {isa = PBXFileReference; fileEncoding = 4; lastKnownFileType = sourcecode.c.objc; path = HTLCircleButton.m; sourceTree = "<group>"; };
		73BC608BED34E02C9AAE75C1 /* HTLReportDto+Helpers.h */ = {isa = PBXFileReference; fileEncoding = 4; lastKnownFileType = sourcecode.c.h; path = "HTLReportDto+Helpers.h"; sourceTree = "<group>"; };
		73BC60D7AE4A9FB49AF22992 /* HTLAddButton.h */ = {isa = PBXFileReference; fileEncoding = 4; lastKnownFileType = sourcecode.c.h; path = HTLAddButton.h; sourceTree = "<group>"; };
		73BC612989B7AAC6AB6EC06D /* HTLSettingsModelController.h */ = {isa = PBXFileReference; fileEncoding = 4; lastKnownFileType = sourcecode.c.h; path = HTLSettingsModelController.h; sourceTree = "<group>"; };
		73BC612AAFD0BFC06B406EC4 /* HTLCompletion.m */ = {isa = PBXFileReference; fileEncoding = 4; lastKnownFileType = sourcecode.c.objc; path = HTLCompletion.m; sourceTree = "<group>"; };
		73BC613ADF5FC2ADA0DC228C /* HTLReportListViewController.m */ = {isa = PBXFileReference; fileEncoding = 4; lastKnownFileType = sourcecode.c.objc; path = HTLReportListViewController.m; sourceTree = "<group>"; };
		73BC6194DBE33DB85E9AFFDA /* HTLSqliteStorageProvider.h */ = {isa = PBXFileReference; fileEncoding = 4; lastKnownFileType = sourcecode.c.h; path = HTLSqliteStorageProvider.h; sourceTree = "<group>"; };
		73BC6204171F3BFE6B043867 /* HTLReportExtendedDto+Helpers.m */ = {isa = PBXFileReference; fileEncoding = 4; lastKnownFileType = sourcecode.c.objc; path = "HTLReportExtendedDto+Helpers.m"; sourceTree = "<group>"; };
		73BC6207CB7ECAFF65774744 /* HTLCreateReportViewController.m */ = {isa = PBXFileReference; fileEncoding = 4; lastKnownFileType = sourcecode.c.objc; path = HTLCreateReportViewController.m; sourceTree = "<group>"; };
		73BC622E9691559B4565139E /* Pods_TodayExtension.framework */ = {isa = PBXFileReference; lastKnownFileType = wrapper.framework; name = Pods_TodayExtension.framework; path = "../../../Library/Caches/AppCode32/DerivedData/HyperTimeLogger-3b7e8ea7/Build/Products/Debug-iphonesimulator/Pods_TodayExtension.framework"; sourceTree = "<group>"; };
		73BC6256B611CF052D35BB7B /* HTLCircleButton.h */ = {isa = PBXFileReference; fileEncoding = 4; lastKnownFileType = sourcecode.c.h; path = HTLCircleButton.h; sourceTree = "<group>"; };
		73BC627581AD6E6F6CB7EFDD /* Images.xcassets */ = {isa = PBXFileReference; lastKnownFileType = folder.assetcatalog; path = Images.xcassets; sourceTree = "<group>"; };
		73BC62BC65805772E35CE92A /* HTLReportListModelController.h */ = {isa = PBXFileReference; fileEncoding = 4; lastKnownFileType = sourcecode.c.h; path = HTLReportListModelController.h; sourceTree = "<group>"; };
		73BC62EFB13A3C66D5210D3A /* HTLReportListModelController.m */ = {isa = PBXFileReference; fileEncoding = 4; lastKnownFileType = sourcecode.c.objc; path = HTLReportListModelController.m; sourceTree = "<group>"; };
		73BC630CA89C8EA0DA7989F9 /* settings@2x.png */ = {isa = PBXFileReference; lastKnownFileType = image.png; path = "settings@2x.png"; sourceTree = "<group>"; };
		73BC631059F7C5989E7EEF6D /* HTLNavigationBar.m */ = {isa = PBXFileReference; fileEncoding = 4; lastKnownFileType = sourcecode.c.objc; path = HTLNavigationBar.m; sourceTree = "<group>"; };
		73BC63407702DDDB04CF58F7 /* HTLDateSectionDto.h */ = {isa = PBXFileReference; fileEncoding = 4; lastKnownFileType = sourcecode.c.h; path = HTLDateSectionDto.h; sourceTree = "<group>"; };
		73BC63CB2F47E42EFFFF85E4 /* PrefixHeader.pch */ = {isa = PBXFileReference; fileEncoding = 4; lastKnownFileType = sourcecode.c.h; path = PrefixHeader.pch; sourceTree = "<group>"; };
		73BC6425411DDD1F0A1445C9 /* HTLCreateReportModelController.m */ = {isa = PBXFileReference; fileEncoding = 4; lastKnownFileType = sourcecode.c.objc; path = HTLCreateReportModelController.m; sourceTree = "<group>"; };
		73BC642D0A6375B6BC652163 /* HTLStorageProvider.h */ = {isa = PBXFileReference; fileEncoding = 4; lastKnownFileType = sourcecode.c.h; path = HTLStorageProvider.h; sourceTree = "<group>"; };
		73BC645DE9D730A9AF943DEC /* HTLDateSectionHeader.h */ = {isa = PBXFileReference; fileEncoding = 4; lastKnownFileType = sourcecode.c.h; path = HTLDateSectionHeader.h; sourceTree = "<group>"; };
		73BC647ECF4F709F21DDA8A7 /* main.m */ = {isa = PBXFileReference; fileEncoding = 4; lastKnownFileType = sourcecode.c.objc; path = main.m; sourceTree = "<group>"; };
		73BC648635BCE062AF18E634 /* HTLActionDto.m */ = {isa = PBXFileReference; fileEncoding = 4; lastKnownFileType = sourcecode.c.objc; path = HTLActionDto.m; sourceTree = "<group>"; };
		73BC64C7C776234C8CBD7DBA /* HTLCreateReportViewController.h */ = {isa = PBXFileReference; fileEncoding = 4; lastKnownFileType = sourcecode.c.h; path = HTLCreateReportViewController.h; sourceTree = "<group>"; };
		73BC64D990F65D9E25A88C68 /* Pods_HyperTimeLogger.framework */ = {isa = PBXFileReference; lastKnownFileType = wrapper.framework; name = Pods_HyperTimeLogger.framework; path = "../../../Library/Caches/AppCode32/DerivedData/HyperTimeLogger-3b7e8ea7/Build/Products/Debug-iphonesimulator/Pods_HyperTimeLogger.framework"; sourceTree = "<group>"; };
		73BC64E454A17ED44DEA7F42 /* HTETodayModelController.h */ = {isa = PBXFileReference; fileEncoding = 4; lastKnownFileType = sourcecode.c.h; path = HTETodayModelController.h; sourceTree = "<group>"; };
		73BC655451924DE1C0C5F74B /* ru */ = {isa = PBXFileReference; fileEncoding = 4; lastKnownFileType = text.plist.strings; name = ru; path = HyperTimeLogger/ru.lproj/Main.strings; sourceTree = SOURCE_ROOT; };
		73BC6556E962FBAFD5448885 /* HTLReportExtendedDto.h */ = {isa = PBXFileReference; fileEncoding = 4; lastKnownFileType = sourcecode.c.h; path = HTLReportExtendedDto.h; sourceTree = "<group>"; };
		73BC65FC45499E71FA1DDD91 /* DTFolderMonitor.h */ = {isa = PBXFileReference; fileEncoding = 4; lastKnownFileType = sourcecode.c.h; path = DTFolderMonitor.h; sourceTree = "<group>"; };
		73BC660F9035AF2D12D68B11 /* HTLCategoryDto.m */ = {isa = PBXFileReference; fileEncoding = 4; lastKnownFileType = sourcecode.c.objc; path = HTLCategoryDto.m; sourceTree = "<group>"; };
		73BC6641825542B858B9CDD1 /* MainInterface.storyboard */ = {isa = PBXFileReference; lastKnownFileType = file.storyboard; path = MainInterface.storyboard; sourceTree = "<group>"; };
		73BC666118C4F574F66F741D /* HTLReportExtendedDto.m */ = {isa = PBXFileReference; fileEncoding = 4; lastKnownFileType = sourcecode.c.objc; path = HTLReportExtendedDto.m; sourceTree = "<group>"; };
		73BC66709A1F2D03B601899D /* HTLDateSectionDto.m */ = {isa = PBXFileReference; fileEncoding = 4; lastKnownFileType = sourcecode.c.objc; path = HTLDateSectionDto.m; sourceTree = "<group>"; };
		73BC6677FB28DAA5E093EFDC /* HTLCategoryCell.h */ = {isa = PBXFileReference; fileEncoding = 4; lastKnownFileType = sourcecode.c.h; path = HTLCategoryCell.h; sourceTree = "<group>"; };
		73BC667BC2DFBA40FAFB8423 /* HTLSettingsModelController.m */ = {isa = PBXFileReference; fileEncoding = 4; lastKnownFileType = sourcecode.c.objc; path = HTLSettingsModelController.m; sourceTree = "<group>"; };
		73BC668E9200CAA2D4F09386 /* Base */ = {isa = PBXFileReference; lastKnownFileType = file.xib; name = Base; path = HyperTimeLogger/Base.lproj/LaunchScreen.xib; sourceTree = SOURCE_ROOT; };
		73BC673032446C1BF1CE5E98 /* HTLReportExtendedDto+Helpers.h */ = {isa = PBXFileReference; fileEncoding = 4; lastKnownFileType = sourcecode.c.h; path = "HTLReportExtendedDto+Helpers.h"; sourceTree = "<group>"; };
		73BC6740217DF8F9176D9ED6 /* HTLReportExtendedCell.m */ = {isa = PBXFileReference; fileEncoding = 4; lastKnownFileType = sourcecode.c.objc; path = HTLReportExtendedCell.m; sourceTree = "<group>"; };
		73BC67AE1A8D26F4C45A5595 /* HTLStatisticsViewController.m */ = {isa = PBXFileReference; fileEncoding = 4; lastKnownFileType = sourcecode.c.objc; path = HTLStatisticsViewController.m; sourceTree = "<group>"; };
		73BC67D8F46D19ABB63B34F3 /* HTLCompletionTableViewCell.m */ = {isa = PBXFileReference; fileEncoding = 4; lastKnownFileType = sourcecode.c.objc; path = HTLCompletionTableViewCell.m; sourceTree = "<group>"; };
		73BC67F403027285317256C7 /* add.png */ = {isa = PBXFileReference; lastKnownFileType = image.png; path = add.png; sourceTree = "<group>"; };
		73BC684DB010D412F9E74A52 /* LICENSE */ = {isa = PBXFileReference; fileEncoding = 4; lastKnownFileType = text; path = LICENSE; sourceTree = "<group>"; };
		73BC686334D59793FEFA2E86 /* HTLSqliteStorageProvider.m */ = {isa = PBXFileReference; fileEncoding = 4; lastKnownFileType = sourcecode.c.objc; path = HTLSqliteStorageProvider.m; sourceTree = "<group>"; };
		73BC68DA26EAC7B4FDF38B76 /* HTLCompletion.h */ = {isa = PBXFileReference; fileEncoding = 4; lastKnownFileType = sourcecode.c.h; path = HTLCompletion.h; sourceTree = "<group>"; };
		73BC68EFE41FC9FAA244E77D /* ru */ = {isa = PBXFileReference; fileEncoding = 4; lastKnownFileType = text.plist.strings; name = ru; path = HyperTimeLogger/ru.lproj/LaunchScreen.strings; sourceTree = SOURCE_ROOT; };
		73BC68F69DE8332449FB842E /* DateSectionHeader.xib */ = {isa = PBXFileReference; lastKnownFileType = file.xib; path = DateSectionHeader.xib; sourceTree = "<group>"; };
		73BC694BAA6A9D2648C517D6 /* HTLAppDelegate.m */ = {isa = PBXFileReference; fileEncoding = 4; lastKnownFileType = sourcecode.c.objc; path = HTLAppDelegate.m; sourceTree = "<group>"; };
		73BC699EDAA8359E310393BD /* HTLCompletionCollectionViewCell.m */ = {isa = PBXFileReference; fileEncoding = 4; lastKnownFileType = sourcecode.c.objc; path = HTLCompletionCollectionViewCell.m; sourceTree = "<group>"; };
		73BC6A41E76EE6DBA2B7B791 /* HTLReportDto.m */ = {isa = PBXFileReference; fileEncoding = 4; lastKnownFileType = sourcecode.c.objc; path = HTLReportDto.m; sourceTree = "<group>"; };
		73BC6ACDFC039D8AAE2C5C57 /* HTLReportDto.h */ = {isa = PBXFileReference; fileEncoding = 4; lastKnownFileType = sourcecode.c.h; path = HTLReportDto.h; sourceTree = "<group>"; };
		73BC6AE25D756894B6C63D36 /* Base */ = {isa = PBXFileReference; fileEncoding = 4; lastKnownFileType = text.plist.strings; name = Base; path = Base.lproj/Localizable.strings; sourceTree = "<group>"; };
		73BC6AF703B69F7D9811A489 /* NSDate+HTLComponents.h */ = {isa = PBXFileReference; fileEncoding = 4; lastKnownFileType = sourcecode.c.h; path = "NSDate+HTLComponents.h"; sourceTree = "<group>"; };
		73BC6AFFA9283B9DD52573C5 /* HTLBackgroundView.h */ = {isa = PBXFileReference; fileEncoding = 4; lastKnownFileType = sourcecode.c.h; path = HTLBackgroundView.h; sourceTree = "<group>"; };
		73BC6B0594997D325C305EAE /* HTLContentManager.h */ = {isa = PBXFileReference; fileEncoding = 4; lastKnownFileType = sourcecode.c.h; path = HTLContentManager.h; sourceTree = "<group>"; };
		73BC6B3C5631790CB58E6062 /* HTLCompletionCollectionViewCell.h */ = {isa = PBXFileReference; fileEncoding = 4; lastKnownFileType = sourcecode.c.h; path = HTLCompletionCollectionViewCell.h; sourceTree = "<group>"; };
		73BC6B4A528332B37063630F /* HTLCategoryCell.m */ = {isa = PBXFileReference; fileEncoding = 4; lastKnownFileType = sourcecode.c.objc; path = HTLCategoryCell.m; sourceTree = "<group>"; };
		73BC6B8E25A8D300C95D3491 /* HTETodayViewController.m */ = {isa = PBXFileReference; fileEncoding = 4; lastKnownFileType = sourcecode.c.objc; path = HTETodayViewController.m; sourceTree = "<group>"; };
		73BC6BE7C7D3D022D62E77D9 /* HTLSettingsViewController.h */ = {isa = PBXFileReference; fileEncoding = 4; lastKnownFileType = sourcecode.c.h; path = HTLSettingsViewController.h; sourceTree = "<group>"; };
		73BC6BF138E8FBC873483FFF /* HTLWordCell.h */ = {isa = PBXFileReference; fileEncoding = 4; lastKnownFileType = sourcecode.c.h; path = HTLWordCell.h; sourceTree = "<group>"; };
		73BC6C17B16DCFE4EB8D8E9B /* HTLSettingsViewController.m */ = {isa = PBXFileReference; fileEncoding = 4; lastKnownFileType = sourcecode.c.objc; path = HTLSettingsViewController.m; sourceTree = "<group>"; };
		73BC6C1BE9B4E776A9582E7F /* HTLCreateReportModelController.h */ = {isa = PBXFileReference; fileEncoding = 4; lastKnownFileType = sourcecode.c.h; path = HTLCreateReportModelController.h; sourceTree = "<group>"; };
		73BC6C24D0E2CC0543121F97 /* Info.plist */ = {isa = PBXFileReference; fileEncoding = 4; lastKnownFileType = text.plist.info; path = Info.plist; sourceTree = "<group>"; };
		73BC6C4782FCAEADF81D13DD /* DTFolderMonitor.m */ = {isa = PBXFileReference; fileEncoding = 4; lastKnownFileType = sourcecode.c.objc; path = DTFolderMonitor.m; sourceTree = "<group>"; };
		73BC6C705D0378287850972F /* HTETodayModelController.m */ = {isa = PBXFileReference; fileEncoding = 4; lastKnownFileType = sourcecode.c.objc; path = HTETodayModelController.m; sourceTree = "<group>"; };
		73BC6C810816AF3D4802B225 /* Base */ = {isa = PBXFileReference; lastKnownFileType = file.storyboard; name = Base; path = HyperTimeLogger/Base.lproj/Main.storyboard; sourceTree = SOURCE_ROOT; };
		73BC6C887F8E4ADF49D6C820 /* settings@3x.png */ = {isa = PBXFileReference; lastKnownFileType = image.png; path = "settings@3x.png"; sourceTree = "<group>"; };
		73BC6C925559FDB8584BBFCA /* HTLReportListViewController.h */ = {isa = PBXFileReference; fileEncoding = 4; lastKnownFileType = sourcecode.c.h; path = HTLReportListViewController.h; sourceTree = "<group>"; };
		73BC6CBA336494E6AA9AD821 /* HTLAppDelegate.h */ = {isa = PBXFileReference; fileEncoding = 4; lastKnownFileType = sourcecode.c.h; path = HTLAppDelegate.h; sourceTree = "<group>"; };
		73BC6D00234C52BAB13FA486 /* ru */ = {isa = PBXFileReference; fileEncoding = 4; lastKnownFileType = text.plist.strings; name = ru; path = ru.lproj/Localizable.strings; sourceTree = "<group>"; };
		73BC6D433B6382A3AB81F685 /* HTLCSVStringExportProvider.m */ = {isa = PBXFileReference; fileEncoding = 4; lastKnownFileType = sourcecode.c.objc; path = HTLCSVStringExportProvider.m; sourceTree = "<group>"; };
		73BC6D57C51BD2927E699D64 /* settings.png */ = {isa = PBXFileReference; lastKnownFileType = image.png; path = settings.png; sourceTree = "<group>"; };
		73BC6D6BFFE1DD9ED9D91649 /* HTETodayViewController.h */ = {isa = PBXFileReference; fileEncoding = 4; lastKnownFileType = sourcecode.c.h; path = HTETodayViewController.h; sourceTree = "<group>"; };
		73BC6D967324C199FDFA09FC /* HTLBackgroundView.m */ = {isa = PBXFileReference; fileEncoding = 4; lastKnownFileType = sourcecode.c.objc; path = HTLBackgroundView.m; sourceTree = "<group>"; };
		73BC6DF7A1C3E3B2287D4A9D /* HTLAddButton.m */ = {isa = PBXFileReference; fileEncoding = 4; lastKnownFileType = sourcecode.c.objc; path = HTLAddButton.m; sourceTree = "<group>"; };
		73BC6E02DA952FED28320B5B /* HyperTimeLogger.entitlements */ = {isa = PBXFileReference; lastKnownFileType = file.entitlements; path = HyperTimeLogger.entitlements; sourceTree = "<group>"; };
		73BC6E60698127C14E0C1737 /* HTLStringExportProvider.h */ = {isa = PBXFileReference; fileEncoding = 4; lastKnownFileType = sourcecode.c.h; path = HTLStringExportProvider.h; sourceTree = "<group>"; };
		73BC6E8BD579B5F8E32C09A6 /* HTLActionDto.h */ = {isa = PBXFileReference; fileEncoding = 4; lastKnownFileType = sourcecode.c.h; path = HTLActionDto.h; sourceTree = "<group>"; };
		73BC6EB611E782AE9094D02F /* HTLWordCell.m */ = {isa = PBXFileReference; fileEncoding = 4; lastKnownFileType = sourcecode.c.objc; path = HTLWordCell.m; sourceTree = "<group>"; };
		73BC6ED77E6183620BAFE683 /* HTLCompletionTableViewCell.h */ = {isa = PBXFileReference; fileEncoding = 4; lastKnownFileType = sourcecode.c.h; path = HTLCompletionTableViewCell.h; sourceTree = "<group>"; };
		73BC6EFD778F3095057C65B5 /* HTLNavigationBar.h */ = {isa = PBXFileReference; fileEncoding = 4; lastKnownFileType = sourcecode.c.h; path = HTLNavigationBar.h; sourceTree = "<group>"; };
		73BC6F1E0AC02A596C78B942 /* HTLContentManager.m */ = {isa = PBXFileReference; fileEncoding = 4; lastKnownFileType = sourcecode.c.objc; path = HTLContentManager.m; sourceTree = "<group>"; };
		73BC6F4050011123703660B3 /* clock_transparent.png */ = {isa = PBXFileReference; lastKnownFileType = image.png; path = clock_transparent.png; sourceTree = "<group>"; };
		73BC6F55FA054488E84461F8 /* HTLDateSectionHeader.m */ = {isa = PBXFileReference; fileEncoding = 4; lastKnownFileType = sourcecode.c.objc; path = HTLDateSectionHeader.m; sourceTree = "<group>"; };
		73BC6F5BBFCD10B7AF4F574A /* HTLCategoryDto.h */ = {isa = PBXFileReference; fileEncoding = 4; lastKnownFileType = sourcecode.c.h; path = HTLCategoryDto.h; sourceTree = "<group>"; };
		73BC6F6EE1E455D98426F705 /* NSDate+HTLComponents.m */ = {isa = PBXFileReference; fileEncoding = 4; lastKnownFileType = sourcecode.c.objc; path = "NSDate+HTLComponents.m"; sourceTree = "<group>"; };
		73BC6F771B4A63AA8FABCDF5 /* HTLReportDto+Helpers.m */ = {isa = PBXFileReference; fileEncoding = 4; lastKnownFileType = sourcecode.c.objc; path = "HTLReportDto+Helpers.m"; sourceTree = "<group>"; };
		73BC6FB0EFED7B84F71E676E /* NotificationCenter.framework */ = {isa = PBXFileReference; lastKnownFileType = wrapper.framework; name = NotificationCenter.framework; path = ../../../../../Applications/Xcode.app/Contents/Developer/Platforms/iPhoneSimulator.platform/Developer/SDKs/iPhoneSimulator.sdk/System/Library/Frameworks/NotificationCenter.framework; sourceTree = "<group>"; };
		73BC6FBC670E0D4A379AB2C2 /* HTLStatisticsViewController.h */ = {isa = PBXFileReference; fileEncoding = 4; lastKnownFileType = sourcecode.c.h; path = HTLStatisticsViewController.h; sourceTree = "<group>"; };
		C080C216BEBCCD26E4BC3451 /* Pods-HyperTimeLogger.release.xcconfig */ = {isa = PBXFileReference; includeInIndex = 1; lastKnownFileType = text.xcconfig; name = "Pods-HyperTimeLogger.release.xcconfig"; path = "../Pods/Target Support Files/Pods-HyperTimeLogger/Pods-HyperTimeLogger.release.xcconfig"; sourceTree = "<group>"; };
		C57EA5791B27021600B97F65 /* TodayExtension.entitlements */ = {isa = PBXFileReference; lastKnownFileType = text.xml; path = TodayExtension.entitlements; sourceTree = "<group>"; };
		C5B133911B27625900437B10 /* DatabaseMigrationManager.app */ = {isa = PBXFileReference; explicitFileType = wrapper.application; includeInIndex = 0; path = DatabaseMigrationManager.app; sourceTree = BUILT_PRODUCTS_DIR; };
		C5B133941B27625900437B10 /* Info.plist */ = {isa = PBXFileReference; lastKnownFileType = text.plist.xml; path = Info.plist; sourceTree = "<group>"; };
		C5B133951B27625900437B10 /* main.m */ = {isa = PBXFileReference; lastKnownFileType = sourcecode.c.objc; path = main.m; sourceTree = "<group>"; };
		C5B133971B27625900437B10 /* DMMAppDelegate.h */ = {isa = PBXFileReference; lastKnownFileType = sourcecode.c.h; path = DMMAppDelegate.h; sourceTree = "<group>"; };
		C5B133981B27625900437B10 /* DMMAppDelegate.m */ = {isa = PBXFileReference; lastKnownFileType = sourcecode.c.objc; path = DMMAppDelegate.m; sourceTree = "<group>"; };
		C5B1339A1B27625900437B10 /* DMMViewController.h */ = {isa = PBXFileReference; lastKnownFileType = sourcecode.c.h; path = DMMViewController.h; sourceTree = "<group>"; };
		C5B1339B1B27625900437B10 /* DMMViewController.m */ = {isa = PBXFileReference; lastKnownFileType = sourcecode.c.objc; path = DMMViewController.m; sourceTree = "<group>"; };
		C5B1339E1B27625900437B10 /* Base */ = {isa = PBXFileReference; lastKnownFileType = file.storyboard; name = Base; path = Base.lproj/Main.storyboard; sourceTree = "<group>"; };
		C5B133A01B27625900437B10 /* Images.xcassets */ = {isa = PBXFileReference; lastKnownFileType = folder.assetcatalog; path = Images.xcassets; sourceTree = "<group>"; };
		C5B133A31B27625900437B10 /* Base */ = {isa = PBXFileReference; lastKnownFileType = file.xib; name = Base; path = Base.lproj/LaunchScreen.xib; sourceTree = "<group>"; };
		C5B133B71B27635D00437B10 /* DatabaseMigrationManager.entitlements */ = {isa = PBXFileReference; lastKnownFileType = text.xml; path = DatabaseMigrationManager.entitlements; sourceTree = "<group>"; };
		C5BA1B731B26F890006D80BC /* TodayExtension.appex */ = {isa = PBXFileReference; explicitFileType = "wrapper.app-extension"; includeInIndex = 0; path = TodayExtension.appex; sourceTree = BUILT_PRODUCTS_DIR; };
		C5BA1B781B26F890006D80BC /* Info.plist */ = {isa = PBXFileReference; lastKnownFileType = text.plist.xml; path = Info.plist; sourceTree = "<group>"; };
		C5FFE3D21B1857CE007D317D /* HyperTimeLogger.app */ = {isa = PBXFileReference; explicitFileType = wrapper.application; includeInIndex = 0; path = HyperTimeLogger.app; sourceTree = BUILT_PRODUCTS_DIR; };
		C5FFE3EB1B1857CE007D317D /* HyperTimeLoggerTests.xctest */ = {isa = PBXFileReference; explicitFileType = wrapper.cfbundle; includeInIndex = 0; path = HyperTimeLoggerTests.xctest; sourceTree = BUILT_PRODUCTS_DIR; };
		C5FFE3F01B1857CE007D317D /* Info.plist */ = {isa = PBXFileReference; lastKnownFileType = text.plist.xml; path = Info.plist; sourceTree = "<group>"; };
		C5FFE3F11B1857CE007D317D /* HyperTimeLoggerTests.m */ = {isa = PBXFileReference; lastKnownFileType = sourcecode.c.objc; path = HyperTimeLoggerTests.m; sourceTree = "<group>"; };
/* End PBXFileReference section */

/* Begin PBXFrameworksBuildPhase section */
		5F5C460A30D0748349F01A76 /* Frameworks */ = {
			isa = PBXFrameworksBuildPhase;
			buildActionMask = 2147483647;
			files = (
				73BC6F0D931166EADD7E2E4F /* Pods_HyperTimeLogger.framework in Frameworks */,
			);
			runOnlyForDeploymentPostprocessing = 0;
		};
		C5B1338E1B27625900437B10 /* Frameworks */ = {
			isa = PBXFrameworksBuildPhase;
			buildActionMask = 2147483647;
			files = (
			);
			runOnlyForDeploymentPostprocessing = 0;
		};
		C5BA1B701B26F890006D80BC /* Frameworks */ = {
			isa = PBXFrameworksBuildPhase;
			buildActionMask = 2147483647;
			files = (
				73BC66E062885277EA135AC0 /* NotificationCenter.framework in Frameworks */,
				73BC6B9AD1668565075E5DF0 /* Pods_TodayExtension.framework in Frameworks */,
			);
			runOnlyForDeploymentPostprocessing = 0;
		};
		C5FFE3E81B1857CE007D317D /* Frameworks */ = {
			isa = PBXFrameworksBuildPhase;
			buildActionMask = 2147483647;
			files = (
			);
			runOnlyForDeploymentPostprocessing = 0;
		};
/* End PBXFrameworksBuildPhase section */

/* Begin PBXGroup section */
		73BC61BD9DCE25FDC769B6C1 /* Today */ = {
			isa = PBXGroup;
			children = (
				73BC6B8E25A8D300C95D3491 /* HTETodayViewController.m */,
				73BC6C705D0378287850972F /* HTETodayModelController.m */,
				73BC6D6BFFE1DD9ED9D91649 /* HTETodayViewController.h */,
				73BC64E454A17ED44DEA7F42 /* HTETodayModelController.h */,
			);
			path = Today;
			sourceTree = "<group>";
		};
		73BC61F6621E32C9B304716E /* Source */ = {
			isa = PBXGroup;
			children = (
				73BC65FC45499E71FA1DDD91 /* DTFolderMonitor.h */,
				73BC6C4782FCAEADF81D13DD /* DTFolderMonitor.m */,
			);
			path = Source;
			sourceTree = "<group>";
		};
		73BC62248BFB3B8402AF0871 /* Common */ = {
			isa = PBXGroup;
			children = (
				73BC6DC4214A1ACD61303FC1 /* Src */,
			);
			path = Common;
			sourceTree = "<group>";
		};
		73BC638E0B41F356D8A5AFDC /* Dependencies */ = {
			isa = PBXGroup;
			children = (
				73BC6EDE9C53A95392DB1EB9 /* Vendor */,
				73BC665886848CD597251D31 /* Frameworks */,
			);
			path = Dependencies;
			sourceTree = "<group>";
		};
		73BC644038E6F9EA1FE51F33 /* Report List */ = {
			isa = PBXGroup;
			children = (
				73BC62BC65805772E35CE92A /* HTLReportListModelController.h */,
				73BC613ADF5FC2ADA0DC228C /* HTLReportListViewController.m */,
				73BC62EFB13A3C66D5210D3A /* HTLReportListModelController.m */,
				73BC6C925559FDB8584BBFCA /* HTLReportListViewController.h */,
			);
			path = "Report List";
			sourceTree = "<group>";
		};
		73BC66375A645CABADDACD03 /* Supporting Files */ = {
			isa = PBXGroup;
			children = (
				73BC6C24D0E2CC0543121F97 /* Info.plist */,
				73BC647ECF4F709F21DDA8A7 /* main.m */,
				73BC6A1A390AD51F5BC5D746 /* Localizable.strings */,
			);
			name = "Supporting Files";
			sourceTree = "<group>";
		};
		73BC665886848CD597251D31 /* Frameworks */ = {
			isa = PBXGroup;
			children = (
				73BC6FB0EFED7B84F71E676E /* NotificationCenter.framework */,
				73BC64D990F65D9E25A88C68 /* Pods_HyperTimeLogger.framework */,
				73BC622E9691559B4565139E /* Pods_TodayExtension.framework */,
			);
			name = Frameworks;
			path = ../../HyperTimeLogger;
			sourceTree = "<group>";
		};
		73BC667B11395C365F521E67 /* Core */ = {
			isa = PBXGroup;
			children = (
				73BC61F6621E32C9B304716E /* Source */,
			);
			path = Core;
			sourceTree = "<group>";
		};
		73BC679CF1C0629D469D7895 /* UI */ = {
			isa = PBXGroup;
			children = (
				73BC6641825542B858B9CDD1 /* MainInterface.storyboard */,
			);
			path = UI;
			sourceTree = "<group>";
		};
		73BC681A5ED687A4D3B5B86A /* Res */ = {
			isa = PBXGroup;
			children = (
				73BC67F403027285317256C7 /* add.png */,
				73BC6F4050011123703660B3 /* clock_transparent.png */,
				73BC6D57C51BD2927E699D64 /* settings.png */,
				73BC630CA89C8EA0DA7989F9 /* settings@2x.png */,
				73BC6C887F8E4ADF49D6C820 /* settings@3x.png */,
				73BC627581AD6E6F6CB7EFDD /* Images.xcassets */,
			);
			path = Res;
			sourceTree = "<group>";
		};
		73BC6941B6096428487D5A19 /* Custom Controls */ = {
			isa = PBXGroup;
			children = (
				73BC605E6F8FE5715BE58C4C /* HTLCircleButton.m */,
				73BC6256B611CF052D35BB7B /* HTLCircleButton.h */,
				73BC6D967324C199FDFA09FC /* HTLBackgroundView.m */,
				73BC6AFFA9283B9DD52573C5 /* HTLBackgroundView.h */,
				73BC631059F7C5989E7EEF6D /* HTLNavigationBar.m */,
				73BC6EFD778F3095057C65B5 /* HTLNavigationBar.h */,
				73BC6DF7A1C3E3B2287D4A9D /* HTLAddButton.m */,
				73BC60D7AE4A9FB49AF22992 /* HTLAddButton.h */,
				73BC6CC81BF5D134990E9868 /* Cells Headers Footers */,
			);
			path = "Custom Controls";
			sourceTree = "<group>";
		};
		73BC69BC6C4A79DEB417EAC5 /* Data Transfer Objects */ = {
			isa = PBXGroup;
			children = (
				73BC6A41E76EE6DBA2B7B791 /* HTLReportDto.m */,
				73BC6ACDFC039D8AAE2C5C57 /* HTLReportDto.h */,
				73BC660F9035AF2D12D68B11 /* HTLCategoryDto.m */,
				73BC6F5BBFCD10B7AF4F574A /* HTLCategoryDto.h */,
				73BC648635BCE062AF18E634 /* HTLActionDto.m */,
				73BC6E8BD579B5F8E32C09A6 /* HTLActionDto.h */,
				73BC612AAFD0BFC06B406EC4 /* HTLCompletion.m */,
				73BC68DA26EAC7B4FDF38B76 /* HTLCompletion.h */,
				73BC66709A1F2D03B601899D /* HTLDateSectionDto.m */,
				73BC63407702DDDB04CF58F7 /* HTLDateSectionDto.h */,
				73BC666118C4F574F66F741D /* HTLReportExtendedDto.m */,
				73BC6556E962FBAFD5448885 /* HTLReportExtendedDto.h */,
			);
			path = "Data Transfer Objects";
			sourceTree = "<group>";
		};
		73BC69D8707A5C053E11498E /* UI */ = {
			isa = PBXGroup;
			children = (
				73BC68F69DE8332449FB842E /* DateSectionHeader.xib */,
				73BC620DB204BDC3A7627D79 /* Main.storyboard */,
				73BC6E9C0BA0C35959FD22A8 /* Main.strings */,
				73BC6E9C8FD5CB23EB0EE25C /* LaunchScreen.xib */,
				73BC605DD4953A52F582A296 /* LaunchScreen.strings */,
			);
			path = UI;
			sourceTree = "<group>";
		};
		73BC69E6339BCA93C05D70DB /* Storage Providers */ = {
			isa = PBXGroup;
			children = (
				73BC642D0A6375B6BC652163 /* HTLStorageProvider.h */,
				73BC686334D59793FEFA2E86 /* HTLSqliteStorageProvider.m */,
				73BC6194DBE33DB85E9AFFDA /* HTLSqliteStorageProvider.h */,
			);
			path = "Storage Providers";
			sourceTree = "<group>";
		};
		73BC6A3FB81EA8C7F211F896 /* DTFoundation */ = {
			isa = PBXGroup;
			children = (
				73BC667B11395C365F521E67 /* Core */,
				73BC684DB010D412F9E74A52 /* LICENSE */,
			);
			path = DTFoundation;
			sourceTree = "<group>";
		};
		73BC6B3CCAB198E3B4588CB3 /* Settings */ = {
			isa = PBXGroup;
			children = (
				73BC667BC2DFBA40FAFB8423 /* HTLSettingsModelController.m */,
				73BC6BE7C7D3D022D62E77D9 /* HTLSettingsViewController.h */,
				73BC612989B7AAC6AB6EC06D /* HTLSettingsModelController.h */,
				73BC6C17B16DCFE4EB8D8E9B /* HTLSettingsViewController.m */,
			);
			path = Settings;
			sourceTree = "<group>";
		};
		73BC6C537FA2071D1689472C /* Statistics */ = {
			isa = PBXGroup;
			children = (
				73BC6FBC670E0D4A379AB2C2 /* HTLStatisticsViewController.h */,
				73BC67AE1A8D26F4C45A5595 /* HTLStatisticsViewController.m */,
			);
			path = Statistics;
			sourceTree = "<group>";
		};
		73BC6CC81BF5D134990E9868 /* Cells Headers Footers */ = {
			isa = PBXGroup;
			children = (
				73BC6BF138E8FBC873483FFF /* HTLWordCell.h */,
				73BC6EB611E782AE9094D02F /* HTLWordCell.m */,
				73BC6677FB28DAA5E093EFDC /* HTLCategoryCell.h */,
				73BC6B4A528332B37063630F /* HTLCategoryCell.m */,
				73BC6001D8D787718DF06016 /* HTLReportExtendedCell.h */,
				73BC6740217DF8F9176D9ED6 /* HTLReportExtendedCell.m */,
				73BC6ED77E6183620BAFE683 /* HTLCompletionTableViewCell.h */,
				73BC67D8F46D19ABB63B34F3 /* HTLCompletionTableViewCell.m */,
				73BC6B3C5631790CB58E6062 /* HTLCompletionCollectionViewCell.h */,
				73BC699EDAA8359E310393BD /* HTLCompletionCollectionViewCell.m */,
				73BC645DE9D730A9AF943DEC /* HTLDateSectionHeader.h */,
				73BC6F55FA054488E84461F8 /* HTLDateSectionHeader.m */,
			);
			path = "Cells Headers Footers";
			sourceTree = "<group>";
		};
		73BC6DC4214A1ACD61303FC1 /* Src */ = {
			isa = PBXGroup;
			children = (
				73BC6F8D22E41320DBD6C564 /* Categories */,
				73BC69BC6C4A79DEB417EAC5 /* Data Transfer Objects */,
				73BC69E6339BCA93C05D70DB /* Storage Providers */,
				73BC6F1E0AC02A596C78B942 /* HTLContentManager.m */,
				73BC6B0594997D325C305EAE /* HTLContentManager.h */,
			);
			path = Src;
			sourceTree = "<group>";
		};
		73BC6E10139D43BFDC91E4AA /* HyperTimeLogger */ = {
			isa = PBXGroup;
			children = (
				73BC681A5ED687A4D3B5B86A /* Res */,
				73BC6E02DA952FED28320B5B /* HyperTimeLogger.entitlements */,
				73BC66375A645CABADDACD03 /* Supporting Files */,
				73BC63CB2F47E42EFFFF85E4 /* PrefixHeader.pch */,
				73BC6F4B229229053B545E48 /* Src */,
				73BC69D8707A5C053E11498E /* UI */,
			);
			path = HyperTimeLogger;
			sourceTree = "<group>";
		};
		73BC6E31C152E0DB1E7B2ADE /* Src */ = {
			isa = PBXGroup;
			children = (
				73BC6E5F4ECA83D4F0B90C03 /* Screens */,
			);
			path = Src;
			sourceTree = "<group>";
		};
		73BC6E361030AA16AE9220AD /* Screens */ = {
			isa = PBXGroup;
			children = (
				73BC6E527DBC836898226983 /* Create Report */,
				73BC644038E6F9EA1FE51F33 /* Report List */,
				73BC6B3CCAB198E3B4588CB3 /* Settings */,
				73BC6C537FA2071D1689472C /* Statistics */,
			);
			path = Screens;
			sourceTree = "<group>";
		};
		73BC6E527DBC836898226983 /* Create Report */ = {
			isa = PBXGroup;
			children = (
				73BC6C1BE9B4E776A9582E7F /* HTLCreateReportModelController.h */,
				73BC6425411DDD1F0A1445C9 /* HTLCreateReportModelController.m */,
				73BC64C7C776234C8CBD7DBA /* HTLCreateReportViewController.h */,
				73BC6207CB7ECAFF65774744 /* HTLCreateReportViewController.m */,
			);
			path = "Create Report";
			sourceTree = "<group>";
		};
		73BC6E5F4ECA83D4F0B90C03 /* Screens */ = {
			isa = PBXGroup;
			children = (
				73BC61BD9DCE25FDC769B6C1 /* Today */,
			);
			path = Screens;
			sourceTree = "<group>";
		};
		73BC6EDE9C53A95392DB1EB9 /* Vendor */ = {
			isa = PBXGroup;
			children = (
				73BC6A3FB81EA8C7F211F896 /* DTFoundation */,
			);
			path = Vendor;
			sourceTree = "<group>";
		};
		73BC6F4B229229053B545E48 /* Src */ = {
			isa = PBXGroup;
			children = (
				73BC6941B6096428487D5A19 /* Custom Controls */,
				73BC6FCF063877F08DA8D3DA /* Export Providers */,
				73BC6CBA336494E6AA9AD821 /* HTLAppDelegate.h */,
				73BC694BAA6A9D2648C517D6 /* HTLAppDelegate.m */,
				73BC6E361030AA16AE9220AD /* Screens */,
			);
			path = Src;
			sourceTree = "<group>";
		};
		73BC6F8D22E41320DBD6C564 /* Categories */ = {
			isa = PBXGroup;
			children = (
				73BC6F6EE1E455D98426F705 /* NSDate+HTLComponents.m */,
				73BC6AF703B69F7D9811A489 /* NSDate+HTLComponents.h */,
				73BC6F771B4A63AA8FABCDF5 /* HTLReportDto+Helpers.m */,
				73BC6204171F3BFE6B043867 /* HTLReportExtendedDto+Helpers.m */,
				73BC673032446C1BF1CE5E98 /* HTLReportExtendedDto+Helpers.h */,
				73BC608BED34E02C9AAE75C1 /* HTLReportDto+Helpers.h */,
			);
			path = Categories;
			sourceTree = "<group>";
		};
		73BC6FCF063877F08DA8D3DA /* Export Providers */ = {
			isa = PBXGroup;
			children = (
				73BC6E60698127C14E0C1737 /* HTLStringExportProvider.h */,
				73BC6D433B6382A3AB81F685 /* HTLCSVStringExportProvider.m */,
				73BC600E1EC704E17069A168 /* HTLCSVStringExportProvider.h */,
			);
			path = "Export Providers";
			sourceTree = "<group>";
		};
		884E6DD6E7CF859E8C96B7F3 /* Pods */ = {
			isa = PBXGroup;
			children = (
				5F5BA0F90CC2D946CDD3327B /* Pods-HyperTimeLogger.debug.xcconfig */,
				C080C216BEBCCD26E4BC3451 /* Pods-HyperTimeLogger.release.xcconfig */,
				617AE9E650925A0499F5E44C /* Pods-TodayExtension.debug.xcconfig */,
				5D95DDDBEB7C458B73BB7321 /* Pods-TodayExtension.release.xcconfig */,
				73BC6E10139D43BFDC91E4AA /* HyperTimeLogger */,
			);
			name = Pods;
			sourceTree = "<group>";
		};
		C5B133921B27625900437B10 /* DatabaseMigrationManager */ = {
			isa = PBXGroup;
			children = (
				C5B133B71B27635D00437B10 /* DatabaseMigrationManager.entitlements */,
				C5B133971B27625900437B10 /* DMMAppDelegate.h */,
				C5B133981B27625900437B10 /* DMMAppDelegate.m */,
				C5B1339A1B27625900437B10 /* DMMViewController.h */,
				C5B1339B1B27625900437B10 /* DMMViewController.m */,
				C5B1339D1B27625900437B10 /* Main.storyboard */,
				C5B133A01B27625900437B10 /* Images.xcassets */,
				C5B133A21B27625900437B10 /* LaunchScreen.xib */,
				C5B133931B27625900437B10 /* Supporting Files */,
			);
			path = DatabaseMigrationManager;
			sourceTree = "<group>";
		};
		C5B133931B27625900437B10 /* Supporting Files */ = {
			isa = PBXGroup;
			children = (
				C5B133941B27625900437B10 /* Info.plist */,
				C5B133951B27625900437B10 /* main.m */,
			);
			name = "Supporting Files";
			sourceTree = "<group>";
		};
		C5BA1B761B26F890006D80BC /* TodayExtension */ = {
			isa = PBXGroup;
			children = (
				C57EA5791B27021600B97F65 /* TodayExtension.entitlements */,
				C5BA1B771B26F890006D80BC /* Supporting Files */,
				73BC6E31C152E0DB1E7B2ADE /* Src */,
				73BC679CF1C0629D469D7895 /* UI */,
			);
			path = TodayExtension;
			sourceTree = "<group>";
		};
		C5BA1B771B26F890006D80BC /* Supporting Files */ = {
			isa = PBXGroup;
			children = (
				C5BA1B781B26F890006D80BC /* Info.plist */,
			);
			name = "Supporting Files";
			sourceTree = "<group>";
		};
		C5FFE3C91B1857CD007D317D = {
			isa = PBXGroup;
			children = (
				C5FFE3EE1B1857CE007D317D /* HyperTimeLoggerTests */,
				C5BA1B761B26F890006D80BC /* TodayExtension */,
				C5B133921B27625900437B10 /* DatabaseMigrationManager */,
				C5FFE3D31B1857CE007D317D /* Products */,
				884E6DD6E7CF859E8C96B7F3 /* Pods */,
				73BC62248BFB3B8402AF0871 /* Common */,
				73BC638E0B41F356D8A5AFDC /* Dependencies */,
			);
			sourceTree = "<group>";
		};
		C5FFE3D31B1857CE007D317D /* Products */ = {
			isa = PBXGroup;
			children = (
				C5FFE3D21B1857CE007D317D /* HyperTimeLogger.app */,
				C5FFE3EB1B1857CE007D317D /* HyperTimeLoggerTests.xctest */,
				C5BA1B731B26F890006D80BC /* TodayExtension.appex */,
				C5B133911B27625900437B10 /* DatabaseMigrationManager.app */,
			);
			name = Products;
			sourceTree = "<group>";
		};
		C5FFE3EE1B1857CE007D317D /* HyperTimeLoggerTests */ = {
			isa = PBXGroup;
			children = (
				C5FFE3F11B1857CE007D317D /* HyperTimeLoggerTests.m */,
				C5FFE3EF1B1857CE007D317D /* Supporting Files */,
			);
			path = HyperTimeLoggerTests;
			sourceTree = "<group>";
		};
		C5FFE3EF1B1857CE007D317D /* Supporting Files */ = {
			isa = PBXGroup;
			children = (
				C5FFE3F01B1857CE007D317D /* Info.plist */,
			);
			name = "Supporting Files";
			sourceTree = "<group>";
		};
/* End PBXGroup section */

/* Begin PBXNativeTarget section */
		C5B133901B27625900437B10 /* DatabaseMigrationManager */ = {
			isa = PBXNativeTarget;
			buildConfigurationList = C5B133B11B27625A00437B10 /* Build configuration list for PBXNativeTarget "DatabaseMigrationManager" */;
			buildPhases = (
				C5B1338D1B27625900437B10 /* Sources */,
				C5B1338E1B27625900437B10 /* Frameworks */,
				C5B1338F1B27625900437B10 /* Resources */,
			);
			buildRules = (
			);
			dependencies = (
			);
			name = DatabaseMigrationManager;
			productName = DatabaseMigrationManager;
			productReference = C5B133911B27625900437B10 /* DatabaseMigrationManager.app */;
			productType = "com.apple.product-type.application";
		};
		C5BA1B721B26F890006D80BC /* TodayExtension */ = {
			isa = PBXNativeTarget;
			buildConfigurationList = C5BA1B831B26F890006D80BC /* Build configuration list for PBXNativeTarget "TodayExtension" */;
			buildPhases = (
				62E9DE820652FBBDC0479D59 /* Check Pods Manifest.lock */,
				C5BA1B6F1B26F890006D80BC /* Sources */,
				C5BA1B701B26F890006D80BC /* Frameworks */,
				C5BA1B711B26F890006D80BC /* Resources */,
				898CFCDF6C97D2AA28F77F9C /* Copy Pods Resources */,
			);
			buildRules = (
			);
			dependencies = (
			);
			name = TodayExtension;
			productName = TodayExtension;
			productReference = C5BA1B731B26F890006D80BC /* TodayExtension.appex */;
			productType = "com.apple.product-type.app-extension";
		};
		C5FFE3D11B1857CD007D317D /* HyperTimeLogger */ = {
			isa = PBXNativeTarget;
			buildConfigurationList = C5FFE3F51B1857CE007D317D /* Build configuration list for PBXNativeTarget "HyperTimeLogger" */;
			buildPhases = (
				2841EDF140D8E11107098BA8 /* Check Pods Manifest.lock */,
				C5FFE3CE1B1857CD007D317D /* Sources */,
				C5FFE3D01B1857CD007D317D /* Resources */,
				C5BA1B841B26F890006D80BC /* Embed App Extensions */,
				5F5C460A30D0748349F01A76 /* Frameworks */,
				F2F3B8981CEF6CCBB5470609 /* Embed Pods Frameworks */,
				3FB54796D56242B98B617037 /* Copy Pods Resources */,
			);
			buildRules = (
			);
			dependencies = (
				C5BA1B7F1B26F890006D80BC /* PBXTargetDependency */,
			);
			name = HyperTimeLogger;
			productName = HyperTimeLogger;
			productReference = C5FFE3D21B1857CE007D317D /* HyperTimeLogger.app */;
			productType = "com.apple.product-type.application";
		};
		C5FFE3EA1B1857CE007D317D /* HyperTimeLoggerTests */ = {
			isa = PBXNativeTarget;
			buildConfigurationList = C5FFE3F81B1857CE007D317D /* Build configuration list for PBXNativeTarget "HyperTimeLoggerTests" */;
			buildPhases = (
				C5FFE3E71B1857CE007D317D /* Sources */,
				C5FFE3E81B1857CE007D317D /* Frameworks */,
				C5FFE3E91B1857CE007D317D /* Resources */,
			);
			buildRules = (
			);
			dependencies = (
				C5FFE3ED1B1857CE007D317D /* PBXTargetDependency */,
			);
			name = HyperTimeLoggerTests;
			productName = HyperTimeLoggerTests;
			productReference = C5FFE3EB1B1857CE007D317D /* HyperTimeLoggerTests.xctest */;
			productType = "com.apple.product-type.bundle.unit-test";
		};
/* End PBXNativeTarget section */

/* Begin PBXProject section */
		C5FFE3CA1B1857CD007D317D /* Project object */ = {
			isa = PBXProject;
			attributes = {
				CLASSPREFIX = HTL;
				LastUpgradeCheck = 0630;
				ORGANIZATIONNAME = "Maxim Pervushin";
				TargetAttributes = {
					C5B133901B27625900437B10 = {
						CreatedOnToolsVersion = 6.3.2;
						DevelopmentTeam = FRM2L78456;
						SystemCapabilities = {
							com.apple.ApplicationGroups.iOS = {
								enabled = 1;
							};
						};
					};
					C5BA1B721B26F890006D80BC = {
						CreatedOnToolsVersion = 6.3.2;
						DevelopmentTeam = FRM2L78456;
						SystemCapabilities = {
							com.apple.ApplicationGroups.iOS = {
								enabled = 1;
							};
						};
					};
					C5FFE3D11B1857CD007D317D = {
						CreatedOnToolsVersion = 6.3.2;
						DevelopmentTeam = FRM2L78456;
						SystemCapabilities = {
							com.apple.ApplicationGroups.iOS = {
								enabled = 1;
							};
						};
					};
					C5FFE3EA1B1857CE007D317D = {
						CreatedOnToolsVersion = 6.3.2;
						TestTargetID = C5FFE3D11B1857CD007D317D;
					};
				};
			};
			buildConfigurationList = C5FFE3CD1B1857CD007D317D /* Build configuration list for PBXProject "HyperTimeLogger" */;
			compatibilityVersion = "Xcode 3.2";
			developmentRegion = English;
			hasScannedForEncodings = 0;
			knownRegions = (
				en,
				Base,
				ru,
			);
			mainGroup = C5FFE3C91B1857CD007D317D;
			productRefGroup = C5FFE3D31B1857CE007D317D /* Products */;
			projectDirPath = "";
			projectRoot = "";
			targets = (
				C5FFE3D11B1857CD007D317D /* HyperTimeLogger */,
				C5FFE3EA1B1857CE007D317D /* HyperTimeLoggerTests */,
				C5BA1B721B26F890006D80BC /* TodayExtension */,
				C5B133901B27625900437B10 /* DatabaseMigrationManager */,
			);
		};
/* End PBXProject section */

/* Begin PBXResourcesBuildPhase section */
		C5B1338F1B27625900437B10 /* Resources */ = {
			isa = PBXResourcesBuildPhase;
			buildActionMask = 2147483647;
			files = (
				C5B1339F1B27625900437B10 /* Main.storyboard in Resources */,
				C5B133A41B27625900437B10 /* LaunchScreen.xib in Resources */,
				C5B133A11B27625900437B10 /* Images.xcassets in Resources */,
			);
			runOnlyForDeploymentPostprocessing = 0;
		};
		C5BA1B711B26F890006D80BC /* Resources */ = {
			isa = PBXResourcesBuildPhase;
			buildActionMask = 2147483647;
			files = (
				73BC6EB6EE606785D69E11BF /* MainInterface.storyboard in Resources */,
			);
			runOnlyForDeploymentPostprocessing = 0;
		};
		C5FFE3D01B1857CD007D317D /* Resources */ = {
			isa = PBXResourcesBuildPhase;
			buildActionMask = 2147483647;
			files = (
				73BC6A05F89D3165F4D8B7BA /* add.png in Resources */,
				73BC6CCA26FA978C27D3B60B /* clock_transparent.png in Resources */,
				73BC6CA531879E57486C7EC8 /* settings.png in Resources */,
				73BC60FF350DA6FB5058B617 /* settings@2x.png in Resources */,
				73BC6DB0FAD0E35F98349C2A /* settings@3x.png in Resources */,
				73BC64778F497D4CB516A097 /* Images.xcassets in Resources */,
				73BC640FFB16D604D0C20ED9 /* Localizable.strings in Resources */,
				73BC6363D79F5329D21C0063 /* DateSectionHeader.xib in Resources */,
				73BC63022AB41A7CE146CCB3 /* Main.storyboard in Resources */,
				73BC6395EE67ED552AC6108B /* Main.strings in Resources */,
				73BC6DF20D5739F30E21A963 /* LaunchScreen.xib in Resources */,
				73BC64110F95C9A23E0CA83F /* LaunchScreen.strings in Resources */,
			);
			runOnlyForDeploymentPostprocessing = 0;
		};
		C5FFE3E91B1857CE007D317D /* Resources */ = {
			isa = PBXResourcesBuildPhase;
			buildActionMask = 2147483647;
			files = (
			);
			runOnlyForDeploymentPostprocessing = 0;
		};
/* End PBXResourcesBuildPhase section */

/* Begin PBXShellScriptBuildPhase section */
		2841EDF140D8E11107098BA8 /* Check Pods Manifest.lock */ = {
			isa = PBXShellScriptBuildPhase;
			buildActionMask = 2147483647;
			files = (
			);
			inputPaths = (
			);
			name = "Check Pods Manifest.lock";
			outputPaths = (
			);
			runOnlyForDeploymentPostprocessing = 0;
			shellPath = /bin/sh;
			shellScript = "diff \"${PODS_ROOT}/../Podfile.lock\" \"${PODS_ROOT}/Manifest.lock\" > /dev/null\nif [[ $? != 0 ]] ; then\n    cat << EOM\nerror: The sandbox is not in sync with the Podfile.lock. Run 'pod install' or update your CocoaPods installation.\nEOM\n    exit 1\nfi\n";
			showEnvVarsInLog = 0;
		};
		3FB54796D56242B98B617037 /* Copy Pods Resources */ = {
			isa = PBXShellScriptBuildPhase;
			buildActionMask = 2147483647;
			files = (
			);
			inputPaths = (
			);
			name = "Copy Pods Resources";
			outputPaths = (
			);
			runOnlyForDeploymentPostprocessing = 0;
			shellPath = /bin/sh;
			shellScript = "\"${SRCROOT}/../Pods/Target Support Files/Pods-HyperTimeLogger/Pods-HyperTimeLogger-resources.sh\"\n";
			showEnvVarsInLog = 0;
		};
		62E9DE820652FBBDC0479D59 /* Check Pods Manifest.lock */ = {
			isa = PBXShellScriptBuildPhase;
			buildActionMask = 2147483647;
			files = (
			);
			inputPaths = (
			);
			name = "Check Pods Manifest.lock";
			outputPaths = (
			);
			runOnlyForDeploymentPostprocessing = 0;
			shellPath = /bin/sh;
			shellScript = "diff \"${PODS_ROOT}/../Podfile.lock\" \"${PODS_ROOT}/Manifest.lock\" > /dev/null\nif [[ $? != 0 ]] ; then\n    cat << EOM\nerror: The sandbox is not in sync with the Podfile.lock. Run 'pod install' or update your CocoaPods installation.\nEOM\n    exit 1\nfi\n";
			showEnvVarsInLog = 0;
		};
		898CFCDF6C97D2AA28F77F9C /* Copy Pods Resources */ = {
			isa = PBXShellScriptBuildPhase;
			buildActionMask = 2147483647;
			files = (
			);
			inputPaths = (
			);
			name = "Copy Pods Resources";
			outputPaths = (
			);
			runOnlyForDeploymentPostprocessing = 0;
			shellPath = /bin/sh;
			shellScript = "\"${SRCROOT}/../Pods/Target Support Files/Pods-TodayExtension/Pods-TodayExtension-resources.sh\"\n";
			showEnvVarsInLog = 0;
		};
		F2F3B8981CEF6CCBB5470609 /* Embed Pods Frameworks */ = {
			isa = PBXShellScriptBuildPhase;
			buildActionMask = 2147483647;
			files = (
			);
			inputPaths = (
			);
			name = "Embed Pods Frameworks";
			outputPaths = (
			);
			runOnlyForDeploymentPostprocessing = 0;
			shellPath = /bin/sh;
			shellScript = "\"${SRCROOT}/../Pods/Target Support Files/Pods-HyperTimeLogger/Pods-HyperTimeLogger-frameworks.sh\"\n";
			showEnvVarsInLog = 0;
		};
/* End PBXShellScriptBuildPhase section */

/* Begin PBXSourcesBuildPhase section */
		C5B1338D1B27625900437B10 /* Sources */ = {
			isa = PBXSourcesBuildPhase;
			buildActionMask = 2147483647;
			files = (
				C5B1339C1B27625900437B10 /* DMMViewController.m in Sources */,
				C5B133991B27625900437B10 /* DMMAppDelegate.m in Sources */,
				C5B133961B27625900437B10 /* main.m in Sources */,
				73BC6455DC8F4C1A22455C36 /* DTFolderMonitor.m in Sources */,
			);
			runOnlyForDeploymentPostprocessing = 0;
		};
		C5BA1B6F1B26F890006D80BC /* Sources */ = {
			isa = PBXSourcesBuildPhase;
			buildActionMask = 2147483647;
			files = (
				73BC679BF2C1A1A36939932B /* NSDate+HTLComponents.m in Sources */,
				73BC6919D98B939D1BBDAF28 /* HTLReportDto+Helpers.m in Sources */,
				73BC6E5835E32AB771D40421 /* HTLReportExtendedDto+Helpers.m in Sources */,
				73BC63E583DA471B2D26C36E /* HTLReportDto.m in Sources */,
				73BC688E05940C6C7A19AEFE /* HTLCategoryDto.m in Sources */,
				73BC62568DE7117F7D84C604 /* HTLActionDto.m in Sources */,
				73BC6436C539FA93E8CB0BFF /* HTLCompletion.m in Sources */,
				C5DEC4BB1B29CF250009CF46 /* HTLCompletionCollectionViewCell.m in Sources */,
				73BC6BCFC083BDB023D12F96 /* HTLDateSectionDto.m in Sources */,
				73BC6BBDB05B2D670300F209 /* HTLReportExtendedDto.m in Sources */,
				73BC66FBEB3FEDA6D59A4EEB /* HTLSqliteStorageProvider.m in Sources */,
				73BC6C6045A93032F36ED35A /* HTLContentManager.m in Sources */,
				73BC68033AF8061D639DCFC0 /* HTETodayViewController.m in Sources */,
				73BC610CA9365423EC183AE7 /* HTETodayModelController.m in Sources */,
				73BC60E4095C74AD7CDC81DB /* DTFolderMonitor.m in Sources */,
				73BC684E460841E33AD4D707 /* HTLCSVStringExportProvider.m in Sources */,
				73BC6C89241096961A16279B /* HTLCreateReportModelController.m in Sources */,
			);
			runOnlyForDeploymentPostprocessing = 0;
		};
		C5FFE3CE1B1857CD007D317D /* Sources */ = {
			isa = PBXSourcesBuildPhase;
			buildActionMask = 2147483647;
			files = (
				73BC63A745D1B957781BC3C0 /* NSDate+HTLComponents.m in Sources */,
				73BC68D75AF9520DFA1BB170 /* HTLReportDto+Helpers.m in Sources */,
				73BC651928FC2C006FFD9AD2 /* HTLReportExtendedDto+Helpers.m in Sources */,
				73BC663B16F6B52EE9662BF9 /* HTLReportDto.m in Sources */,
				73BC600E8C599F6D11BBD183 /* HTLCategoryDto.m in Sources */,
				73BC6B1E338548FE30A4AFAD /* HTLActionDto.m in Sources */,
				73BC6BF4CEB14B9FDFD57BAE /* HTLCompletion.m in Sources */,
				73BC67A4E0C0CA36BB035D6C /* HTLDateSectionDto.m in Sources */,
				73BC6A2B52E6295CE27B3C2B /* HTLReportExtendedDto.m in Sources */,
				73BC663F4406329510726033 /* HTLSqliteStorageProvider.m in Sources */,
				73BC6D0BCBFFC6D7B897C999 /* HTLContentManager.m in Sources */,
				73BC611D0DB73478A87E6CAE /* DTFolderMonitor.m in Sources */,
				73BC672EEAEB84BB7349E9E8 /* main.m in Sources */,
				73BC6F3003DA9E160C89D992 /* HTLCircleButton.m in Sources */,
				73BC6317F1599C93F53C4D85 /* HTLBackgroundView.m in Sources */,
				73BC6CD8DE646EEA1291E698 /* HTLNavigationBar.m in Sources */,
				73BC6767D4B2E99B023FA3B9 /* HTLAddButton.m in Sources */,
				73BC645A34E659AF3FBE8EC7 /* HTLWordCell.m in Sources */,
				73BC66B33FC30A2150CFFE70 /* HTLCategoryCell.m in Sources */,
				73BC61BD69EB03905CCE8123 /* HTLReportExtendedCell.m in Sources */,
				73BC6C3939C8BDC1402436BC /* HTLCompletionTableViewCell.m in Sources */,
				73BC6BDA88B49F3A01470B76 /* HTLCompletionCollectionViewCell.m in Sources */,
				73BC685D68F5E546D092A9B8 /* HTLDateSectionHeader.m in Sources */,
				73BC6704067D5345E83FDC09 /* HTLCSVStringExportProvider.m in Sources */,
				73BC6A4EFA4C85431EFA8CE4 /* HTLAppDelegate.m in Sources */,
				73BC608CFC87E07E53395310 /* HTLCreateReportModelController.m in Sources */,
				73BC6FB1E8A9463DAF813705 /* HTLCreateReportViewController.m in Sources */,
				73BC6830F8EC45272193B38C /* HTLReportListViewController.m in Sources */,
				73BC6FC0392EB3D38A69D585 /* HTLReportListModelController.m in Sources */,
				73BC6F18A75E4DEDD5D7AF2F /* HTLSettingsModelController.m in Sources */,
				73BC60236E896700700C3BC2 /* HTLSettingsViewController.m in Sources */,
				73BC6B1241A935A5E92F176D /* HTLStatisticsViewController.m in Sources */,
			);
			runOnlyForDeploymentPostprocessing = 0;
		};
		C5FFE3E71B1857CE007D317D /* Sources */ = {
			isa = PBXSourcesBuildPhase;
			buildActionMask = 2147483647;
			files = (
				C5FFE3F21B1857CE007D317D /* HyperTimeLoggerTests.m in Sources */,
				73BC62DBB0557CEF66331263 /* HTLReportDto+Helpers.m in Sources */,
				73BC6C31367AB81A42B0C753 /* HTLReportExtendedDto+Helpers.m in Sources */,
				73BC6A05148AF26290542AC6 /* HTLReportDto.m in Sources */,
				73BC6AEDC24B3643325E6F75 /* HTLCategoryDto.m in Sources */,
				73BC6E37E01E454ABCF88F75 /* HTLActionDto.m in Sources */,
				73BC6C3879C2267F06376B2E /* HTLDateSectionDto.m in Sources */,
				73BC65EBF2E0EFBE18CE5FAA /* HTLReportExtendedDto.m in Sources */,
				73BC6F252D0DD2B6A39BE51B /* HTLCircleButton.m in Sources */,
			);
			runOnlyForDeploymentPostprocessing = 0;
		};
/* End PBXSourcesBuildPhase section */

/* Begin PBXTargetDependency section */
		C5BA1B7F1B26F890006D80BC /* PBXTargetDependency */ = {
			isa = PBXTargetDependency;
			target = C5BA1B721B26F890006D80BC /* TodayExtension */;
			targetProxy = C5BA1B7E1B26F890006D80BC /* PBXContainerItemProxy */;
		};
		C5FFE3ED1B1857CE007D317D /* PBXTargetDependency */ = {
			isa = PBXTargetDependency;
			target = C5FFE3D11B1857CD007D317D /* HyperTimeLogger */;
			targetProxy = C5FFE3EC1B1857CE007D317D /* PBXContainerItemProxy */;
		};
/* End PBXTargetDependency section */

/* Begin PBXVariantGroup section */
		73BC605DD4953A52F582A296 /* LaunchScreen.strings */ = {
			isa = PBXVariantGroup;
			children = (
				73BC68EFE41FC9FAA244E77D /* ru */,
			);
			name = LaunchScreen.strings;
			sourceTree = "<group>";
		};
		73BC620DB204BDC3A7627D79 /* Main.storyboard */ = {
			isa = PBXVariantGroup;
			children = (
				73BC6C810816AF3D4802B225 /* Base */,
			);
			name = Main.storyboard;
			sourceTree = "<group>";
		};
		73BC6A1A390AD51F5BC5D746 /* Localizable.strings */ = {
			isa = PBXVariantGroup;
			children = (
				73BC6AE25D756894B6C63D36 /* Base */,
				73BC6D00234C52BAB13FA486 /* ru */,
			);
			name = Localizable.strings;
			sourceTree = "<group>";
		};
		73BC6E9C0BA0C35959FD22A8 /* Main.strings */ = {
			isa = PBXVariantGroup;
			children = (
				73BC655451924DE1C0C5F74B /* ru */,
			);
			name = Main.strings;
			sourceTree = "<group>";
		};
		73BC6E9C8FD5CB23EB0EE25C /* LaunchScreen.xib */ = {
			isa = PBXVariantGroup;
			children = (
				73BC668E9200CAA2D4F09386 /* Base */,
			);
			name = LaunchScreen.xib;
			sourceTree = "<group>";
		};
		C5B1339D1B27625900437B10 /* Main.storyboard */ = {
			isa = PBXVariantGroup;
			children = (
				C5B1339E1B27625900437B10 /* Base */,
			);
			name = Main.storyboard;
			sourceTree = "<group>";
		};
		C5B133A21B27625900437B10 /* LaunchScreen.xib */ = {
			isa = PBXVariantGroup;
			children = (
				C5B133A31B27625900437B10 /* Base */,
			);
			name = LaunchScreen.xib;
			sourceTree = "<group>";
		};
/* End PBXVariantGroup section */

/* Begin XCBuildConfiguration section */
		C5B133B21B27625A00437B10 /* Debug */ = {
			isa = XCBuildConfiguration;
			buildSettings = {
				ASSETCATALOG_COMPILER_APPICON_NAME = AppIcon;
				CODE_SIGN_ENTITLEMENTS = DatabaseMigrationManager/DatabaseMigrationManager.entitlements;
				CODE_SIGN_IDENTITY = "iPhone Developer";
				"CODE_SIGN_IDENTITY[sdk=iphoneos*]" = "iPhone Developer";
				GCC_PREPROCESSOR_DEFINITIONS = (
					"DEBUG=1",
					"$(inherited)",
				);
				INFOPLIST_FILE = DatabaseMigrationManager/Info.plist;
				LD_RUNPATH_SEARCH_PATHS = "$(inherited) @executable_path/Frameworks";
				PRODUCT_NAME = "$(TARGET_NAME)";
				PROVISIONING_PROFILE = "";
			};
			name = Debug;
		};
		C5B133B31B27625A00437B10 /* Release */ = {
			isa = XCBuildConfiguration;
			buildSettings = {
				ASSETCATALOG_COMPILER_APPICON_NAME = AppIcon;
				CODE_SIGN_ENTITLEMENTS = DatabaseMigrationManager/DatabaseMigrationManager.entitlements;
				CODE_SIGN_IDENTITY = "iPhone Developer";
				"CODE_SIGN_IDENTITY[sdk=iphoneos*]" = "iPhone Developer";
				INFOPLIST_FILE = DatabaseMigrationManager/Info.plist;
				LD_RUNPATH_SEARCH_PATHS = "$(inherited) @executable_path/Frameworks";
				PRODUCT_NAME = "$(TARGET_NAME)";
				PROVISIONING_PROFILE = "";
			};
			name = Release;
		};
		C5BA1B811B26F890006D80BC /* Debug */ = {
			isa = XCBuildConfiguration;
			baseConfigurationReference = 617AE9E650925A0499F5E44C /* Pods-TodayExtension.debug.xcconfig */;
			buildSettings = {
				CODE_SIGN_ENTITLEMENTS = TodayExtension/TodayExtension.entitlements;
				CODE_SIGN_IDENTITY = "iPhone Developer";
				"CODE_SIGN_IDENTITY[sdk=iphoneos*]" = "iPhone Developer";
				GCC_PRECOMPILE_PREFIX_HEADER = YES;
				GCC_PREFIX_HEADER = HyperTimeLogger/PrefixHeader.pch;
				GCC_PREPROCESSOR_DEFINITIONS = (
					"DEBUG=1",
					"$(inherited)",
				);
				INFOPLIST_FILE = TodayExtension/Info.plist;
				LD_RUNPATH_SEARCH_PATHS = "$(inherited) @executable_path/Frameworks @executable_path/../../Frameworks";
				PRODUCT_NAME = "$(TARGET_NAME)";
				PROVISIONING_PROFILE = "";
				SKIP_INSTALL = YES;
			};
			name = Debug;
		};
		C5BA1B821B26F890006D80BC /* Release */ = {
			isa = XCBuildConfiguration;
			baseConfigurationReference = 5D95DDDBEB7C458B73BB7321 /* Pods-TodayExtension.release.xcconfig */;
			buildSettings = {
				CODE_SIGN_ENTITLEMENTS = TodayExtension/TodayExtension.entitlements;
				CODE_SIGN_IDENTITY = "iPhone Developer";
				"CODE_SIGN_IDENTITY[sdk=iphoneos*]" = "iPhone Developer";
				GCC_PRECOMPILE_PREFIX_HEADER = YES;
				GCC_PREFIX_HEADER = HyperTimeLogger/PrefixHeader.pch;
				INFOPLIST_FILE = TodayExtension/Info.plist;
				LD_RUNPATH_SEARCH_PATHS = "$(inherited) @executable_path/Frameworks @executable_path/../../Frameworks";
				PRODUCT_NAME = "$(TARGET_NAME)";
				PROVISIONING_PROFILE = "";
				SKIP_INSTALL = YES;
			};
			name = Release;
		};
		C5FFE3F31B1857CE007D317D /* Debug */ = {
			isa = XCBuildConfiguration;
			buildSettings = {
				ALWAYS_SEARCH_USER_PATHS = NO;
				CLANG_CXX_LANGUAGE_STANDARD = "gnu++0x";
				CLANG_CXX_LIBRARY = "libc++";
				CLANG_ENABLE_MODULES = YES;
				CLANG_ENABLE_OBJC_ARC = YES;
				CLANG_WARN_BOOL_CONVERSION = YES;
				CLANG_WARN_CONSTANT_CONVERSION = YES;
				CLANG_WARN_DIRECT_OBJC_ISA_USAGE = YES_ERROR;
				CLANG_WARN_EMPTY_BODY = YES;
				CLANG_WARN_ENUM_CONVERSION = YES;
				CLANG_WARN_INT_CONVERSION = YES;
				CLANG_WARN_OBJC_ROOT_CLASS = YES_ERROR;
				CLANG_WARN_UNREACHABLE_CODE = YES;
				CLANG_WARN__DUPLICATE_METHOD_MATCH = YES;
				"CODE_SIGN_IDENTITY[sdk=iphoneos*]" = "iPhone Developer";
				COPY_PHASE_STRIP = NO;
				DEBUG_INFORMATION_FORMAT = "dwarf-with-dsym";
				ENABLE_STRICT_OBJC_MSGSEND = YES;
				GCC_C_LANGUAGE_STANDARD = gnu99;
				GCC_DYNAMIC_NO_PIC = NO;
				GCC_NO_COMMON_BLOCKS = YES;
				GCC_OPTIMIZATION_LEVEL = 0;
				GCC_PREPROCESSOR_DEFINITIONS = (
					"DEBUG=1",
					"$(inherited)",
				);
				GCC_SYMBOLS_PRIVATE_EXTERN = NO;
				GCC_WARN_64_TO_32_BIT_CONVERSION = YES;
				GCC_WARN_ABOUT_RETURN_TYPE = YES_ERROR;
				GCC_WARN_UNDECLARED_SELECTOR = YES;
				GCC_WARN_UNINITIALIZED_AUTOS = YES_AGGRESSIVE;
				GCC_WARN_UNUSED_FUNCTION = YES;
				GCC_WARN_UNUSED_VARIABLE = YES;
				IPHONEOS_DEPLOYMENT_TARGET = 8.3;
				MTL_ENABLE_DEBUG_INFO = YES;
				ONLY_ACTIVE_ARCH = YES;
				SDKROOT = iphoneos;
				TARGETED_DEVICE_FAMILY = "1,2";
			};
			name = Debug;
		};
		C5FFE3F41B1857CE007D317D /* Release */ = {
			isa = XCBuildConfiguration;
			buildSettings = {
				ALWAYS_SEARCH_USER_PATHS = NO;
				CLANG_CXX_LANGUAGE_STANDARD = "gnu++0x";
				CLANG_CXX_LIBRARY = "libc++";
				CLANG_ENABLE_MODULES = YES;
				CLANG_ENABLE_OBJC_ARC = YES;
				CLANG_WARN_BOOL_CONVERSION = YES;
				CLANG_WARN_CONSTANT_CONVERSION = YES;
				CLANG_WARN_DIRECT_OBJC_ISA_USAGE = YES_ERROR;
				CLANG_WARN_EMPTY_BODY = YES;
				CLANG_WARN_ENUM_CONVERSION = YES;
				CLANG_WARN_INT_CONVERSION = YES;
				CLANG_WARN_OBJC_ROOT_CLASS = YES_ERROR;
				CLANG_WARN_UNREACHABLE_CODE = YES;
				CLANG_WARN__DUPLICATE_METHOD_MATCH = YES;
				"CODE_SIGN_IDENTITY[sdk=iphoneos*]" = "iPhone Developer";
				COPY_PHASE_STRIP = NO;
				DEBUG_INFORMATION_FORMAT = "dwarf-with-dsym";
				ENABLE_NS_ASSERTIONS = NO;
				ENABLE_STRICT_OBJC_MSGSEND = YES;
				GCC_C_LANGUAGE_STANDARD = gnu99;
				GCC_NO_COMMON_BLOCKS = YES;
				GCC_WARN_64_TO_32_BIT_CONVERSION = YES;
				GCC_WARN_ABOUT_RETURN_TYPE = YES_ERROR;
				GCC_WARN_UNDECLARED_SELECTOR = YES;
				GCC_WARN_UNINITIALIZED_AUTOS = YES_AGGRESSIVE;
				GCC_WARN_UNUSED_FUNCTION = YES;
				GCC_WARN_UNUSED_VARIABLE = YES;
				IPHONEOS_DEPLOYMENT_TARGET = 8.3;
				MTL_ENABLE_DEBUG_INFO = NO;
				SDKROOT = iphoneos;
				TARGETED_DEVICE_FAMILY = "1,2";
				VALIDATE_PRODUCT = YES;
			};
			name = Release;
		};
		C5FFE3F61B1857CE007D317D /* Debug */ = {
			isa = XCBuildConfiguration;
			baseConfigurationReference = 5F5BA0F90CC2D946CDD3327B /* Pods-HyperTimeLogger.debug.xcconfig */;
			buildSettings = {
				ASSETCATALOG_COMPILER_APPICON_NAME = AppIcon;
				CODE_SIGN_ENTITLEMENTS = HyperTimeLogger/HyperTimeLogger.entitlements;
				CODE_SIGN_IDENTITY = "iPhone Developer";
				"CODE_SIGN_IDENTITY[sdk=iphoneos*]" = "iPhone Developer";
				GCC_PRECOMPILE_PREFIX_HEADER = YES;
				GCC_PREFIX_HEADER = HyperTimeLogger/PrefixHeader.pch;
				INFOPLIST_FILE = HyperTimeLogger/Info.plist;
				LD_RUNPATH_SEARCH_PATHS = "$(inherited) @executable_path/Frameworks";
				PRODUCT_NAME = "$(TARGET_NAME)";
				PROVISIONING_PROFILE = "";
				USER_HEADER_SEARCH_PATHS = "\"${PROJECT_DIR}/../Pods\"/**";
			};
			name = Debug;
		};
		C5FFE3F71B1857CE007D317D /* Release */ = {
			isa = XCBuildConfiguration;
			baseConfigurationReference = C080C216BEBCCD26E4BC3451 /* Pods-HyperTimeLogger.release.xcconfig */;
			buildSettings = {
				ASSETCATALOG_COMPILER_APPICON_NAME = AppIcon;
				CODE_SIGN_ENTITLEMENTS = HyperTimeLogger/HyperTimeLogger.entitlements;
				CODE_SIGN_IDENTITY = "iPhone Developer";
				"CODE_SIGN_IDENTITY[sdk=iphoneos*]" = "iPhone Developer";
				GCC_PRECOMPILE_PREFIX_HEADER = YES;
				GCC_PREFIX_HEADER = HyperTimeLogger/PrefixHeader.pch;
				INFOPLIST_FILE = HyperTimeLogger/Info.plist;
				LD_RUNPATH_SEARCH_PATHS = "$(inherited) @executable_path/Frameworks";
				PRODUCT_NAME = "$(TARGET_NAME)";
				PROVISIONING_PROFILE = "";
				USER_HEADER_SEARCH_PATHS = "\"${PROJECT_DIR}/../Pods\"/**";
			};
			name = Release;
		};
		C5FFE3F91B1857CE007D317D /* Debug */ = {
			isa = XCBuildConfiguration;
			buildSettings = {
				BUNDLE_LOADER = "$(TEST_HOST)";
				FRAMEWORK_SEARCH_PATHS = (
					"$(SDKROOT)/Developer/Library/Frameworks",
					"$(inherited)",
				);
				GCC_PREPROCESSOR_DEFINITIONS = (
					"DEBUG=1",
					"$(inherited)",
				);
				INFOPLIST_FILE = HyperTimeLoggerTests/Info.plist;
				LD_RUNPATH_SEARCH_PATHS = "$(inherited) @executable_path/Frameworks @loader_path/Frameworks";
				PRODUCT_NAME = "$(TARGET_NAME)";
				TEST_HOST = "$(BUILT_PRODUCTS_DIR)/HyperTimeLogger.app/HyperTimeLogger";
			};
			name = Debug;
		};
		C5FFE3FA1B1857CE007D317D /* Release */ = {
			isa = XCBuildConfiguration;
			buildSettings = {
				BUNDLE_LOADER = "$(TEST_HOST)";
				FRAMEWORK_SEARCH_PATHS = (
					"$(SDKROOT)/Developer/Library/Frameworks",
					"$(inherited)",
				);
				INFOPLIST_FILE = HyperTimeLoggerTests/Info.plist;
				LD_RUNPATH_SEARCH_PATHS = "$(inherited) @executable_path/Frameworks @loader_path/Frameworks";
				PRODUCT_NAME = "$(TARGET_NAME)";
				TEST_HOST = "$(BUILT_PRODUCTS_DIR)/HyperTimeLogger.app/HyperTimeLogger";
			};
			name = Release;
		};
/* End XCBuildConfiguration section */

/* Begin XCConfigurationList section */
		C5B133B11B27625A00437B10 /* Build configuration list for PBXNativeTarget "DatabaseMigrationManager" */ = {
			isa = XCConfigurationList;
			buildConfigurations = (
				C5B133B21B27625A00437B10 /* Debug */,
				C5B133B31B27625A00437B10 /* Release */,
			);
			defaultConfigurationIsVisible = 0;
			defaultConfigurationName = Release;
		};
		C5BA1B831B26F890006D80BC /* Build configuration list for PBXNativeTarget "TodayExtension" */ = {
			isa = XCConfigurationList;
			buildConfigurations = (
				C5BA1B811B26F890006D80BC /* Debug */,
				C5BA1B821B26F890006D80BC /* Release */,
			);
			defaultConfigurationIsVisible = 0;
			defaultConfigurationName = Release;
		};
		C5FFE3CD1B1857CD007D317D /* Build configuration list for PBXProject "HyperTimeLogger" */ = {
			isa = XCConfigurationList;
			buildConfigurations = (
				C5FFE3F31B1857CE007D317D /* Debug */,
				C5FFE3F41B1857CE007D317D /* Release */,
			);
			defaultConfigurationIsVisible = 0;
			defaultConfigurationName = Release;
		};
		C5FFE3F51B1857CE007D317D /* Build configuration list for PBXNativeTarget "HyperTimeLogger" */ = {
			isa = XCConfigurationList;
			buildConfigurations = (
				C5FFE3F61B1857CE007D317D /* Debug */,
				C5FFE3F71B1857CE007D317D /* Release */,
			);
			defaultConfigurationIsVisible = 0;
			defaultConfigurationName = Release;
		};
		C5FFE3F81B1857CE007D317D /* Build configuration list for PBXNativeTarget "HyperTimeLoggerTests" */ = {
			isa = XCConfigurationList;
			buildConfigurations = (
				C5FFE3F91B1857CE007D317D /* Debug */,
				C5FFE3FA1B1857CE007D317D /* Release */,
			);
			defaultConfigurationIsVisible = 0;
			defaultConfigurationName = Release;
		};
/* End XCConfigurationList section */
	};
	rootObject = C5FFE3CA1B1857CD007D317D /* Project object */;
}
