// !$*UTF8*$!
{
	archiveVersion = 1;
	classes = {
	};
	objectVersion = 46;
	objects = {

/* Begin PBXBuildFile section */
		73BC600E8C599F6D11BBD183 /* HTLCategoryDto.m in Sources */ = {isa = PBXBuildFile; fileRef = 73BC660F9035AF2D12D68B11 /* HTLCategoryDto.m */; };
		73BC60A9E3DA6728F9788F57 /* HTLSqliteStorageProvider+Deserialization.m in Sources */ = {isa = PBXBuildFile; fileRef = 73BC6D1F71AFEE603353B859 /* HTLSqliteStorageProvider+Deserialization.m */; };
		73BC610CA9365423EC183AE7 /* HTETodayModelController.m in Sources */ = {isa = PBXBuildFile; fileRef = 73BC6C705D0378287850972F /* HTETodayModelController.m */; };
		73BC611D0DB73478A87E6CAE /* DTFolderMonitor.m in Sources */ = {isa = PBXBuildFile; fileRef = 73BC6C4782FCAEADF81D13DD /* DTFolderMonitor.m */; };
		73BC617D5432B3204E578CF4 /* settings.png in Resources */ = {isa = PBXBuildFile; fileRef = 73BC6F7DCFA8D0EF70DD39E0 /* settings.png */; };
		73BC619C76D5356050DEACF4 /* HTLCircleButton.m in Sources */ = {isa = PBXBuildFile; fileRef = 73BC6396FF8919F2C1A22A95 /* HTLCircleButton.m */; };
		73BC62568DE7117F7D84C604 /* HTLActionDto.m in Sources */ = {isa = PBXBuildFile; fileRef = 73BC648635BCE062AF18E634 /* HTLActionDto.m */; };
		73BC62DBB0557CEF66331263 /* HTLReportDto+Helpers.m in Sources */ = {isa = PBXBuildFile; fileRef = 73BC6F771B4A63AA8FABCDF5 /* HTLReportDto+Helpers.m */; };
		73BC63786959F7D83E3E87CF /* HTLSettingsViewController.m in Sources */ = {isa = PBXBuildFile; fileRef = 73BC69788FA88BEA8DAF03AC /* HTLSettingsViewController.m */; };
		73BC63A745D1B957781BC3C0 /* NSDate+HTLComponents.m in Sources */ = {isa = PBXBuildFile; fileRef = 73BC6F6EE1E455D98426F705 /* NSDate+HTLComponents.m */; };
		73BC63D51F415B3D2950F6A6 /* HTLStatisticsViewController.m in Sources */ = {isa = PBXBuildFile; fileRef = 73BC6B86F0BBBAD9C3ECC490 /* HTLStatisticsViewController.m */; };
		73BC63D7E123A596DFCD6FEC /* HTLModelController.m in Sources */ = {isa = PBXBuildFile; fileRef = 73BC6B2EF7D4AAB16D0EC09A /* HTLModelController.m */; };
		73BC63E32C89489EBDFD05E0 /* HTLDateSectionHeader.m in Sources */ = {isa = PBXBuildFile; fileRef = 73BC615392383318004C30BA /* HTLDateSectionHeader.m */; };
		73BC63E583DA471B2D26C36E /* HTLReportDto.m in Sources */ = {isa = PBXBuildFile; fileRef = 73BC6A41E76EE6DBA2B7B791 /* HTLReportDto.m */; };
		73BC63F953A4F0A419C9FAB6 /* HTLBackgroundView.m in Sources */ = {isa = PBXBuildFile; fileRef = 73BC69C3F2154ED17C55C345 /* HTLBackgroundView.m */; };
		73BC6436C539FA93E8CB0BFF /* HTLCompletionDto.m in Sources */ = {isa = PBXBuildFile; fileRef = 73BC612AAFD0BFC06B406EC4 /* HTLCompletionDto.m */; };
		73BC645506B4E067A0A25D6D /* main.m in Sources */ = {isa = PBXBuildFile; fileRef = 73BC658C5988656B19048ABE /* main.m */; };
		73BC65608065C1CBF9F089C0 /* HTLStatisticsItemDto.m in Sources */ = {isa = PBXBuildFile; fileRef = 73BC68639DDCA8BD7C16A37A /* HTLStatisticsItemDto.m */; };
		73BC65AB5A04FEEA2462F6AF /* HTLCompletionCollectionViewCell.m in Sources */ = {isa = PBXBuildFile; fileRef = 73BC6A799292EFF1A3FDE4D4 /* HTLCompletionCollectionViewCell.m */; };
		73BC65EBF2E0EFBE18CE5FAA /* HTLReportExtendedDto.m in Sources */ = {isa = PBXBuildFile; fileRef = 73BC666118C4F574F66F741D /* HTLReportExtendedDto.m */; };
		73BC663B16F6B52EE9662BF9 /* HTLReportDto.m in Sources */ = {isa = PBXBuildFile; fileRef = 73BC6A41E76EE6DBA2B7B791 /* HTLReportDto.m */; };
		73BC663F4406329510726033 /* HTLSqliteStorageProvider.m in Sources */ = {isa = PBXBuildFile; fileRef = 73BC686334D59793FEFA2E86 /* HTLSqliteStorageProvider.m */; };
		73BC66E062885277EA135AC0 /* NotificationCenter.framework in Frameworks */ = {isa = PBXBuildFile; fileRef = 73BC6FB0EFED7B84F71E676E /* NotificationCenter.framework */; };
		73BC66FBEB3FEDA6D59A4EEB /* HTLSqliteStorageProvider.m in Sources */ = {isa = PBXBuildFile; fileRef = 73BC686334D59793FEFA2E86 /* HTLSqliteStorageProvider.m */; };
		73BC673ED541609F1B93818F /* HTLSqliteStorageProvider+Deserialization.m in Sources */ = {isa = PBXBuildFile; fileRef = 73BC6D1F71AFEE603353B859 /* HTLSqliteStorageProvider+Deserialization.m */; };
		73BC679BF2C1A1A36939932B /* NSDate+HTLComponents.m in Sources */ = {isa = PBXBuildFile; fileRef = 73BC6F6EE1E455D98426F705 /* NSDate+HTLComponents.m */; };
		73BC67A4E0C0CA36BB035D6C /* HTLDateSectionDto.m in Sources */ = {isa = PBXBuildFile; fileRef = 73BC66709A1F2D03B601899D /* HTLDateSectionDto.m */; };
		73BC68033AF8061D639DCFC0 /* HTETodayViewController.m in Sources */ = {isa = PBXBuildFile; fileRef = 73BC6B8E25A8D300C95D3491 /* HTETodayViewController.m */; };
		73BC683F3F065135DC98F27B /* HTLAddButton.m in Sources */ = {isa = PBXBuildFile; fileRef = 73BC6CED2DD0EDA6469CEEBA /* HTLAddButton.m */; };
		73BC68546859BB9B9464FFD0 /* HTLReportListModelController.m in Sources */ = {isa = PBXBuildFile; fileRef = 73BC6F28EAC2335F9576CA6C /* HTLReportListModelController.m */; };
		73BC686682E53ABD3DCB152B /* HTLAppDelegate.m in Sources */ = {isa = PBXBuildFile; fileRef = 73BC62BD6319224D876880BD /* HTLAppDelegate.m */; };
		73BC688E05940C6C7A19AEFE /* HTLCategoryDto.m in Sources */ = {isa = PBXBuildFile; fileRef = 73BC660F9035AF2D12D68B11 /* HTLCategoryDto.m */; };
		73BC68952D802890D47F3381 /* HTLCompletionTableViewCell.m in Sources */ = {isa = PBXBuildFile; fileRef = 73BC6597BF0ADA89652FD15C /* HTLCompletionTableViewCell.m */; };
		73BC68BD5C6BF2A0BA095605 /* Images.xcassets in Resources */ = {isa = PBXBuildFile; fileRef = 73BC6FBF1D739E2158DA64F6 /* Images.xcassets */; };
		73BC68D041B3B7438345B659 /* HTLNavigationBar.m in Sources */ = {isa = PBXBuildFile; fileRef = 73BC675BA63D17605F56B715 /* HTLNavigationBar.m */; };
		73BC68D75AF9520DFA1BB170 /* HTLReportDto+Helpers.m in Sources */ = {isa = PBXBuildFile; fileRef = 73BC6F771B4A63AA8FABCDF5 /* HTLReportDto+Helpers.m */; };
		73BC6919D98B939D1BBDAF28 /* HTLReportDto+Helpers.m in Sources */ = {isa = PBXBuildFile; fileRef = 73BC6F771B4A63AA8FABCDF5 /* HTLReportDto+Helpers.m */; };
		73BC69530AA65A5F73B11569 /* HTLCSVStringExportProvider.m in Sources */ = {isa = PBXBuildFile; fileRef = 73BC6FEC821B2D22ACD250CD /* HTLCSVStringExportProvider.m */; };
		73BC697836C7BC71A9FAEE26 /* clock_transparent.png in Resources */ = {isa = PBXBuildFile; fileRef = 73BC68B4BB6FD2C16DCFD83A /* clock_transparent.png */; };
		73BC69E4F116C55691C0B6DF /* HTLCSVStringExportProvider.m in Sources */ = {isa = PBXBuildFile; fileRef = 73BC6FEC821B2D22ACD250CD /* HTLCSVStringExportProvider.m */; };
		73BC6A05148AF26290542AC6 /* HTLReportDto.m in Sources */ = {isa = PBXBuildFile; fileRef = 73BC6A41E76EE6DBA2B7B791 /* HTLReportDto.m */; };
		73BC6A2B52E6295CE27B3C2B /* HTLReportExtendedDto.m in Sources */ = {isa = PBXBuildFile; fileRef = 73BC666118C4F574F66F741D /* HTLReportExtendedDto.m */; };
		73BC6A38F00033FFAF9A4769 /* HTLSettingsModelController.m in Sources */ = {isa = PBXBuildFile; fileRef = 73BC6E516EB62290DD7B243C /* HTLSettingsModelController.m */; };
		73BC6A40B1C27D0F21D567DE /* HTLReportExtendedCell.m in Sources */ = {isa = PBXBuildFile; fileRef = 73BC6096955E043B729051F4 /* HTLReportExtendedCell.m */; };
		73BC6AC1C3C34AB23E8A3D42 /* HTLModelController.m in Sources */ = {isa = PBXBuildFile; fileRef = 73BC6B2EF7D4AAB16D0EC09A /* HTLModelController.m */; };
		73BC6ACDC82E718A89E6C930 /* HTLSettingsModelController+TestData.m in Sources */ = {isa = PBXBuildFile; fileRef = 73BC61A9C99CE0428963C88B /* HTLSettingsModelController+TestData.m */; };
		73BC6ACF153F24B101D5596E /* HTLCategoryCell.m in Sources */ = {isa = PBXBuildFile; fileRef = 73BC6BF188BC4B62EBAED386 /* HTLCategoryCell.m */; };
		73BC6AEDC24B3643325E6F75 /* HTLCategoryDto.m in Sources */ = {isa = PBXBuildFile; fileRef = 73BC660F9035AF2D12D68B11 /* HTLCategoryDto.m */; };
		73BC6B1E338548FE30A4AFAD /* HTLActionDto.m in Sources */ = {isa = PBXBuildFile; fileRef = 73BC648635BCE062AF18E634 /* HTLActionDto.m */; };
		73BC6B5E48C8D2C5D91C39EB /* HTLStatisticsModelController.m in Sources */ = {isa = PBXBuildFile; fileRef = 73BC64B38D1BC62AB8562034 /* HTLStatisticsModelController.m */; };
		73BC6B9AD1668565075E5DF0 /* Pods_TodayExtension.framework in Frameworks */ = {isa = PBXBuildFile; fileRef = 73BC622E9691559B4565139E /* Pods_TodayExtension.framework */; settings = {ATTRIBUTES = (Weak, ); }; };
		73BC6B9FDBFB2EE8267221A9 /* HTLModelController.m in Sources */ = {isa = PBXBuildFile; fileRef = 73BC6B2EF7D4AAB16D0EC09A /* HTLModelController.m */; };
		73BC6BB80E74AD1C414F0C8D /* HTLPieChartCell.m in Sources */ = {isa = PBXBuildFile; fileRef = 73BC6E4CD1FE08E15C414BAC /* HTLPieChartCell.m */; };
		73BC6BBDB05B2D670300F209 /* HTLReportExtendedDto.m in Sources */ = {isa = PBXBuildFile; fileRef = 73BC666118C4F574F66F741D /* HTLReportExtendedDto.m */; };
		73BC6BCFC083BDB023D12F96 /* HTLDateSectionDto.m in Sources */ = {isa = PBXBuildFile; fileRef = 73BC66709A1F2D03B601899D /* HTLDateSectionDto.m */; };
		73BC6BF4CEB14B9FDFD57BAE /* HTLCompletionDto.m in Sources */ = {isa = PBXBuildFile; fileRef = 73BC612AAFD0BFC06B406EC4 /* HTLCompletionDto.m */; };
		73BC6C3879C2267F06376B2E /* HTLDateSectionDto.m in Sources */ = {isa = PBXBuildFile; fileRef = 73BC66709A1F2D03B601899D /* HTLDateSectionDto.m */; };
		73BC6C6045A93032F36ED35A /* HTLContentManager.m in Sources */ = {isa = PBXBuildFile; fileRef = 73BC6F1E0AC02A596C78B942 /* HTLContentManager.m */; };
		73BC6C75E24784AC052671E5 /* HTLEditReportViewController.m in Sources */ = {isa = PBXBuildFile; fileRef = 73BC6B659C1F2AF2CF606296 /* HTLEditReportViewController.m */; };
		73BC6CC003E2DB538E6F16DE /* settings@2x.png in Resources */ = {isa = PBXBuildFile; fileRef = 73BC6A22878FD4F414CF5C2A /* settings@2x.png */; };
		73BC6D0BCBFFC6D7B897C999 /* HTLContentManager.m in Sources */ = {isa = PBXBuildFile; fileRef = 73BC6F1E0AC02A596C78B942 /* HTLContentManager.m */; };
		73BC6D42F5DEFED44D50CF72 /* settings@3x.png in Resources */ = {isa = PBXBuildFile; fileRef = 73BC6B415FC214ECAF121C50 /* settings@3x.png */; };
		73BC6D50D0F7419C4DBD8D09 /* DateSectionHeader.xib in Resources */ = {isa = PBXBuildFile; fileRef = 73BC6ED6CA4E40EF0A86A0D6 /* DateSectionHeader.xib */; };
		73BC6D96930A9DDA7825C490 /* HTLCompletionCollectionViewCell.m in Sources */ = {isa = PBXBuildFile; fileRef = 73BC6A799292EFF1A3FDE4D4 /* HTLCompletionCollectionViewCell.m */; };
		73BC6E37E01E454ABCF88F75 /* HTLActionDto.m in Sources */ = {isa = PBXBuildFile; fileRef = 73BC648635BCE062AF18E634 /* HTLActionDto.m */; };
		73BC6E4DED1BEDC0CE46C60D /* HTLStatisticsItemCell.m in Sources */ = {isa = PBXBuildFile; fileRef = 73BC68B935DD2C83FA55C77F /* HTLStatisticsItemCell.m */; };
		73BC6E87D97E20610C0F256F /* HTLCircleButton.m in Sources */ = {isa = PBXBuildFile; fileRef = 73BC6396FF8919F2C1A22A95 /* HTLCircleButton.m */; };
		73BC6E8F223111B6EB5A243E /* HTLReportListViewController.m in Sources */ = {isa = PBXBuildFile; fileRef = 73BC6E168D88E254C8F6A4CE /* HTLReportListViewController.m */; };
		73BC6F0D931166EADD7E2E4F /* Pods_HyperTimeLogger.framework in Frameworks */ = {isa = PBXBuildFile; fileRef = 73BC64D990F65D9E25A88C68 /* Pods_HyperTimeLogger.framework */; settings = {ATTRIBUTES = (Weak, ); }; };
		73BC6FAB452C5DBF4EC4D193 /* HTLEditReportModelController.m in Sources */ = {isa = PBXBuildFile; fileRef = 73BC6F6B107E3546F7EBAE5C /* HTLEditReportModelController.m */; };
		73BC6FB04C767843085BD236 /* HTLWordCell.m in Sources */ = {isa = PBXBuildFile; fileRef = 73BC6D5199B0C7EF65D8A836 /* HTLWordCell.m */; };
		C516A6CC1B3A8F2A0018F022 /* HTLRoundButton.m in Sources */ = {isa = PBXBuildFile; fileRef = C516A6CB1B3A8F2A0018F022 /* HTLRoundButton.m */; };
		C516A6CD1B3A8F2A0018F022 /* HTLRoundButton.m in Sources */ = {isa = PBXBuildFile; fileRef = C516A6CB1B3A8F2A0018F022 /* HTLRoundButton.m */; };
		C51F130E1B32C592001F452F /* statistics.png in Resources */ = {isa = PBXBuildFile; fileRef = C51F130B1B32C592001F452F /* statistics.png */; };
		C51F130F1B32C592001F452F /* statistics@2x.png in Resources */ = {isa = PBXBuildFile; fileRef = C51F130C1B32C592001F452F /* statistics@2x.png */; };
		C51F13101B32C592001F452F /* statistics@3x.png in Resources */ = {isa = PBXBuildFile; fileRef = C51F130D1B32C592001F452F /* statistics@3x.png */; };
		C51F13121B32C5B2001F452F /* add.png in Resources */ = {isa = PBXBuildFile; fileRef = C51F13111B32C5B2001F452F /* add.png */; };
		C53370711B397E520095549E /* MainInterface.storyboard in Resources */ = {isa = PBXBuildFile; fileRef = C533706F1B397E520095549E /* MainInterface.storyboard */; };
		C53370781B397FC50095549E /* DTFolderMonitor.m in Sources */ = {isa = PBXBuildFile; fileRef = 73BC6C4782FCAEADF81D13DD /* DTFolderMonitor.m */; };
		C56ED4ED1B38217F00221171 /* Fabric.framework in Frameworks */ = {isa = PBXBuildFile; fileRef = C56ED4EB1B38217F00221171 /* Fabric.framework */; };
		C56ED4EE1B38217F00221171 /* Fabric.framework in Frameworks */ = {isa = PBXBuildFile; fileRef = C56ED4EB1B38217F00221171 /* Fabric.framework */; };
		C56ED4F11B38217F00221171 /* Crashlytics.framework in Frameworks */ = {isa = PBXBuildFile; fileRef = C56ED4EC1B38217F00221171 /* Crashlytics.framework */; };
		C56ED4F21B38217F00221171 /* Crashlytics.framework in Frameworks */ = {isa = PBXBuildFile; fileRef = C56ED4EC1B38217F00221171 /* Crashlytics.framework */; };
		C58B38611B395FB7006C7AE7 /* LaunchScreen.xib in Resources */ = {isa = PBXBuildFile; fileRef = C58B385D1B395FB7006C7AE7 /* LaunchScreen.xib */; };
		C58B38621B395FB7006C7AE7 /* Main.storyboard in Resources */ = {isa = PBXBuildFile; fileRef = C58B385F1B395FB7006C7AE7 /* Main.storyboard */; };
		C59088BA1B398BD10099F8CB /* InfoPlist.strings in Resources */ = {isa = PBXBuildFile; fileRef = C59088BC1B398BD10099F8CB /* InfoPlist.strings */; };
		C59088C11B398C220099F8CB /* InfoPlist.strings in Resources */ = {isa = PBXBuildFile; fileRef = C59088C31B398C220099F8CB /* InfoPlist.strings */; };
		C59088C81B398E330099F8CB /* Localizable.strings in Resources */ = {isa = PBXBuildFile; fileRef = C59088CA1B398E330099F8CB /* Localizable.strings */; };
		C59088CD1B398FE20099F8CB /* Localizable.strings in Resources */ = {isa = PBXBuildFile; fileRef = C59088CA1B398E330099F8CB /* Localizable.strings */; };
		C5BA1B801B26F890006D80BC /* TodayExtension.appex in Embed App Extensions */ = {isa = PBXBuildFile; fileRef = C5BA1B731B26F890006D80BC /* TodayExtension.appex */; settings = {ATTRIBUTES = (RemoveHeadersOnCopy, ); }; };
		C5FFE3F21B1857CE007D317D /* HyperTimeLoggerTests.m in Sources */ = {isa = PBXBuildFile; fileRef = C5FFE3F11B1857CE007D317D /* HyperTimeLoggerTests.m */; };
/* End PBXBuildFile section */

/* Begin PBXContainerItemProxy section */
		C5BA1B7E1B26F890006D80BC /* PBXContainerItemProxy */ = {
			isa = PBXContainerItemProxy;
			containerPortal = C5FFE3CA1B1857CD007D317D /* Project object */;
			proxyType = 1;
			remoteGlobalIDString = C5BA1B721B26F890006D80BC;
			remoteInfo = TodayExtension;
		};
		C5FFE3EC1B1857CE007D317D /* PBXContainerItemProxy */ = {
			isa = PBXContainerItemProxy;
			containerPortal = C5FFE3CA1B1857CD007D317D /* Project object */;
			proxyType = 1;
			remoteGlobalIDString = C5FFE3D11B1857CD007D317D;
			remoteInfo = HyperTimeLogger;
		};
/* End PBXContainerItemProxy section */

/* Begin PBXCopyFilesBuildPhase section */
		C5BA1B841B26F890006D80BC /* Embed App Extensions */ = {
			isa = PBXCopyFilesBuildPhase;
			buildActionMask = 2147483647;
			dstPath = "";
			dstSubfolderSpec = 13;
			files = (
				C5BA1B801B26F890006D80BC /* TodayExtension.appex in Embed App Extensions */,
			);
			name = "Embed App Extensions";
			runOnlyForDeploymentPostprocessing = 0;
		};
/* End PBXCopyFilesBuildPhase section */

/* Begin PBXFileReference section */
		5D95DDDBEB7C458B73BB7321 /* Pods-TodayExtension.release.xcconfig */ = {isa = PBXFileReference; includeInIndex = 1; lastKnownFileType = text.xcconfig; name = "Pods-TodayExtension.release.xcconfig"; path = "../Pods/Target Support Files/Pods-TodayExtension/Pods-TodayExtension.release.xcconfig"; sourceTree = "<group>"; };
		5F5BA0F90CC2D946CDD3327B /* Pods-HyperTimeLogger.debug.xcconfig */ = {isa = PBXFileReference; includeInIndex = 1; lastKnownFileType = text.xcconfig; name = "Pods-HyperTimeLogger.debug.xcconfig"; path = "../Pods/Target Support Files/Pods-HyperTimeLogger/Pods-HyperTimeLogger.debug.xcconfig"; sourceTree = "<group>"; };
		617AE9E650925A0499F5E44C /* Pods-TodayExtension.debug.xcconfig */ = {isa = PBXFileReference; includeInIndex = 1; lastKnownFileType = text.xcconfig; name = "Pods-TodayExtension.debug.xcconfig"; path = "../Pods/Target Support Files/Pods-TodayExtension/Pods-TodayExtension.debug.xcconfig"; sourceTree = "<group>"; };
		73BC6034DE2E0674AFE42546 /* HTLStatisticsViewController.h */ = {isa = PBXFileReference; fileEncoding = 4; lastKnownFileType = sourcecode.c.h; path = HTLStatisticsViewController.h; sourceTree = "<group>"; };
		73BC6047AEB024122C71236D /* HTLStringExportProvider.h */ = {isa = PBXFileReference; fileEncoding = 4; lastKnownFileType = sourcecode.c.h; path = HTLStringExportProvider.h; sourceTree = "<group>"; };
		73BC608BED34E02C9AAE75C1 /* HTLReportDto+Helpers.h */ = {isa = PBXFileReference; fileEncoding = 4; lastKnownFileType = sourcecode.c.h; path = "HTLReportDto+Helpers.h"; sourceTree = "<group>"; };
		73BC6096955E043B729051F4 /* HTLReportExtendedCell.m */ = {isa = PBXFileReference; fileEncoding = 4; lastKnownFileType = sourcecode.c.objc; path = HTLReportExtendedCell.m; sourceTree = "<group>"; };
		73BC60CAD26223A8777C0D40 /* HTLCategoryCell.h */ = {isa = PBXFileReference; fileEncoding = 4; lastKnownFileType = sourcecode.c.h; path = HTLCategoryCell.h; sourceTree = "<group>"; };
		73BC60F16E439E96504928B1 /* HTLCompletionTableViewCell.h */ = {isa = PBXFileReference; fileEncoding = 4; lastKnownFileType = sourcecode.c.h; path = HTLCompletionTableViewCell.h; sourceTree = "<group>"; };
		73BC60F50DF43992ADE82594 /* HTLSqliteStorageProvider+Deserialization.h */ = {isa = PBXFileReference; fileEncoding = 4; lastKnownFileType = sourcecode.c.h; path = "HTLSqliteStorageProvider+Deserialization.h"; sourceTree = "<group>"; };
		73BC612AAFD0BFC06B406EC4 /* HTLCompletionDto.m */ = {isa = PBXFileReference; fileEncoding = 4; lastKnownFileType = sourcecode.c.objc; path = HTLCompletionDto.m; sourceTree = "<group>"; };
		73BC6131F5C0D9F45485318E /* HTLNavigationBar.h */ = {isa = PBXFileReference; fileEncoding = 4; lastKnownFileType = sourcecode.c.h; path = HTLNavigationBar.h; sourceTree = "<group>"; };
		73BC615392383318004C30BA /* HTLDateSectionHeader.m */ = {isa = PBXFileReference; fileEncoding = 4; lastKnownFileType = sourcecode.c.objc; path = HTLDateSectionHeader.m; sourceTree = "<group>"; };
		73BC6194DBE33DB85E9AFFDA /* HTLSqliteStorageProvider.h */ = {isa = PBXFileReference; fileEncoding = 4; lastKnownFileType = sourcecode.c.h; path = HTLSqliteStorageProvider.h; sourceTree = "<group>"; };
		73BC61A9C99CE0428963C88B /* HTLSettingsModelController+TestData.m */ = {isa = PBXFileReference; fileEncoding = 4; lastKnownFileType = sourcecode.c.objc; path = "HTLSettingsModelController+TestData.m"; sourceTree = "<group>"; };
		73BC61D53D7649DDE8385BD3 /* PrefixHeader.pch */ = {isa = PBXFileReference; fileEncoding = 4; lastKnownFileType = sourcecode.c.h; path = PrefixHeader.pch; sourceTree = "<group>"; };
		73BC622E9691559B4565139E /* Pods_TodayExtension.framework */ = {isa = PBXFileReference; lastKnownFileType = wrapper.framework; name = Pods_TodayExtension.framework; path = "../../../Library/Caches/AppCode32/DerivedData/HyperTimeLogger-3b7e8ea7/Build/Products/Debug-iphonesimulator/Pods_TodayExtension.framework"; sourceTree = "<group>"; };
		73BC623BCFD075E99FAA860D /* HTLWordCell.h */ = {isa = PBXFileReference; fileEncoding = 4; lastKnownFileType = sourcecode.c.h; path = HTLWordCell.h; sourceTree = "<group>"; };
		73BC62BD6319224D876880BD /* HTLAppDelegate.m */ = {isa = PBXFileReference; fileEncoding = 4; lastKnownFileType = sourcecode.c.objc; path = HTLAppDelegate.m; sourceTree = "<group>"; };
		73BC63407702DDDB04CF58F7 /* HTLDateSectionDto.h */ = {isa = PBXFileReference; fileEncoding = 4; lastKnownFileType = sourcecode.c.h; path = HTLDateSectionDto.h; sourceTree = "<group>"; };
		73BC6396FF8919F2C1A22A95 /* HTLCircleButton.m */ = {isa = PBXFileReference; fileEncoding = 4; lastKnownFileType = sourcecode.c.objc; path = HTLCircleButton.m; sourceTree = "<group>"; };
		73BC63DA891A05E05D6EB4CC /* HTLCompletionCollectionViewCell.h */ = {isa = PBXFileReference; fileEncoding = 4; lastKnownFileType = sourcecode.c.h; path = HTLCompletionCollectionViewCell.h; sourceTree = "<group>"; };
		73BC642D0A6375B6BC652163 /* HTLStorageProvider.h */ = {isa = PBXFileReference; fileEncoding = 4; lastKnownFileType = sourcecode.c.h; path = HTLStorageProvider.h; sourceTree = "<group>"; };
		73BC648635BCE062AF18E634 /* HTLActionDto.m */ = {isa = PBXFileReference; fileEncoding = 4; lastKnownFileType = sourcecode.c.objc; path = HTLActionDto.m; sourceTree = "<group>"; };
		73BC64B38D1BC62AB8562034 /* HTLStatisticsModelController.m */ = {isa = PBXFileReference; fileEncoding = 4; lastKnownFileType = sourcecode.c.objc; path = HTLStatisticsModelController.m; sourceTree = "<group>"; };
		73BC64D990F65D9E25A88C68 /* Pods_HyperTimeLogger.framework */ = {isa = PBXFileReference; lastKnownFileType = wrapper.framework; name = Pods_HyperTimeLogger.framework; path = "../../../Library/Caches/AppCode32/DerivedData/HyperTimeLogger-3b7e8ea7/Build/Products/Debug-iphonesimulator/Pods_HyperTimeLogger.framework"; sourceTree = "<group>"; };
		73BC64E454A17ED44DEA7F42 /* HTETodayModelController.h */ = {isa = PBXFileReference; fileEncoding = 4; lastKnownFileType = sourcecode.c.h; path = HTETodayModelController.h; sourceTree = "<group>"; };
		73BC6556E962FBAFD5448885 /* HTLReportExtendedDto.h */ = {isa = PBXFileReference; fileEncoding = 4; lastKnownFileType = sourcecode.c.h; path = HTLReportExtendedDto.h; sourceTree = "<group>"; };
		73BC656F19F67BA6578AE7DC /* HTLSettingsModelController.h */ = {isa = PBXFileReference; fileEncoding = 4; lastKnownFileType = sourcecode.c.h; path = HTLSettingsModelController.h; sourceTree = "<group>"; };
		73BC657527EC1255C199221C /* HTLReportListModelController.h */ = {isa = PBXFileReference; fileEncoding = 4; lastKnownFileType = sourcecode.c.h; path = HTLReportListModelController.h; sourceTree = "<group>"; };
		73BC658C5988656B19048ABE /* main.m */ = {isa = PBXFileReference; fileEncoding = 4; lastKnownFileType = sourcecode.c.objc; path = main.m; sourceTree = "<group>"; };
		73BC6597BF0ADA89652FD15C /* HTLCompletionTableViewCell.m */ = {isa = PBXFileReference; fileEncoding = 4; lastKnownFileType = sourcecode.c.objc; path = HTLCompletionTableViewCell.m; sourceTree = "<group>"; };
		73BC65FC45499E71FA1DDD91 /* DTFolderMonitor.h */ = {isa = PBXFileReference; fileEncoding = 4; lastKnownFileType = sourcecode.c.h; path = DTFolderMonitor.h; sourceTree = "<group>"; };
		73BC660F9035AF2D12D68B11 /* HTLCategoryDto.m */ = {isa = PBXFileReference; fileEncoding = 4; lastKnownFileType = sourcecode.c.objc; path = HTLCategoryDto.m; sourceTree = "<group>"; };
		73BC666118C4F574F66F741D /* HTLReportExtendedDto.m */ = {isa = PBXFileReference; fileEncoding = 4; lastKnownFileType = sourcecode.c.objc; path = HTLReportExtendedDto.m; sourceTree = "<group>"; };
		73BC66709A1F2D03B601899D /* HTLDateSectionDto.m */ = {isa = PBXFileReference; fileEncoding = 4; lastKnownFileType = sourcecode.c.objc; path = HTLDateSectionDto.m; sourceTree = "<group>"; };
		73BC669236F7FD0A9AA838FA /* HTLCSVStringExportProvider.h */ = {isa = PBXFileReference; fileEncoding = 4; lastKnownFileType = sourcecode.c.h; path = HTLCSVStringExportProvider.h; sourceTree = "<group>"; };
		73BC6721C1F8610DAB796DB4 /* HTLPieChartCell.h */ = {isa = PBXFileReference; fileEncoding = 4; lastKnownFileType = sourcecode.c.h; path = HTLPieChartCell.h; sourceTree = "<group>"; };
		73BC672CAAD267B51798D558 /* HTLSettingsModelController+TestData.h */ = {isa = PBXFileReference; fileEncoding = 4; lastKnownFileType = sourcecode.c.h; path = "HTLSettingsModelController+TestData.h"; sourceTree = "<group>"; };
		73BC674C459A467E5BBE9DE3 /* HTLStatisticsModelController.h */ = {isa = PBXFileReference; fileEncoding = 4; lastKnownFileType = sourcecode.c.h; path = HTLStatisticsModelController.h; sourceTree = "<group>"; };
		73BC675BA63D17605F56B715 /* HTLNavigationBar.m */ = {isa = PBXFileReference; fileEncoding = 4; lastKnownFileType = sourcecode.c.objc; path = HTLNavigationBar.m; sourceTree = "<group>"; };
		73BC67B2DC0CBCFD95BC63E9 /* HTLModelController.h */ = {isa = PBXFileReference; fileEncoding = 4; lastKnownFileType = sourcecode.c.h; path = HTLModelController.h; sourceTree = "<group>"; };
		73BC681B64B78D2126E3F273 /* HTLReportExtendedCell.h */ = {isa = PBXFileReference; fileEncoding = 4; lastKnownFileType = sourcecode.c.h; path = HTLReportExtendedCell.h; sourceTree = "<group>"; };
		73BC683230DB63BFBED239E8 /* HTLCircleButton.h */ = {isa = PBXFileReference; fileEncoding = 4; lastKnownFileType = sourcecode.c.h; path = HTLCircleButton.h; sourceTree = "<group>"; };
		73BC684DB010D412F9E74A52 /* LICENSE */ = {isa = PBXFileReference; fileEncoding = 4; lastKnownFileType = text; path = LICENSE; sourceTree = "<group>"; };
		73BC686334D59793FEFA2E86 /* HTLSqliteStorageProvider.m */ = {isa = PBXFileReference; fileEncoding = 4; lastKnownFileType = sourcecode.c.objc; path = HTLSqliteStorageProvider.m; sourceTree = "<group>"; };
		73BC68639DDCA8BD7C16A37A /* HTLStatisticsItemDto.m */ = {isa = PBXFileReference; fileEncoding = 4; lastKnownFileType = sourcecode.c.objc; path = HTLStatisticsItemDto.m; sourceTree = "<group>"; };
		73BC689EF761C62FCF4A8AAF /* HTLAppDelegate.h */ = {isa = PBXFileReference; fileEncoding = 4; lastKnownFileType = sourcecode.c.h; path = HTLAppDelegate.h; sourceTree = "<group>"; };
		73BC68B4BB6FD2C16DCFD83A /* clock_transparent.png */ = {isa = PBXFileReference; lastKnownFileType = image.png; path = clock_transparent.png; sourceTree = "<group>"; };
		73BC68B935DD2C83FA55C77F /* HTLStatisticsItemCell.m */ = {isa = PBXFileReference; fileEncoding = 4; lastKnownFileType = sourcecode.c.objc; path = HTLStatisticsItemCell.m; sourceTree = "<group>"; };
		73BC68DA26EAC7B4FDF38B76 /* HTLCompletionDto.h */ = {isa = PBXFileReference; fileEncoding = 4; lastKnownFileType = sourcecode.c.h; path = HTLCompletionDto.h; sourceTree = "<group>"; };
		73BC68E1ADEA25FA08EDEEDF /* HTLBackgroundView.h */ = {isa = PBXFileReference; fileEncoding = 4; lastKnownFileType = sourcecode.c.h; path = HTLBackgroundView.h; sourceTree = "<group>"; };
		73BC693996F5418B34AAA1E5 /* HTLSettingsViewController.h */ = {isa = PBXFileReference; fileEncoding = 4; lastKnownFileType = sourcecode.c.h; path = HTLSettingsViewController.h; sourceTree = "<group>"; };
		73BC69788FA88BEA8DAF03AC /* HTLSettingsViewController.m */ = {isa = PBXFileReference; fileEncoding = 4; lastKnownFileType = sourcecode.c.objc; path = HTLSettingsViewController.m; sourceTree = "<group>"; };
		73BC699EDAD3D271F8F3A424 /* Info.plist */ = {isa = PBXFileReference; fileEncoding = 4; lastKnownFileType = text.plist.info; path = Info.plist; sourceTree = "<group>"; };
		73BC69BF6547501D592BC360 /* HyperTimeLogger.entitlements */ = {isa = PBXFileReference; lastKnownFileType = file.entitlements; path = HyperTimeLogger.entitlements; sourceTree = "<group>"; };
		73BC69C3F2154ED17C55C345 /* HTLBackgroundView.m */ = {isa = PBXFileReference; fileEncoding = 4; lastKnownFileType = sourcecode.c.objc; path = HTLBackgroundView.m; sourceTree = "<group>"; };
		73BC6A08B8F5E4EB350AA2FD /* HTLEditReportViewController.h */ = {isa = PBXFileReference; fileEncoding = 4; lastKnownFileType = sourcecode.c.h; path = HTLEditReportViewController.h; sourceTree = "<group>"; };
		73BC6A22878FD4F414CF5C2A /* settings@2x.png */ = {isa = PBXFileReference; lastKnownFileType = image.png; path = "settings@2x.png"; sourceTree = "<group>"; };
		73BC6A41E76EE6DBA2B7B791 /* HTLReportDto.m */ = {isa = PBXFileReference; fileEncoding = 4; lastKnownFileType = sourcecode.c.objc; path = HTLReportDto.m; sourceTree = "<group>"; };
		73BC6A799292EFF1A3FDE4D4 /* HTLCompletionCollectionViewCell.m */ = {isa = PBXFileReference; fileEncoding = 4; lastKnownFileType = sourcecode.c.objc; path = HTLCompletionCollectionViewCell.m; sourceTree = "<group>"; };
		73BC6ACDFC039D8AAE2C5C57 /* HTLReportDto.h */ = {isa = PBXFileReference; fileEncoding = 4; lastKnownFileType = sourcecode.c.h; path = HTLReportDto.h; sourceTree = "<group>"; };
		73BC6AF703B69F7D9811A489 /* NSDate+HTLComponents.h */ = {isa = PBXFileReference; fileEncoding = 4; lastKnownFileType = sourcecode.c.h; path = "NSDate+HTLComponents.h"; sourceTree = "<group>"; };
		73BC6B0594997D325C305EAE /* HTLContentManager.h */ = {isa = PBXFileReference; fileEncoding = 4; lastKnownFileType = sourcecode.c.h; path = HTLContentManager.h; sourceTree = "<group>"; };
		73BC6B08F919C64D44AF4915 /* HTLDateSectionHeader.h */ = {isa = PBXFileReference; fileEncoding = 4; lastKnownFileType = sourcecode.c.h; path = HTLDateSectionHeader.h; sourceTree = "<group>"; };
		73BC6B2EF7D4AAB16D0EC09A /* HTLModelController.m */ = {isa = PBXFileReference; fileEncoding = 4; lastKnownFileType = sourcecode.c.objc; path = HTLModelController.m; sourceTree = "<group>"; };
		73BC6B415FC214ECAF121C50 /* settings@3x.png */ = {isa = PBXFileReference; lastKnownFileType = image.png; path = "settings@3x.png"; sourceTree = "<group>"; };
		73BC6B659C1F2AF2CF606296 /* HTLEditReportViewController.m */ = {isa = PBXFileReference; fileEncoding = 4; lastKnownFileType = sourcecode.c.objc; path = HTLEditReportViewController.m; sourceTree = "<group>"; };
		73BC6B86F0BBBAD9C3ECC490 /* HTLStatisticsViewController.m */ = {isa = PBXFileReference; fileEncoding = 4; lastKnownFileType = sourcecode.c.objc; path = HTLStatisticsViewController.m; sourceTree = "<group>"; };
		73BC6B8E25A8D300C95D3491 /* HTETodayViewController.m */ = {isa = PBXFileReference; fileEncoding = 4; lastKnownFileType = sourcecode.c.objc; path = HTETodayViewController.m; sourceTree = "<group>"; };
		73BC6BF188BC4B62EBAED386 /* HTLCategoryCell.m */ = {isa = PBXFileReference; fileEncoding = 4; lastKnownFileType = sourcecode.c.objc; path = HTLCategoryCell.m; sourceTree = "<group>"; };
		73BC6C4782FCAEADF81D13DD /* DTFolderMonitor.m */ = {isa = PBXFileReference; fileEncoding = 4; lastKnownFileType = sourcecode.c.objc; path = DTFolderMonitor.m; sourceTree = "<group>"; };
		73BC6C705D0378287850972F /* HTETodayModelController.m */ = {isa = PBXFileReference; fileEncoding = 4; lastKnownFileType = sourcecode.c.objc; path = HTETodayModelController.m; sourceTree = "<group>"; };
		73BC6CB3E44ADE3599C48F2D /* HTLStatisticsItemCell.h */ = {isa = PBXFileReference; fileEncoding = 4; lastKnownFileType = sourcecode.c.h; path = HTLStatisticsItemCell.h; sourceTree = "<group>"; };
		73BC6CED2DD0EDA6469CEEBA /* HTLAddButton.m */ = {isa = PBXFileReference; fileEncoding = 4; lastKnownFileType = sourcecode.c.objc; path = HTLAddButton.m; sourceTree = "<group>"; };
		73BC6D1F71AFEE603353B859 /* HTLSqliteStorageProvider+Deserialization.m */ = {isa = PBXFileReference; fileEncoding = 4; lastKnownFileType = sourcecode.c.objc; path = "HTLSqliteStorageProvider+Deserialization.m"; sourceTree = "<group>"; };
		73BC6D503DBAD8F16F5B080E /* HTLReportListViewController.h */ = {isa = PBXFileReference; fileEncoding = 4; lastKnownFileType = sourcecode.c.h; path = HTLReportListViewController.h; sourceTree = "<group>"; };
		73BC6D5199B0C7EF65D8A836 /* HTLWordCell.m */ = {isa = PBXFileReference; fileEncoding = 4; lastKnownFileType = sourcecode.c.objc; path = HTLWordCell.m; sourceTree = "<group>"; };
		73BC6D6BFFE1DD9ED9D91649 /* HTETodayViewController.h */ = {isa = PBXFileReference; fileEncoding = 4; lastKnownFileType = sourcecode.c.h; path = HTETodayViewController.h; sourceTree = "<group>"; };
		73BC6D6C232F3AF544860ECF /* HTLStatisticsItemDto.h */ = {isa = PBXFileReference; fileEncoding = 4; lastKnownFileType = sourcecode.c.h; path = HTLStatisticsItemDto.h; sourceTree = "<group>"; };
		73BC6E168D88E254C8F6A4CE /* HTLReportListViewController.m */ = {isa = PBXFileReference; fileEncoding = 4; lastKnownFileType = sourcecode.c.objc; path = HTLReportListViewController.m; sourceTree = "<group>"; };
		73BC6E2B7C419500D51BE784 /* HTLEditReportModelController.h */ = {isa = PBXFileReference; fileEncoding = 4; lastKnownFileType = sourcecode.c.h; path = HTLEditReportModelController.h; sourceTree = "<group>"; };
		73BC6E4CD1FE08E15C414BAC /* HTLPieChartCell.m */ = {isa = PBXFileReference; fileEncoding = 4; lastKnownFileType = sourcecode.c.objc; path = HTLPieChartCell.m; sourceTree = "<group>"; };
		73BC6E516EB62290DD7B243C /* HTLSettingsModelController.m */ = {isa = PBXFileReference; fileEncoding = 4; lastKnownFileType = sourcecode.c.objc; path = HTLSettingsModelController.m; sourceTree = "<group>"; };
		73BC6E8BD579B5F8E32C09A6 /* HTLActionDto.h */ = {isa = PBXFileReference; fileEncoding = 4; lastKnownFileType = sourcecode.c.h; path = HTLActionDto.h; sourceTree = "<group>"; };
		73BC6EB5C216FBFA08B74E51 /* HTLAddButton.h */ = {isa = PBXFileReference; fileEncoding = 4; lastKnownFileType = sourcecode.c.h; path = HTLAddButton.h; sourceTree = "<group>"; };
		73BC6ED6CA4E40EF0A86A0D6 /* DateSectionHeader.xib */ = {isa = PBXFileReference; lastKnownFileType = file.xib; path = DateSectionHeader.xib; sourceTree = "<group>"; };
		73BC6F1E0AC02A596C78B942 /* HTLContentManager.m */ = {isa = PBXFileReference; fileEncoding = 4; lastKnownFileType = sourcecode.c.objc; path = HTLContentManager.m; sourceTree = "<group>"; };
		73BC6F28EAC2335F9576CA6C /* HTLReportListModelController.m */ = {isa = PBXFileReference; fileEncoding = 4; lastKnownFileType = sourcecode.c.objc; path = HTLReportListModelController.m; sourceTree = "<group>"; };
		73BC6F5BBFCD10B7AF4F574A /* HTLCategoryDto.h */ = {isa = PBXFileReference; fileEncoding = 4; lastKnownFileType = sourcecode.c.h; path = HTLCategoryDto.h; sourceTree = "<group>"; };
		73BC6F6B107E3546F7EBAE5C /* HTLEditReportModelController.m */ = {isa = PBXFileReference; fileEncoding = 4; lastKnownFileType = sourcecode.c.objc; path = HTLEditReportModelController.m; sourceTree = "<group>"; };
		73BC6F6EE1E455D98426F705 /* NSDate+HTLComponents.m */ = {isa = PBXFileReference; fileEncoding = 4; lastKnownFileType = sourcecode.c.objc; path = "NSDate+HTLComponents.m"; sourceTree = "<group>"; };
		73BC6F771B4A63AA8FABCDF5 /* HTLReportDto+Helpers.m */ = {isa = PBXFileReference; fileEncoding = 4; lastKnownFileType = sourcecode.c.objc; path = "HTLReportDto+Helpers.m"; sourceTree = "<group>"; };
		73BC6F7DCFA8D0EF70DD39E0 /* settings.png */ = {isa = PBXFileReference; lastKnownFileType = image.png; path = settings.png; sourceTree = "<group>"; };
		73BC6FB0EFED7B84F71E676E /* NotificationCenter.framework */ = {isa = PBXFileReference; lastKnownFileType = wrapper.framework; name = NotificationCenter.framework; path = ../../../../../Applications/Xcode.app/Contents/Developer/Platforms/iPhoneSimulator.platform/Developer/SDKs/iPhoneSimulator.sdk/System/Library/Frameworks/NotificationCenter.framework; sourceTree = "<group>"; };
		73BC6FBF1D739E2158DA64F6 /* Images.xcassets */ = {isa = PBXFileReference; lastKnownFileType = folder.assetcatalog; path = Images.xcassets; sourceTree = "<group>"; };
		73BC6FEC821B2D22ACD250CD /* HTLCSVStringExportProvider.m */ = {isa = PBXFileReference; fileEncoding = 4; lastKnownFileType = sourcecode.c.objc; path = HTLCSVStringExportProvider.m; sourceTree = "<group>"; };
		C080C216BEBCCD26E4BC3451 /* Pods-HyperTimeLogger.release.xcconfig */ = {isa = PBXFileReference; includeInIndex = 1; lastKnownFileType = text.xcconfig; name = "Pods-HyperTimeLogger.release.xcconfig"; path = "../Pods/Target Support Files/Pods-HyperTimeLogger/Pods-HyperTimeLogger.release.xcconfig"; sourceTree = "<group>"; };
		C516A6CA1B3A8F2A0018F022 /* HTLRoundButton.h */ = {isa = PBXFileReference; fileEncoding = 4; lastKnownFileType = sourcecode.c.h; path = HTLRoundButton.h; sourceTree = "<group>"; };
		C516A6CB1B3A8F2A0018F022 /* HTLRoundButton.m */ = {isa = PBXFileReference; fileEncoding = 4; lastKnownFileType = sourcecode.c.objc; path = HTLRoundButton.m; sourceTree = "<group>"; };
		C51F130B1B32C592001F452F /* statistics.png */ = {isa = PBXFileReference; lastKnownFileType = image.png; path = statistics.png; sourceTree = "<group>"; };
		C51F130C1B32C592001F452F /* statistics@2x.png */ = {isa = PBXFileReference; lastKnownFileType = image.png; path = "statistics@2x.png"; sourceTree = "<group>"; };
		C51F130D1B32C592001F452F /* statistics@3x.png */ = {isa = PBXFileReference; lastKnownFileType = image.png; path = "statistics@3x.png"; sourceTree = "<group>"; };
		C51F13111B32C5B2001F452F /* add.png */ = {isa = PBXFileReference; lastKnownFileType = image.png; path = add.png; sourceTree = "<group>"; };
		C53370701B397E520095549E /* Base */ = {isa = PBXFileReference; lastKnownFileType = file.storyboard; name = Base; path = Base.lproj/MainInterface.storyboard; sourceTree = "<group>"; };
		C53370721B397E5C0095549E /* en */ = {isa = PBXFileReference; lastKnownFileType = text.plist.strings; name = en; path = en.lproj/MainInterface.strings; sourceTree = "<group>"; };
		C53370731B397E5F0095549E /* ru */ = {isa = PBXFileReference; lastKnownFileType = text.plist.strings; name = ru; path = ru.lproj/MainInterface.strings; sourceTree = "<group>"; };
		C56ED4EB1B38217F00221171 /* Fabric.framework */ = {isa = PBXFileReference; lastKnownFileType = wrapper.framework; path = Fabric.framework; sourceTree = "<group>"; };
		C56ED4EC1B38217F00221171 /* Crashlytics.framework */ = {isa = PBXFileReference; lastKnownFileType = wrapper.framework; path = Crashlytics.framework; sourceTree = "<group>"; };
		C57EA5791B27021600B97F65 /* TodayExtension.entitlements */ = {isa = PBXFileReference; lastKnownFileType = text.xml; path = TodayExtension.entitlements; sourceTree = "<group>"; };
		C58B385E1B395FB7006C7AE7 /* Base */ = {isa = PBXFileReference; lastKnownFileType = file.xib; name = Base; path = Base.lproj/LaunchScreen.xib; sourceTree = "<group>"; };
		C58B38601B395FB7006C7AE7 /* Base */ = {isa = PBXFileReference; lastKnownFileType = file.storyboard; name = Base; path = Base.lproj/Main.storyboard; sourceTree = "<group>"; };
		C58B38641B395FDB006C7AE7 /* en */ = {isa = PBXFileReference; lastKnownFileType = text.plist.strings; name = en; path = en.lproj/Main.strings; sourceTree = "<group>"; };
		C58B38661B395FE0006C7AE7 /* ru */ = {isa = PBXFileReference; lastKnownFileType = text.plist.strings; name = ru; path = ru.lproj/Main.strings; sourceTree = "<group>"; };
		C58B38681B396076006C7AE7 /* en */ = {isa = PBXFileReference; lastKnownFileType = text.plist.strings; name = en; path = en.lproj/LaunchScreen.strings; sourceTree = "<group>"; };
		C58B386A1B396078006C7AE7 /* ru */ = {isa = PBXFileReference; lastKnownFileType = text.plist.strings; name = ru; path = ru.lproj/LaunchScreen.strings; sourceTree = "<group>"; };
		C59088BB1B398BD10099F8CB /* Base */ = {isa = PBXFileReference; lastKnownFileType = text.plist.strings; name = Base; path = Base.lproj/InfoPlist.strings; sourceTree = "<group>"; };
		C59088BD1B398BD30099F8CB /* en */ = {isa = PBXFileReference; lastKnownFileType = text.plist.strings; name = en; path = en.lproj/InfoPlist.strings; sourceTree = "<group>"; };
		C59088BE1B398BD40099F8CB /* ru */ = {isa = PBXFileReference; lastKnownFileType = text.plist.strings; name = ru; path = ru.lproj/InfoPlist.strings; sourceTree = "<group>"; };
		C59088C21B398C220099F8CB /* Base */ = {isa = PBXFileReference; lastKnownFileType = text.plist.strings; name = Base; path = Base.lproj/InfoPlist.strings; sourceTree = "<group>"; };
		C59088C41B398C230099F8CB /* en */ = {isa = PBXFileReference; lastKnownFileType = text.plist.strings; name = en; path = en.lproj/InfoPlist.strings; sourceTree = "<group>"; };
		C59088C51B398C240099F8CB /* ru */ = {isa = PBXFileReference; lastKnownFileType = text.plist.strings; name = ru; path = ru.lproj/InfoPlist.strings; sourceTree = "<group>"; };
		C59088C91B398E330099F8CB /* Base */ = {isa = PBXFileReference; lastKnownFileType = text.plist.strings; name = Base; path = Base.lproj/Localizable.strings; sourceTree = "<group>"; };
		C59088CB1B398E340099F8CB /* en */ = {isa = PBXFileReference; lastKnownFileType = text.plist.strings; name = en; path = en.lproj/Localizable.strings; sourceTree = "<group>"; };
		C59088CC1B398E350099F8CB /* ru */ = {isa = PBXFileReference; lastKnownFileType = text.plist.strings; name = ru; path = ru.lproj/Localizable.strings; sourceTree = "<group>"; };
		C5BA1B731B26F890006D80BC /* TodayExtension.appex */ = {isa = PBXFileReference; explicitFileType = "wrapper.app-extension"; includeInIndex = 0; path = TodayExtension.appex; sourceTree = BUILT_PRODUCTS_DIR; };
		C5BA1B781B26F890006D80BC /* Info.plist */ = {isa = PBXFileReference; lastKnownFileType = text.plist.xml; path = Info.plist; sourceTree = "<group>"; };
		C5FFE3D21B1857CE007D317D /* HyperTimeLogger.app */ = {isa = PBXFileReference; explicitFileType = wrapper.application; includeInIndex = 0; path = HyperTimeLogger.app; sourceTree = BUILT_PRODUCTS_DIR; };
		C5FFE3EB1B1857CE007D317D /* HyperTimeLoggerTests.xctest */ = {isa = PBXFileReference; explicitFileType = wrapper.cfbundle; includeInIndex = 0; path = HyperTimeLoggerTests.xctest; sourceTree = BUILT_PRODUCTS_DIR; };
		C5FFE3F01B1857CE007D317D /* Info.plist */ = {isa = PBXFileReference; lastKnownFileType = text.plist.xml; path = Info.plist; sourceTree = "<group>"; };
		C5FFE3F11B1857CE007D317D /* HyperTimeLoggerTests.m */ = {isa = PBXFileReference; lastKnownFileType = sourcecode.c.objc; path = HyperTimeLoggerTests.m; sourceTree = "<group>"; };
/* End PBXFileReference section */

/* Begin PBXFrameworksBuildPhase section */
		5F5C460A30D0748349F01A76 /* Frameworks */ = {
			isa = PBXFrameworksBuildPhase;
			buildActionMask = 2147483647;
			files = (
				73BC6F0D931166EADD7E2E4F /* Pods_HyperTimeLogger.framework in Frameworks */,
				C56ED4F11B38217F00221171 /* Crashlytics.framework in Frameworks */,
				C56ED4ED1B38217F00221171 /* Fabric.framework in Frameworks */,
			);
			runOnlyForDeploymentPostprocessing = 0;
		};
		C5BA1B701B26F890006D80BC /* Frameworks */ = {
			isa = PBXFrameworksBuildPhase;
			buildActionMask = 2147483647;
			files = (
				73BC66E062885277EA135AC0 /* NotificationCenter.framework in Frameworks */,
				73BC6B9AD1668565075E5DF0 /* Pods_TodayExtension.framework in Frameworks */,
			);
			runOnlyForDeploymentPostprocessing = 0;
		};
		C5FFE3E81B1857CE007D317D /* Frameworks */ = {
			isa = PBXFrameworksBuildPhase;
			buildActionMask = 2147483647;
			files = (
				C56ED4F21B38217F00221171 /* Crashlytics.framework in Frameworks */,
				C56ED4EE1B38217F00221171 /* Fabric.framework in Frameworks */,
			);
			runOnlyForDeploymentPostprocessing = 0;
		};
/* End PBXFrameworksBuildPhase section */

/* Begin PBXGroup section */
		73BC60682DADC8A1EC19420D /* Create Report */ = {
			isa = PBXGroup;
			children = (
				73BC6A08B8F5E4EB350AA2FD /* HTLEditReportViewController.h */,
				73BC6B659C1F2AF2CF606296 /* HTLEditReportViewController.m */,
				73BC6E2B7C419500D51BE784 /* HTLEditReportModelController.h */,
				73BC6F6B107E3546F7EBAE5C /* HTLEditReportModelController.m */,
			);
			path = "Create Report";
			sourceTree = "<group>";
		};
		73BC61087188CAB7D5A1A9ED /* Report List */ = {
			isa = PBXGroup;
			children = (
				73BC6D503DBAD8F16F5B080E /* HTLReportListViewController.h */,
				73BC6E168D88E254C8F6A4CE /* HTLReportListViewController.m */,
				73BC657527EC1255C199221C /* HTLReportListModelController.h */,
				73BC6F28EAC2335F9576CA6C /* HTLReportListModelController.m */,
			);
			path = "Report List";
			sourceTree = "<group>";
		};
		73BC617060FD99991CF17331 /* Src */ = {
			isa = PBXGroup;
			children = (
				73BC69B291D435E6979F09A2 /* Views */,
				73BC6905EB7F307658CD34A6 /* Export Providers */,
				73BC689EF761C62FCF4A8AAF /* HTLAppDelegate.h */,
				73BC62BD6319224D876880BD /* HTLAppDelegate.m */,
				73BC62D67E6B6DE79F2310E9 /* View & Model Controllers */,
			);
			path = Src;
			sourceTree = "<group>";
		};
		73BC61BD9DCE25FDC769B6C1 /* Today */ = {
			isa = PBXGroup;
			children = (
				73BC6B8E25A8D300C95D3491 /* HTETodayViewController.m */,
				73BC6C705D0378287850972F /* HTETodayModelController.m */,
				73BC6D6BFFE1DD9ED9D91649 /* HTETodayViewController.h */,
				73BC64E454A17ED44DEA7F42 /* HTETodayModelController.h */,
			);
			path = Today;
			sourceTree = "<group>";
		};
		73BC61F6621E32C9B304716E /* Source */ = {
			isa = PBXGroup;
			children = (
				73BC65FC45499E71FA1DDD91 /* DTFolderMonitor.h */,
				73BC6C4782FCAEADF81D13DD /* DTFolderMonitor.m */,
			);
			path = Source;
			sourceTree = "<group>";
		};
		73BC62248BFB3B8402AF0871 /* Common */ = {
			isa = PBXGroup;
			children = (
				C59088CE1B39900A0099F8CB /* Supporting Files */,
				73BC6DC4214A1ACD61303FC1 /* Src */,
			);
			path = Common;
			sourceTree = "<group>";
		};
		73BC62D67E6B6DE79F2310E9 /* View & Model Controllers */ = {
			isa = PBXGroup;
			children = (
				73BC6C3FD8FF91AD26080AB4 /* Settings */,
				73BC6FB9A1CF378555DC6209 /* Statistics */,
				73BC61087188CAB7D5A1A9ED /* Report List */,
				73BC60682DADC8A1EC19420D /* Create Report */,
			);
			path = "View & Model Controllers";
			sourceTree = "<group>";
		};
		73BC638E0B41F356D8A5AFDC /* Dependencies */ = {
			isa = PBXGroup;
			children = (
				73BC6EDE9C53A95392DB1EB9 /* Vendor */,
				73BC665886848CD597251D31 /* Frameworks */,
			);
			path = Dependencies;
			sourceTree = "<group>";
		};
		73BC64EBE7360C9E78BCE3C7 /* UI */ = {
			isa = PBXGroup;
			children = (
				C58B385D1B395FB7006C7AE7 /* LaunchScreen.xib */,
				C58B385F1B395FB7006C7AE7 /* Main.storyboard */,
				73BC6ED6CA4E40EF0A86A0D6 /* DateSectionHeader.xib */,
			);
			path = UI;
			sourceTree = "<group>";
		};
		73BC665886848CD597251D31 /* Frameworks */ = {
			isa = PBXGroup;
			children = (
				73BC6FB0EFED7B84F71E676E /* NotificationCenter.framework */,
				73BC64D990F65D9E25A88C68 /* Pods_HyperTimeLogger.framework */,
				73BC622E9691559B4565139E /* Pods_TodayExtension.framework */,
			);
			name = Frameworks;
			path = ../../HyperTimeLogger;
			sourceTree = "<group>";
		};
		73BC667B11395C365F521E67 /* Core */ = {
			isa = PBXGroup;
			children = (
				73BC61F6621E32C9B304716E /* Source */,
			);
			path = Core;
			sourceTree = "<group>";
		};
		73BC679CF1C0629D469D7895 /* UI */ = {
			isa = PBXGroup;
			children = (
				C533706F1B397E520095549E /* MainInterface.storyboard */,
			);
			path = UI;
			sourceTree = "<group>";
		};
		73BC67EF96ADA167B4859159 /* Supporting Files */ = {
			isa = PBXGroup;
			children = (
				73BC699EDAD3D271F8F3A424 /* Info.plist */,
				73BC658C5988656B19048ABE /* main.m */,
				C59088BC1B398BD10099F8CB /* InfoPlist.strings */,
			);
			name = "Supporting Files";
			sourceTree = "<group>";
		};
		73BC680C01076520B3D85144 /* Cells Headers Footers */ = {
			isa = PBXGroup;
			children = (
				73BC623BCFD075E99FAA860D /* HTLWordCell.h */,
				73BC6D5199B0C7EF65D8A836 /* HTLWordCell.m */,
				73BC60CAD26223A8777C0D40 /* HTLCategoryCell.h */,
				73BC6BF188BC4B62EBAED386 /* HTLCategoryCell.m */,
				73BC681B64B78D2126E3F273 /* HTLReportExtendedCell.h */,
				73BC6096955E043B729051F4 /* HTLReportExtendedCell.m */,
				73BC60F16E439E96504928B1 /* HTLCompletionTableViewCell.h */,
				73BC6597BF0ADA89652FD15C /* HTLCompletionTableViewCell.m */,
				73BC63DA891A05E05D6EB4CC /* HTLCompletionCollectionViewCell.h */,
				73BC6A799292EFF1A3FDE4D4 /* HTLCompletionCollectionViewCell.m */,
				73BC6B08F919C64D44AF4915 /* HTLDateSectionHeader.h */,
				73BC615392383318004C30BA /* HTLDateSectionHeader.m */,
				73BC6E4CD1FE08E15C414BAC /* HTLPieChartCell.m */,
				73BC6721C1F8610DAB796DB4 /* HTLPieChartCell.h */,
				73BC68B935DD2C83FA55C77F /* HTLStatisticsItemCell.m */,
				73BC6CB3E44ADE3599C48F2D /* HTLStatisticsItemCell.h */,
				73BC6D6C232F3AF544860ECF /* HTLStatisticsItemDto.h */,
				73BC68639DDCA8BD7C16A37A /* HTLStatisticsItemDto.m */,
			);
			path = "Cells Headers Footers";
			sourceTree = "<group>";
		};
		73BC680E65C87515CE45F909 /* Res */ = {
			isa = PBXGroup;
			children = (
				C51F13111B32C5B2001F452F /* add.png */,
				C51F130B1B32C592001F452F /* statistics.png */,
				C51F130C1B32C592001F452F /* statistics@2x.png */,
				C51F130D1B32C592001F452F /* statistics@3x.png */,
				73BC68B4BB6FD2C16DCFD83A /* clock_transparent.png */,
				73BC6F7DCFA8D0EF70DD39E0 /* settings.png */,
				73BC6A22878FD4F414CF5C2A /* settings@2x.png */,
				73BC6B415FC214ECAF121C50 /* settings@3x.png */,
				73BC6FBF1D739E2158DA64F6 /* Images.xcassets */,
			);
			path = Res;
			sourceTree = "<group>";
		};
		73BC6832693513A757B37004 /* View & Model Controllers */ = {
			isa = PBXGroup;
			children = (
				73BC67B2DC0CBCFD95BC63E9 /* HTLModelController.h */,
				73BC6B2EF7D4AAB16D0EC09A /* HTLModelController.m */,
			);
			path = "View & Model Controllers";
			sourceTree = "<group>";
		};
		73BC6905EB7F307658CD34A6 /* Export Providers */ = {
			isa = PBXGroup;
			children = (
				73BC6047AEB024122C71236D /* HTLStringExportProvider.h */,
				73BC6FEC821B2D22ACD250CD /* HTLCSVStringExportProvider.m */,
				73BC669236F7FD0A9AA838FA /* HTLCSVStringExportProvider.h */,
			);
			path = "Export Providers";
			sourceTree = "<group>";
		};
		73BC69B291D435E6979F09A2 /* Views */ = {
			isa = PBXGroup;
			children = (
				73BC6396FF8919F2C1A22A95 /* HTLCircleButton.m */,
				73BC683230DB63BFBED239E8 /* HTLCircleButton.h */,
				73BC69C3F2154ED17C55C345 /* HTLBackgroundView.m */,
				73BC68E1ADEA25FA08EDEEDF /* HTLBackgroundView.h */,
				73BC675BA63D17605F56B715 /* HTLNavigationBar.m */,
				73BC6131F5C0D9F45485318E /* HTLNavigationBar.h */,
				73BC6CED2DD0EDA6469CEEBA /* HTLAddButton.m */,
				73BC6EB5C216FBFA08B74E51 /* HTLAddButton.h */,
				73BC680C01076520B3D85144 /* Cells Headers Footers */,
			);
			path = Views;
			sourceTree = "<group>";
		};
		73BC69BC6C4A79DEB417EAC5 /* Data Transfer Objects */ = {
			isa = PBXGroup;
			children = (
				73BC6A41E76EE6DBA2B7B791 /* HTLReportDto.m */,
				73BC6ACDFC039D8AAE2C5C57 /* HTLReportDto.h */,
				73BC660F9035AF2D12D68B11 /* HTLCategoryDto.m */,
				73BC6F5BBFCD10B7AF4F574A /* HTLCategoryDto.h */,
				73BC648635BCE062AF18E634 /* HTLActionDto.m */,
				73BC6E8BD579B5F8E32C09A6 /* HTLActionDto.h */,
				73BC612AAFD0BFC06B406EC4 /* HTLCompletionDto.m */,
				73BC68DA26EAC7B4FDF38B76 /* HTLCompletionDto.h */,
				73BC66709A1F2D03B601899D /* HTLDateSectionDto.m */,
				73BC63407702DDDB04CF58F7 /* HTLDateSectionDto.h */,
				73BC666118C4F574F66F741D /* HTLReportExtendedDto.m */,
				73BC6556E962FBAFD5448885 /* HTLReportExtendedDto.h */,
			);
			path = "Data Transfer Objects";
			sourceTree = "<group>";
		};
		73BC69E6339BCA93C05D70DB /* Storage Providers */ = {
			isa = PBXGroup;
			children = (
				73BC642D0A6375B6BC652163 /* HTLStorageProvider.h */,
				73BC686334D59793FEFA2E86 /* HTLSqliteStorageProvider.m */,
				73BC6194DBE33DB85E9AFFDA /* HTLSqliteStorageProvider.h */,
				73BC6D1F71AFEE603353B859 /* HTLSqliteStorageProvider+Deserialization.m */,
				73BC60F50DF43992ADE82594 /* HTLSqliteStorageProvider+Deserialization.h */,
			);
			path = "Storage Providers";
			sourceTree = "<group>";
		};
		73BC6A3FB81EA8C7F211F896 /* DTFoundation */ = {
			isa = PBXGroup;
			children = (
				73BC667B11395C365F521E67 /* Core */,
				73BC684DB010D412F9E74A52 /* LICENSE */,
			);
			path = DTFoundation;
			sourceTree = "<group>";
		};
		73BC6C3FD8FF91AD26080AB4 /* Settings */ = {
			isa = PBXGroup;
			children = (
				73BC693996F5418B34AAA1E5 /* HTLSettingsViewController.h */,
				73BC69788FA88BEA8DAF03AC /* HTLSettingsViewController.m */,
				73BC656F19F67BA6578AE7DC /* HTLSettingsModelController.h */,
				73BC6E516EB62290DD7B243C /* HTLSettingsModelController.m */,
				73BC672CAAD267B51798D558 /* HTLSettingsModelController+TestData.h */,
				73BC61A9C99CE0428963C88B /* HTLSettingsModelController+TestData.m */,
			);
			path = Settings;
			sourceTree = "<group>";
		};
		73BC6DC4214A1ACD61303FC1 /* Src */ = {
			isa = PBXGroup;
			children = (
				73BC6F8D22E41320DBD6C564 /* Categories */,
				73BC69BC6C4A79DEB417EAC5 /* Data Transfer Objects */,
				73BC6B0594997D325C305EAE /* HTLContentManager.h */,
				73BC6F1E0AC02A596C78B942 /* HTLContentManager.m */,
				73BC69E6339BCA93C05D70DB /* Storage Providers */,
				73BC6832693513A757B37004 /* View & Model Controllers */,
				C516A6C91B3A8F2A0018F022 /* Views */,
			);
			path = Src;
			sourceTree = "<group>";
		};
		73BC6E31C152E0DB1E7B2ADE /* Src */ = {
			isa = PBXGroup;
			children = (
				73BC6E5F4ECA83D4F0B90C03 /* Screens */,
			);
			path = Src;
			sourceTree = "<group>";
		};
		73BC6E5F4ECA83D4F0B90C03 /* Screens */ = {
			isa = PBXGroup;
			children = (
				73BC61BD9DCE25FDC769B6C1 /* Today */,
			);
			path = Screens;
			sourceTree = "<group>";
		};
		73BC6EDE9C53A95392DB1EB9 /* Vendor */ = {
			isa = PBXGroup;
			children = (
				C56ED4EB1B38217F00221171 /* Fabric.framework */,
				C56ED4EC1B38217F00221171 /* Crashlytics.framework */,
				73BC6A3FB81EA8C7F211F896 /* DTFoundation */,
			);
			path = Vendor;
			sourceTree = "<group>";
		};
		73BC6EF11D6CD7307BA62A1F /* HyperTimeLogger */ = {
			isa = PBXGroup;
			children = (
				73BC680E65C87515CE45F909 /* Res */,
				73BC69BF6547501D592BC360 /* HyperTimeLogger.entitlements */,
				73BC67EF96ADA167B4859159 /* Supporting Files */,
				73BC61D53D7649DDE8385BD3 /* PrefixHeader.pch */,
				73BC617060FD99991CF17331 /* Src */,
				73BC64EBE7360C9E78BCE3C7 /* UI */,
			);
			path = HyperTimeLogger;
			sourceTree = "<group>";
		};
		73BC6F8D22E41320DBD6C564 /* Categories */ = {
			isa = PBXGroup;
			children = (
				73BC6F6EE1E455D98426F705 /* NSDate+HTLComponents.m */,
				73BC6AF703B69F7D9811A489 /* NSDate+HTLComponents.h */,
				73BC6F771B4A63AA8FABCDF5 /* HTLReportDto+Helpers.m */,
				73BC608BED34E02C9AAE75C1 /* HTLReportDto+Helpers.h */,
			);
			path = Categories;
			sourceTree = "<group>";
		};
		73BC6FB9A1CF378555DC6209 /* Statistics */ = {
			isa = PBXGroup;
			children = (
				73BC6034DE2E0674AFE42546 /* HTLStatisticsViewController.h */,
				73BC6B86F0BBBAD9C3ECC490 /* HTLStatisticsViewController.m */,
				73BC674C459A467E5BBE9DE3 /* HTLStatisticsModelController.h */,
				73BC64B38D1BC62AB8562034 /* HTLStatisticsModelController.m */,
			);
			path = Statistics;
			sourceTree = "<group>";
		};
		884E6DD6E7CF859E8C96B7F3 /* Pods */ = {
			isa = PBXGroup;
			children = (
				5F5BA0F90CC2D946CDD3327B /* Pods-HyperTimeLogger.debug.xcconfig */,
				C080C216BEBCCD26E4BC3451 /* Pods-HyperTimeLogger.release.xcconfig */,
				617AE9E650925A0499F5E44C /* Pods-TodayExtension.debug.xcconfig */,
				5D95DDDBEB7C458B73BB7321 /* Pods-TodayExtension.release.xcconfig */,
			);
			name = Pods;
			sourceTree = "<group>";
		};
		C516A6C91B3A8F2A0018F022 /* Views */ = {
			isa = PBXGroup;
			children = (
				C516A6CA1B3A8F2A0018F022 /* HTLRoundButton.h */,
				C516A6CB1B3A8F2A0018F022 /* HTLRoundButton.m */,
			);
			path = Views;
			sourceTree = "<group>";
		};
		C59088CE1B39900A0099F8CB /* Supporting Files */ = {
			isa = PBXGroup;
			children = (
				C59088CA1B398E330099F8CB /* Localizable.strings */,
			);
			name = "Supporting Files";
			sourceTree = "<group>";
		};
		C5BA1B761B26F890006D80BC /* TodayExtension */ = {
			isa = PBXGroup;
			children = (
				C57EA5791B27021600B97F65 /* TodayExtension.entitlements */,
				C5BA1B771B26F890006D80BC /* Supporting Files */,
				73BC6E31C152E0DB1E7B2ADE /* Src */,
				73BC679CF1C0629D469D7895 /* UI */,
			);
			path = TodayExtension;
			sourceTree = "<group>";
		};
		C5BA1B771B26F890006D80BC /* Supporting Files */ = {
			isa = PBXGroup;
			children = (
				C5BA1B781B26F890006D80BC /* Info.plist */,
				C59088C31B398C220099F8CB /* InfoPlist.strings */,
			);
			name = "Supporting Files";
			sourceTree = "<group>";
		};
		C5FFE3C91B1857CD007D317D = {
			isa = PBXGroup;
			children = (
				C5FFE3EE1B1857CE007D317D /* HyperTimeLoggerTests */,
				C5BA1B761B26F890006D80BC /* TodayExtension */,
				C5FFE3D31B1857CE007D317D /* Products */,
				884E6DD6E7CF859E8C96B7F3 /* Pods */,
				73BC62248BFB3B8402AF0871 /* Common */,
				73BC638E0B41F356D8A5AFDC /* Dependencies */,
				73BC6EF11D6CD7307BA62A1F /* HyperTimeLogger */,
			);
			sourceTree = "<group>";
		};
		C5FFE3D31B1857CE007D317D /* Products */ = {
			isa = PBXGroup;
			children = (
				C5FFE3D21B1857CE007D317D /* HyperTimeLogger.app */,
				C5FFE3EB1B1857CE007D317D /* HyperTimeLoggerTests.xctest */,
				C5BA1B731B26F890006D80BC /* TodayExtension.appex */,
			);
			name = Products;
			sourceTree = "<group>";
		};
		C5FFE3EE1B1857CE007D317D /* HyperTimeLoggerTests */ = {
			isa = PBXGroup;
			children = (
				C5FFE3F11B1857CE007D317D /* HyperTimeLoggerTests.m */,
				C5FFE3EF1B1857CE007D317D /* Supporting Files */,
			);
			path = HyperTimeLoggerTests;
			sourceTree = "<group>";
		};
		C5FFE3EF1B1857CE007D317D /* Supporting Files */ = {
			isa = PBXGroup;
			children = (
				C5FFE3F01B1857CE007D317D /* Info.plist */,
			);
			name = "Supporting Files";
			sourceTree = "<group>";
		};
/* End PBXGroup section */

/* Begin PBXNativeTarget section */
		C5BA1B721B26F890006D80BC /* TodayExtension */ = {
			isa = PBXNativeTarget;
			buildConfigurationList = C5BA1B831B26F890006D80BC /* Build configuration list for PBXNativeTarget "TodayExtension" */;
			buildPhases = (
				62E9DE820652FBBDC0479D59 /* Check Pods Manifest.lock */,
				C5BA1B6F1B26F890006D80BC /* Sources */,
				C5BA1B701B26F890006D80BC /* Frameworks */,
				C5BA1B711B26F890006D80BC /* Resources */,
				898CFCDF6C97D2AA28F77F9C /* Copy Pods Resources */,
			);
			buildRules = (
			);
			dependencies = (
			);
			name = TodayExtension;
			productName = TodayExtension;
			productReference = C5BA1B731B26F890006D80BC /* TodayExtension.appex */;
			productType = "com.apple.product-type.app-extension";
		};
		C5FFE3D11B1857CD007D317D /* HyperTimeLogger */ = {
			isa = PBXNativeTarget;
			buildConfigurationList = C5FFE3F51B1857CE007D317D /* Build configuration list for PBXNativeTarget "HyperTimeLogger" */;
			buildPhases = (
				2841EDF140D8E11107098BA8 /* Check Pods Manifest.lock */,
				C5FFE3CE1B1857CD007D317D /* Sources */,
				C5FFE3D01B1857CD007D317D /* Resources */,
				C5BA1B841B26F890006D80BC /* Embed App Extensions */,
				5F5C460A30D0748349F01A76 /* Frameworks */,
				F2F3B8981CEF6CCBB5470609 /* Embed Pods Frameworks */,
				3FB54796D56242B98B617037 /* Copy Pods Resources */,
				C56ED4EA1B38214400221171 /* ShellScript */,
			);
			buildRules = (
			);
			dependencies = (
				C5BA1B7F1B26F890006D80BC /* PBXTargetDependency */,
			);
			name = HyperTimeLogger;
			productName = HyperTimeLogger;
			productReference = C5FFE3D21B1857CE007D317D /* HyperTimeLogger.app */;
			productType = "com.apple.product-type.application";
		};
		C5FFE3EA1B1857CE007D317D /* HyperTimeLoggerTests */ = {
			isa = PBXNativeTarget;
			buildConfigurationList = C5FFE3F81B1857CE007D317D /* Build configuration list for PBXNativeTarget "HyperTimeLoggerTests" */;
			buildPhases = (
				C5FFE3E71B1857CE007D317D /* Sources */,
				C5FFE3E81B1857CE007D317D /* Frameworks */,
				C5FFE3E91B1857CE007D317D /* Resources */,
			);
			buildRules = (
			);
			dependencies = (
				C5FFE3ED1B1857CE007D317D /* PBXTargetDependency */,
			);
			name = HyperTimeLoggerTests;
			productName = HyperTimeLoggerTests;
			productReference = C5FFE3EB1B1857CE007D317D /* HyperTimeLoggerTests.xctest */;
			productType = "com.apple.product-type.bundle.unit-test";
		};
/* End PBXNativeTarget section */

/* Begin PBXProject section */
		C5FFE3CA1B1857CD007D317D /* Project object */ = {
			isa = PBXProject;
			attributes = {
				CLASSPREFIX = HTL;
				LastUpgradeCheck = 0630;
				ORGANIZATIONNAME = "Maxim Pervushin";
				TargetAttributes = {
					C5BA1B721B26F890006D80BC = {
						CreatedOnToolsVersion = 6.3.2;
						DevelopmentTeam = FRM2L78456;
						SystemCapabilities = {
							com.apple.ApplicationGroups.iOS = {
								enabled = 1;
							};
						};
					};
					C5FFE3D11B1857CD007D317D = {
						CreatedOnToolsVersion = 6.3.2;
						DevelopmentTeam = FRM2L78456;
						SystemCapabilities = {
							com.apple.ApplicationGroups.iOS = {
								enabled = 1;
							};
						};
					};
					C5FFE3EA1B1857CE007D317D = {
						CreatedOnToolsVersion = 6.3.2;
						TestTargetID = C5FFE3D11B1857CD007D317D;
					};
				};
			};
			buildConfigurationList = C5FFE3CD1B1857CD007D317D /* Build configuration list for PBXProject "HyperTimeLogger" */;
			compatibilityVersion = "Xcode 3.2";
			developmentRegion = English;
			hasScannedForEncodings = 0;
			knownRegions = (
				en,
				Base,
				ru,
			);
			mainGroup = C5FFE3C91B1857CD007D317D;
			productRefGroup = C5FFE3D31B1857CE007D317D /* Products */;
			projectDirPath = "";
			projectRoot = "";
			targets = (
				C5FFE3D11B1857CD007D317D /* HyperTimeLogger */,
				C5FFE3EA1B1857CE007D317D /* HyperTimeLoggerTests */,
				C5BA1B721B26F890006D80BC /* TodayExtension */,
			);
		};
/* End PBXProject section */

/* Begin PBXResourcesBuildPhase section */
		C5BA1B711B26F890006D80BC /* Resources */ = {
			isa = PBXResourcesBuildPhase;
			buildActionMask = 2147483647;
			files = (
				C53370711B397E520095549E /* MainInterface.storyboard in Resources */,
				C59088CD1B398FE20099F8CB /* Localizable.strings in Resources */,
				C59088C11B398C220099F8CB /* InfoPlist.strings in Resources */,
			);
			runOnlyForDeploymentPostprocessing = 0;
		};
		C5FFE3D01B1857CD007D317D /* Resources */ = {
			isa = PBXResourcesBuildPhase;
			buildActionMask = 2147483647;
			files = (
				73BC697836C7BC71A9FAEE26 /* clock_transparent.png in Resources */,
				73BC617D5432B3204E578CF4 /* settings.png in Resources */,
				73BC6CC003E2DB538E6F16DE /* settings@2x.png in Resources */,
				C59088C81B398E330099F8CB /* Localizable.strings in Resources */,
				C59088BA1B398BD10099F8CB /* InfoPlist.strings in Resources */,
				C58B38621B395FB7006C7AE7 /* Main.storyboard in Resources */,
				C51F13121B32C5B2001F452F /* add.png in Resources */,
				73BC6D42F5DEFED44D50CF72 /* settings@3x.png in Resources */,
				C51F13101B32C592001F452F /* statistics@3x.png in Resources */,
				C51F130F1B32C592001F452F /* statistics@2x.png in Resources */,
				73BC68BD5C6BF2A0BA095605 /* Images.xcassets in Resources */,
				73BC6D50D0F7419C4DBD8D09 /* DateSectionHeader.xib in Resources */,
				C58B38611B395FB7006C7AE7 /* LaunchScreen.xib in Resources */,
				C51F130E1B32C592001F452F /* statistics.png in Resources */,
			);
			runOnlyForDeploymentPostprocessing = 0;
		};
		C5FFE3E91B1857CE007D317D /* Resources */ = {
			isa = PBXResourcesBuildPhase;
			buildActionMask = 2147483647;
			files = (
			);
			runOnlyForDeploymentPostprocessing = 0;
		};
/* End PBXResourcesBuildPhase section */

/* Begin PBXShellScriptBuildPhase section */
		2841EDF140D8E11107098BA8 /* Check Pods Manifest.lock */ = {
			isa = PBXShellScriptBuildPhase;
			buildActionMask = 2147483647;
			files = (
			);
			inputPaths = (
			);
			name = "Check Pods Manifest.lock";
			outputPaths = (
			);
			runOnlyForDeploymentPostprocessing = 0;
			shellPath = /bin/sh;
			shellScript = "diff \"${PODS_ROOT}/../Podfile.lock\" \"${PODS_ROOT}/Manifest.lock\" > /dev/null\nif [[ $? != 0 ]] ; then\n    cat << EOM\nerror: The sandbox is not in sync with the Podfile.lock. Run 'pod install' or update your CocoaPods installation.\nEOM\n    exit 1\nfi\n";
			showEnvVarsInLog = 0;
		};
		3FB54796D56242B98B617037 /* Copy Pods Resources */ = {
			isa = PBXShellScriptBuildPhase;
			buildActionMask = 2147483647;
			files = (
			);
			inputPaths = (
			);
			name = "Copy Pods Resources";
			outputPaths = (
			);
			runOnlyForDeploymentPostprocessing = 0;
			shellPath = /bin/sh;
			shellScript = "\"${SRCROOT}/../Pods/Target Support Files/Pods-HyperTimeLogger/Pods-HyperTimeLogger-resources.sh\"\n";
			showEnvVarsInLog = 0;
		};
		62E9DE820652FBBDC0479D59 /* Check Pods Manifest.lock */ = {
			isa = PBXShellScriptBuildPhase;
			buildActionMask = 2147483647;
			files = (
			);
			inputPaths = (
			);
			name = "Check Pods Manifest.lock";
			outputPaths = (
			);
			runOnlyForDeploymentPostprocessing = 0;
			shellPath = /bin/sh;
			shellScript = "diff \"${PODS_ROOT}/../Podfile.lock\" \"${PODS_ROOT}/Manifest.lock\" > /dev/null\nif [[ $? != 0 ]] ; then\n    cat << EOM\nerror: The sandbox is not in sync with the Podfile.lock. Run 'pod install' or update your CocoaPods installation.\nEOM\n    exit 1\nfi\n";
			showEnvVarsInLog = 0;
		};
		898CFCDF6C97D2AA28F77F9C /* Copy Pods Resources */ = {
			isa = PBXShellScriptBuildPhase;
			buildActionMask = 2147483647;
			files = (
			);
			inputPaths = (
			);
			name = "Copy Pods Resources";
			outputPaths = (
			);
			runOnlyForDeploymentPostprocessing = 0;
			shellPath = /bin/sh;
			shellScript = "\"${SRCROOT}/../Pods/Target Support Files/Pods-TodayExtension/Pods-TodayExtension-resources.sh\"\n";
			showEnvVarsInLog = 0;
		};
		C56ED4EA1B38214400221171 /* ShellScript */ = {
			isa = PBXShellScriptBuildPhase;
			buildActionMask = 2147483647;
			files = (
			);
			inputPaths = (
			);
			outputPaths = (
			);
			runOnlyForDeploymentPostprocessing = 0;
			shellPath = /bin/sh;
			shellScript = "./Dependencies/Vendor/Fabric.framework/run e83e0095e24774f93f86cd8f53b5743615ff236b ee344f57d2c4470643f18815f88b8e8f5665090f6cbe9dae15562ba9bd36fb4a";
		};
		F2F3B8981CEF6CCBB5470609 /* Embed Pods Frameworks */ = {
			isa = PBXShellScriptBuildPhase;
			buildActionMask = 2147483647;
			files = (
			);
			inputPaths = (
			);
			name = "Embed Pods Frameworks";
			outputPaths = (
			);
			runOnlyForDeploymentPostprocessing = 0;
			shellPath = /bin/sh;
			shellScript = "\"${SRCROOT}/../Pods/Target Support Files/Pods-HyperTimeLogger/Pods-HyperTimeLogger-frameworks.sh\"\n";
			showEnvVarsInLog = 0;
		};
/* End PBXShellScriptBuildPhase section */

/* Begin PBXSourcesBuildPhase section */
		C5BA1B6F1B26F890006D80BC /* Sources */ = {
			isa = PBXSourcesBuildPhase;
			buildActionMask = 2147483647;
			files = (
				73BC679BF2C1A1A36939932B /* NSDate+HTLComponents.m in Sources */,
				73BC6919D98B939D1BBDAF28 /* HTLReportDto+Helpers.m in Sources */,
				73BC63E583DA471B2D26C36E /* HTLReportDto.m in Sources */,
				73BC688E05940C6C7A19AEFE /* HTLCategoryDto.m in Sources */,
				73BC62568DE7117F7D84C604 /* HTLActionDto.m in Sources */,
				73BC6436C539FA93E8CB0BFF /* HTLCompletionDto.m in Sources */,
				73BC6BCFC083BDB023D12F96 /* HTLDateSectionDto.m in Sources */,
				73BC6BBDB05B2D670300F209 /* HTLReportExtendedDto.m in Sources */,
				73BC66FBEB3FEDA6D59A4EEB /* HTLSqliteStorageProvider.m in Sources */,
				73BC6C6045A93032F36ED35A /* HTLContentManager.m in Sources */,
				C53370781B397FC50095549E /* DTFolderMonitor.m in Sources */,
				73BC68033AF8061D639DCFC0 /* HTETodayViewController.m in Sources */,
				73BC610CA9365423EC183AE7 /* HTETodayModelController.m in Sources */,
				73BC65AB5A04FEEA2462F6AF /* HTLCompletionCollectionViewCell.m in Sources */,
				73BC69530AA65A5F73B11569 /* HTLCSVStringExportProvider.m in Sources */,
				C516A6CD1B3A8F2A0018F022 /* HTLRoundButton.m in Sources */,
				73BC60A9E3DA6728F9788F57 /* HTLSqliteStorageProvider+Deserialization.m in Sources */,
				73BC63D7E123A596DFCD6FEC /* HTLModelController.m in Sources */,
			);
			runOnlyForDeploymentPostprocessing = 0;
		};
		C5FFE3CE1B1857CD007D317D /* Sources */ = {
			isa = PBXSourcesBuildPhase;
			buildActionMask = 2147483647;
			files = (
				73BC63A745D1B957781BC3C0 /* NSDate+HTLComponents.m in Sources */,
				73BC68D75AF9520DFA1BB170 /* HTLReportDto+Helpers.m in Sources */,
				73BC663B16F6B52EE9662BF9 /* HTLReportDto.m in Sources */,
				73BC600E8C599F6D11BBD183 /* HTLCategoryDto.m in Sources */,
				73BC6B1E338548FE30A4AFAD /* HTLActionDto.m in Sources */,
				73BC6BF4CEB14B9FDFD57BAE /* HTLCompletionDto.m in Sources */,
				73BC67A4E0C0CA36BB035D6C /* HTLDateSectionDto.m in Sources */,
				73BC6A2B52E6295CE27B3C2B /* HTLReportExtendedDto.m in Sources */,
				73BC663F4406329510726033 /* HTLSqliteStorageProvider.m in Sources */,
				73BC6D0BCBFFC6D7B897C999 /* HTLContentManager.m in Sources */,
				73BC611D0DB73478A87E6CAE /* DTFolderMonitor.m in Sources */,
				73BC645506B4E067A0A25D6D /* main.m in Sources */,
				C516A6CC1B3A8F2A0018F022 /* HTLRoundButton.m in Sources */,
				73BC6E87D97E20610C0F256F /* HTLCircleButton.m in Sources */,
				73BC63F953A4F0A419C9FAB6 /* HTLBackgroundView.m in Sources */,
				73BC68D041B3B7438345B659 /* HTLNavigationBar.m in Sources */,
				73BC683F3F065135DC98F27B /* HTLAddButton.m in Sources */,
				73BC6FB04C767843085BD236 /* HTLWordCell.m in Sources */,
				73BC6ACF153F24B101D5596E /* HTLCategoryCell.m in Sources */,
				73BC6A40B1C27D0F21D567DE /* HTLReportExtendedCell.m in Sources */,
				73BC68952D802890D47F3381 /* HTLCompletionTableViewCell.m in Sources */,
				73BC6D96930A9DDA7825C490 /* HTLCompletionCollectionViewCell.m in Sources */,
				73BC63E32C89489EBDFD05E0 /* HTLDateSectionHeader.m in Sources */,
				73BC69E4F116C55691C0B6DF /* HTLCSVStringExportProvider.m in Sources */,
				73BC686682E53ABD3DCB152B /* HTLAppDelegate.m in Sources */,
				73BC673ED541609F1B93818F /* HTLSqliteStorageProvider+Deserialization.m in Sources */,
				73BC63786959F7D83E3E87CF /* HTLSettingsViewController.m in Sources */,
				73BC6A38F00033FFAF9A4769 /* HTLSettingsModelController.m in Sources */,
				73BC63D51F415B3D2950F6A6 /* HTLStatisticsViewController.m in Sources */,
				73BC6E8F223111B6EB5A243E /* HTLReportListViewController.m in Sources */,
				73BC68546859BB9B9464FFD0 /* HTLReportListModelController.m in Sources */,
				73BC6C75E24784AC052671E5 /* HTLEditReportViewController.m in Sources */,
				73BC6FAB452C5DBF4EC4D193 /* HTLEditReportModelController.m in Sources */,
				73BC6B5E48C8D2C5D91C39EB /* HTLStatisticsModelController.m in Sources */,
				73BC6AC1C3C34AB23E8A3D42 /* HTLModelController.m in Sources */,
				73BC6BB80E74AD1C414F0C8D /* HTLPieChartCell.m in Sources */,
				73BC6E4DED1BEDC0CE46C60D /* HTLStatisticsItemCell.m in Sources */,
				73BC65608065C1CBF9F089C0 /* HTLStatisticsItemDto.m in Sources */,
				73BC6ACDC82E718A89E6C930 /* HTLSettingsModelController+TestData.m in Sources */,
			);
			runOnlyForDeploymentPostprocessing = 0;
		};
		C5FFE3E71B1857CE007D317D /* Sources */ = {
			isa = PBXSourcesBuildPhase;
			buildActionMask = 2147483647;
			files = (
				C5FFE3F21B1857CE007D317D /* HyperTimeLoggerTests.m in Sources */,
				73BC62DBB0557CEF66331263 /* HTLReportDto+Helpers.m in Sources */,
				73BC6A05148AF26290542AC6 /* HTLReportDto.m in Sources */,
				73BC6AEDC24B3643325E6F75 /* HTLCategoryDto.m in Sources */,
				73BC6E37E01E454ABCF88F75 /* HTLActionDto.m in Sources */,
				73BC6C3879C2267F06376B2E /* HTLDateSectionDto.m in Sources */,
				73BC65EBF2E0EFBE18CE5FAA /* HTLReportExtendedDto.m in Sources */,
				73BC619C76D5356050DEACF4 /* HTLCircleButton.m in Sources */,
				73BC6B9FDBFB2EE8267221A9 /* HTLModelController.m in Sources */,
			);
			runOnlyForDeploymentPostprocessing = 0;
		};
/* End PBXSourcesBuildPhase section */

/* Begin PBXTargetDependency section */
		C5BA1B7F1B26F890006D80BC /* PBXTargetDependency */ = {
			isa = PBXTargetDependency;
			target = C5BA1B721B26F890006D80BC /* TodayExtension */;
			targetProxy = C5BA1B7E1B26F890006D80BC /* PBXContainerItemProxy */;
		};
		C5FFE3ED1B1857CE007D317D /* PBXTargetDependency */ = {
			isa = PBXTargetDependency;
			target = C5FFE3D11B1857CD007D317D /* HyperTimeLogger */;
			targetProxy = C5FFE3EC1B1857CE007D317D /* PBXContainerItemProxy */;
		};
/* End PBXTargetDependency section */

/* Begin PBXVariantGroup section */
		C533706F1B397E520095549E /* MainInterface.storyboard */ = {
			isa = PBXVariantGroup;
			children = (
				C53370701B397E520095549E /* Base */,
				C53370721B397E5C0095549E /* en */,
				C53370731B397E5F0095549E /* ru */,
			);
			name = MainInterface.storyboard;
			sourceTree = "<group>";
		};
		C58B385D1B395FB7006C7AE7 /* LaunchScreen.xib */ = {
			isa = PBXVariantGroup;
			children = (
				C58B385E1B395FB7006C7AE7 /* Base */,
				C58B38681B396076006C7AE7 /* en */,
				C58B386A1B396078006C7AE7 /* ru */,
			);
			name = LaunchScreen.xib;
			sourceTree = "<group>";
		};
		C58B385F1B395FB7006C7AE7 /* Main.storyboard */ = {
			isa = PBXVariantGroup;
			children = (
				C58B38601B395FB7006C7AE7 /* Base */,
				C58B38641B395FDB006C7AE7 /* en */,
				C58B38661B395FE0006C7AE7 /* ru */,
			);
			name = Main.storyboard;
			sourceTree = "<group>";
		};
		C59088BC1B398BD10099F8CB /* InfoPlist.strings */ = {
			isa = PBXVariantGroup;
			children = (
				C59088BB1B398BD10099F8CB /* Base */,
				C59088BD1B398BD30099F8CB /* en */,
				C59088BE1B398BD40099F8CB /* ru */,
			);
			name = InfoPlist.strings;
			sourceTree = "<group>";
		};
		C59088C31B398C220099F8CB /* InfoPlist.strings */ = {
			isa = PBXVariantGroup;
			children = (
				C59088C21B398C220099F8CB /* Base */,
				C59088C41B398C230099F8CB /* en */,
				C59088C51B398C240099F8CB /* ru */,
			);
			name = InfoPlist.strings;
			sourceTree = "<group>";
		};
		C59088CA1B398E330099F8CB /* Localizable.strings */ = {
			isa = PBXVariantGroup;
			children = (
				C59088C91B398E330099F8CB /* Base */,
				C59088CB1B398E340099F8CB /* en */,
				C59088CC1B398E350099F8CB /* ru */,
			);
			name = Localizable.strings;
			path = ../HyperTimeLogger;
			sourceTree = "<group>";
		};
/* End PBXVariantGroup section */

/* Begin XCBuildConfiguration section */
		C5BA1B811B26F890006D80BC /* Debug */ = {
			isa = XCBuildConfiguration;
			baseConfigurationReference = 617AE9E650925A0499F5E44C /* Pods-TodayExtension.debug.xcconfig */;
			buildSettings = {
				CODE_SIGN_ENTITLEMENTS = TodayExtension/TodayExtension.entitlements;
				CODE_SIGN_IDENTITY = "iPhone Developer";
				"CODE_SIGN_IDENTITY[sdk=iphoneos*]" = "iPhone Developer";
				FRAMEWORK_SEARCH_PATHS = (
					"$(inherited)",
					"$(PROJECT_DIR)/Dependencies/Vendor",
				);
				GCC_PRECOMPILE_PREFIX_HEADER = YES;
				GCC_PREFIX_HEADER = HyperTimeLogger/PrefixHeader.pch;
				GCC_PREPROCESSOR_DEFINITIONS = (
					"DEBUG=1",
					"$(inherited)",
				);
				INFOPLIST_FILE = TodayExtension/Info.plist;
				LD_RUNPATH_SEARCH_PATHS = "$(inherited) @executable_path/Frameworks @executable_path/../../Frameworks";
				PRODUCT_NAME = "$(TARGET_NAME)";
				PROVISIONING_PROFILE = "";
				SKIP_INSTALL = YES;
			};
			name = Debug;
		};
		C5BA1B821B26F890006D80BC /* Release */ = {
			isa = XCBuildConfiguration;
			baseConfigurationReference = 5D95DDDBEB7C458B73BB7321 /* Pods-TodayExtension.release.xcconfig */;
			buildSettings = {
				CODE_SIGN_ENTITLEMENTS = TodayExtension/TodayExtension.entitlements;
				CODE_SIGN_IDENTITY = "iPhone Developer";
				"CODE_SIGN_IDENTITY[sdk=iphoneos*]" = "iPhone Developer";
				FRAMEWORK_SEARCH_PATHS = (
					"$(inherited)",
					"$(PROJECT_DIR)/Dependencies/Vendor",
				);
				GCC_PRECOMPILE_PREFIX_HEADER = YES;
				GCC_PREFIX_HEADER = HyperTimeLogger/PrefixHeader.pch;
				INFOPLIST_FILE = TodayExtension/Info.plist;
				LD_RUNPATH_SEARCH_PATHS = "$(inherited) @executable_path/Frameworks @executable_path/../../Frameworks";
				PRODUCT_NAME = "$(TARGET_NAME)";
				PROVISIONING_PROFILE = "";
				SKIP_INSTALL = YES;
			};
			name = Release;
		};
		C5FFE3F31B1857CE007D317D /* Debug */ = {
			isa = XCBuildConfiguration;
			buildSettings = {
				ALWAYS_SEARCH_USER_PATHS = NO;
				CLANG_CXX_LANGUAGE_STANDARD = "gnu++0x";
				CLANG_CXX_LIBRARY = "libc++";
				CLANG_ENABLE_MODULES = YES;
				CLANG_ENABLE_OBJC_ARC = YES;
				CLANG_WARN_BOOL_CONVERSION = YES;
				CLANG_WARN_CONSTANT_CONVERSION = YES;
				CLANG_WARN_DIRECT_OBJC_ISA_USAGE = YES_ERROR;
				CLANG_WARN_EMPTY_BODY = YES;
				CLANG_WARN_ENUM_CONVERSION = YES;
				CLANG_WARN_INT_CONVERSION = YES;
				CLANG_WARN_OBJC_ROOT_CLASS = YES_ERROR;
				CLANG_WARN_UNREACHABLE_CODE = YES;
				CLANG_WARN__DUPLICATE_METHOD_MATCH = YES;
				"CODE_SIGN_IDENTITY[sdk=iphoneos*]" = "iPhone Developer";
				COPY_PHASE_STRIP = NO;
				DEBUG_INFORMATION_FORMAT = "dwarf-with-dsym";
				ENABLE_STRICT_OBJC_MSGSEND = YES;
				GCC_C_LANGUAGE_STANDARD = gnu99;
				GCC_DYNAMIC_NO_PIC = NO;
				GCC_NO_COMMON_BLOCKS = YES;
				GCC_OPTIMIZATION_LEVEL = 0;
				GCC_PREPROCESSOR_DEFINITIONS = (
					"DEBUG=1",
					"$(inherited)",
				);
				GCC_SYMBOLS_PRIVATE_EXTERN = NO;
				GCC_WARN_64_TO_32_BIT_CONVERSION = YES;
				GCC_WARN_ABOUT_RETURN_TYPE = YES_ERROR;
				GCC_WARN_UNDECLARED_SELECTOR = YES;
				GCC_WARN_UNINITIALIZED_AUTOS = YES_AGGRESSIVE;
				GCC_WARN_UNUSED_FUNCTION = YES;
				GCC_WARN_UNUSED_VARIABLE = YES;
				IPHONEOS_DEPLOYMENT_TARGET = 8.3;
				MTL_ENABLE_DEBUG_INFO = YES;
				ONLY_ACTIVE_ARCH = YES;
				SDKROOT = iphoneos;
				TARGETED_DEVICE_FAMILY = "1,2";
			};
			name = Debug;
		};
		C5FFE3F41B1857CE007D317D /* Release */ = {
			isa = XCBuildConfiguration;
			buildSettings = {
				ALWAYS_SEARCH_USER_PATHS = NO;
				CLANG_CXX_LANGUAGE_STANDARD = "gnu++0x";
				CLANG_CXX_LIBRARY = "libc++";
				CLANG_ENABLE_MODULES = YES;
				CLANG_ENABLE_OBJC_ARC = YES;
				CLANG_WARN_BOOL_CONVERSION = YES;
				CLANG_WARN_CONSTANT_CONVERSION = YES;
				CLANG_WARN_DIRECT_OBJC_ISA_USAGE = YES_ERROR;
				CLANG_WARN_EMPTY_BODY = YES;
				CLANG_WARN_ENUM_CONVERSION = YES;
				CLANG_WARN_INT_CONVERSION = YES;
				CLANG_WARN_OBJC_ROOT_CLASS = YES_ERROR;
				CLANG_WARN_UNREACHABLE_CODE = YES;
				CLANG_WARN__DUPLICATE_METHOD_MATCH = YES;
				"CODE_SIGN_IDENTITY[sdk=iphoneos*]" = "iPhone Developer";
				COPY_PHASE_STRIP = NO;
				DEBUG_INFORMATION_FORMAT = "dwarf-with-dsym";
				ENABLE_NS_ASSERTIONS = NO;
				ENABLE_STRICT_OBJC_MSGSEND = YES;
				GCC_C_LANGUAGE_STANDARD = gnu99;
				GCC_NO_COMMON_BLOCKS = YES;
				GCC_WARN_64_TO_32_BIT_CONVERSION = YES;
				GCC_WARN_ABOUT_RETURN_TYPE = YES_ERROR;
				GCC_WARN_UNDECLARED_SELECTOR = YES;
				GCC_WARN_UNINITIALIZED_AUTOS = YES_AGGRESSIVE;
				GCC_WARN_UNUSED_FUNCTION = YES;
				GCC_WARN_UNUSED_VARIABLE = YES;
				IPHONEOS_DEPLOYMENT_TARGET = 8.3;
				MTL_ENABLE_DEBUG_INFO = NO;
				SDKROOT = iphoneos;
				TARGETED_DEVICE_FAMILY = "1,2";
				VALIDATE_PRODUCT = YES;
			};
			name = Release;
		};
		C5FFE3F61B1857CE007D317D /* Debug */ = {
			isa = XCBuildConfiguration;
			baseConfigurationReference = 5F5BA0F90CC2D946CDD3327B /* Pods-HyperTimeLogger.debug.xcconfig */;
			buildSettings = {
				ASSETCATALOG_COMPILER_APPICON_NAME = AppIcon;
				CODE_SIGN_ENTITLEMENTS = HyperTimeLogger/HyperTimeLogger.entitlements;
				CODE_SIGN_IDENTITY = "iPhone Developer";
				"CODE_SIGN_IDENTITY[sdk=iphoneos*]" = "iPhone Developer";
				FRAMEWORK_SEARCH_PATHS = (
					"$(inherited)",
					"$(PROJECT_DIR)/Dependencies/Vendor",
				);
				GCC_PRECOMPILE_PREFIX_HEADER = YES;
				GCC_PREFIX_HEADER = HyperTimeLogger/PrefixHeader.pch;
				INFOPLIST_FILE = HyperTimeLogger/Info.plist;
				LD_RUNPATH_SEARCH_PATHS = "$(inherited) @executable_path/Frameworks";
				PRODUCT_NAME = "$(TARGET_NAME)";
				PROVISIONING_PROFILE = "";
				USER_HEADER_SEARCH_PATHS = "\"${PROJECT_DIR}/../Pods\"/**";
			};
			name = Debug;
		};
		C5FFE3F71B1857CE007D317D /* Release */ = {
			isa = XCBuildConfiguration;
			baseConfigurationReference = C080C216BEBCCD26E4BC3451 /* Pods-HyperTimeLogger.release.xcconfig */;
			buildSettings = {
				ASSETCATALOG_COMPILER_APPICON_NAME = AppIcon;
				CODE_SIGN_ENTITLEMENTS = HyperTimeLogger/HyperTimeLogger.entitlements;
				CODE_SIGN_IDENTITY = "iPhone Developer";
				"CODE_SIGN_IDENTITY[sdk=iphoneos*]" = "iPhone Developer";
				FRAMEWORK_SEARCH_PATHS = (
					"$(inherited)",
					"$(PROJECT_DIR)/Dependencies/Vendor",
				);
				GCC_PRECOMPILE_PREFIX_HEADER = YES;
				GCC_PREFIX_HEADER = HyperTimeLogger/PrefixHeader.pch;
				INFOPLIST_FILE = HyperTimeLogger/Info.plist;
				LD_RUNPATH_SEARCH_PATHS = "$(inherited) @executable_path/Frameworks";
				PRODUCT_NAME = "$(TARGET_NAME)";
				PROVISIONING_PROFILE = "";
				USER_HEADER_SEARCH_PATHS = "\"${PROJECT_DIR}/../Pods\"/**";
			};
			name = Release;
		};
		C5FFE3F91B1857CE007D317D /* Debug */ = {
			isa = XCBuildConfiguration;
			buildSettings = {
				BUNDLE_LOADER = "$(TEST_HOST)";
				FRAMEWORK_SEARCH_PATHS = (
					"$(SDKROOT)/Developer/Library/Frameworks",
					"$(inherited)",
					"$(PROJECT_DIR)/Dependencies/Vendor",
				);
				GCC_PREPROCESSOR_DEFINITIONS = (
					"DEBUG=1",
					"$(inherited)",
				);
				INFOPLIST_FILE = HyperTimeLoggerTests/Info.plist;
				LD_RUNPATH_SEARCH_PATHS = "$(inherited) @executable_path/Frameworks @loader_path/Frameworks";
				PRODUCT_NAME = "$(TARGET_NAME)";
				TEST_HOST = "$(BUILT_PRODUCTS_DIR)/HyperTimeLogger.app/HyperTimeLogger";
			};
			name = Debug;
		};
		C5FFE3FA1B1857CE007D317D /* Release */ = {
			isa = XCBuildConfiguration;
			buildSettings = {
				BUNDLE_LOADER = "$(TEST_HOST)";
				FRAMEWORK_SEARCH_PATHS = (
					"$(SDKROOT)/Developer/Library/Frameworks",
					"$(inherited)",
					"$(PROJECT_DIR)/Dependencies/Vendor",
				);
				INFOPLIST_FILE = HyperTimeLoggerTests/Info.plist;
				LD_RUNPATH_SEARCH_PATHS = "$(inherited) @executable_path/Frameworks @loader_path/Frameworks";
				PRODUCT_NAME = "$(TARGET_NAME)";
				TEST_HOST = "$(BUILT_PRODUCTS_DIR)/HyperTimeLogger.app/HyperTimeLogger";
			};
			name = Release;
		};
/* End XCBuildConfiguration section */

/* Begin XCConfigurationList section */
		C5BA1B831B26F890006D80BC /* Build configuration list for PBXNativeTarget "TodayExtension" */ = {
			isa = XCConfigurationList;
			buildConfigurations = (
				C5BA1B811B26F890006D80BC /* Debug */,
				C5BA1B821B26F890006D80BC /* Release */,
			);
			defaultConfigurationIsVisible = 0;
			defaultConfigurationName = Release;
		};
		C5FFE3CD1B1857CD007D317D /* Build configuration list for PBXProject "HyperTimeLogger" */ = {
			isa = XCConfigurationList;
			buildConfigurations = (
				C5FFE3F31B1857CE007D317D /* Debug */,
				C5FFE3F41B1857CE007D317D /* Release */,
			);
			defaultConfigurationIsVisible = 0;
			defaultConfigurationName = Release;
		};
		C5FFE3F51B1857CE007D317D /* Build configuration list for PBXNativeTarget "HyperTimeLogger" */ = {
			isa = XCConfigurationList;
			buildConfigurations = (
				C5FFE3F61B1857CE007D317D /* Debug */,
				C5FFE3F71B1857CE007D317D /* Release */,
			);
			defaultConfigurationIsVisible = 0;
			defaultConfigurationName = Release;
		};
		C5FFE3F81B1857CE007D317D /* Build configuration list for PBXNativeTarget "HyperTimeLoggerTests" */ = {
			isa = XCConfigurationList;
			buildConfigurations = (
				C5FFE3F91B1857CE007D317D /* Debug */,
				C5FFE3FA1B1857CE007D317D /* Release */,
			);
			defaultConfigurationIsVisible = 0;
			defaultConfigurationName = Release;
		};
/* End XCConfigurationList section */
	};
	rootObject = C5FFE3CA1B1857CD007D317D /* Project object */;
}
