<?xml version="1.0" encoding="UTF-8"?>
<Scheme
   version = "1.3">
   <BuildAction>
      <BuildActionEntries>
         <BuildActionEntry
            buildForRunning = "YES">
            <BuildableReference
               BuildableIdentifier = "primary"
               BlueprintIdentifier = "C516A7191B3AD2590018F022"
               BuildableName = "HyperTimeLogger Alpha.app"
               BlueprintName = "HyperTimeLogger Alpha"
               ReferencedContainer = "container:HyperTimeLogger.xcodeproj">
            </BuildableReference>
         </BuildActionEntry>
      </BuildActionEntries>
   </BuildAction>
   <LaunchAction
      useCustomWorkingDirectory = "NO"
      buildConfiguration = "Debug">
      <BuildableProductRunnable>
         <BuildableReference
            BuildableIdentifier = "primary"
            BlueprintIdentifier = "C516A7191B3AD2590018F022"
            BuildableName = "HyperTimeLogger Alpha.app"
            BlueprintName = "HyperTimeLogger Alpha"
            ReferencedContainer = "container:HyperTimeLogger.xcodeproj">
         </BuildableReference>
      </BuildableProductRunnable>
   </LaunchAction>
</Scheme>
