<?xml version="1.0" encoding="UTF-8"?>
<Scheme
   version = "1.3">
   <BuildAction>
      <BuildActionEntries>
         <BuildActionEntry
            buildForRunning = "YES">
            <BuildableReference
               BuildableIdentifier = "primary"
               BlueprintIdentifier = "C596899E1B3C16270038018D"
               BuildableName = "TodayExtension Alpha.appex"
               BlueprintName = "TodayExtension Alpha"
               ReferencedContainer = "container:HyperTimeLogger.xcodeproj">
            </BuildableReference>
         </BuildActionEntry>
      </BuildActionEntries>
   </BuildAction>
   <LaunchAction
      useCustomWorkingDirectory = "NO"
      buildConfiguration = "Debug">
      <PathRunnable
         FilePath = "/Users/maximpervushin/Library/Developer/Xcode/DerivedData/HyperTimeLogger-bsfpgoehwxaozodzvihiufsbnmyz/Build/Products/TodayExtension Alpha">
      </PathRunnable>
   </LaunchAction>
</Scheme>
